{
    "version": 3,
    "terraform_version": "0.11.7",
    "serial": 1,
    "lineage": "9f14f326-d478-aeb9-aeec-468f8df8bc3e",
    "modules": [
        {
            "path": [
                "root"
            ],
            "outputs": {
                "database_subnets": {
                    "sensitive": false,
                    "type": "list",
                    "value": [
                        "subnet-43e64825",
                        "subnet-0e209c46"
                    ]
                },
                "elasticache_subnets": {
                    "sensitive": false,
                    "type": "list",
                    "value": [
                        "subnet-22e04e44",
                        "subnet-fc2b97b4"
                    ]
                },
                "nat_public_ips": {
                    "sensitive": false,
                    "type": "list",
                    "value": [
                        "52.213.61.47",
                        "34.246.145.143"
                    ]
                },
                "private_subnets": {
                    "sensitive": false,
                    "type": "list",
                    "value": [
                        "subnet-33ec4255",
                        "subnet-71289439"
                    ]
                },
                "public_subnets": {
                    "sensitive": false,
                    "type": "list",
                    "value": [
                        "subnet-70ef4116",
                        "subnet-642a962c"
                    ]
                },
                "redshift_subnets": {
                    "sensitive": false,
                    "type": "list",
                    "value": [
                        "subnet-71ef4117",
                        "subnet-0c1fa344"
                    ]
                },
                "vpc_id": {
                    "sensitive": false,
                    "type": "string",
                    "value": "vpc-972d40f1"
                }
            },
            "resources": {
                "aws_eip.this": {
                    "type": "aws_eip",
                    "depends_on": [
                        "module.ec2"
                    ],
                    "primary": {
                        "id": "eipalloc-a7c9b89a",
                        "attributes": {
                            "association_id": "eipassoc-cbfd0711",
                            "domain": "vpc",
                            "id": "eipalloc-a7c9b89a",
                            "instance": "i-0770137b72cceba6a",
                            "network_interface": "eni-b42f6bb0",
                            "private_ip": "172.31.41.195",
                            "public_ip": "34.242.80.254",
                            "tags.%": "0",
                            "vpc": "true"
                        },
                        "meta": {
                            "e2bfb730-ecaa-11e6-8f88-34363bc7c4c0": {
                                "delete": 180000000000,
                                "read": 900000000000,
                                "update": 300000000000
                            }
                        },
                        "tainted": false
                    },
                    "deposed": [],
                    "provider": "provider.aws"
                },
                "data.aws_ami.amazon_linux": {
                    "type": "aws_ami",
                    "depends_on": [],
                    "primary": {
                        "id": "ami-9cbe9be5",
                        "attributes": {
                            "architecture": "x86_64",
                            "block_device_mappings.#": "1",
                            "block_device_mappings.340275815.device_name": "/dev/xvda",
                            "block_device_mappings.340275815.ebs.%": "6",
                            "block_device_mappings.340275815.ebs.delete_on_termination": "true",
                            "block_device_mappings.340275815.ebs.encrypted": "false",
                            "block_device_mappings.340275815.ebs.iops": "0",
                            "block_device_mappings.340275815.ebs.snapshot_id": "snap-03cb10efc0e42879e",
                            "block_device_mappings.340275815.ebs.volume_size": "8",
                            "block_device_mappings.340275815.ebs.volume_type": "gp2",
                            "block_device_mappings.340275815.no_device": "",
                            "block_device_mappings.340275815.virtual_name": "",
                            "creation_date": "2018-04-13T00:25:53.000Z",
                            "description": "Amazon Linux AMI 2018.03.0.20180412 x86_64 HVM GP2",
                            "filter.#": "2",
                            "filter.3169420402.name": "name",
                            "filter.3169420402.values.#": "1",
                            "filter.3169420402.values.0": "amzn-ami-hvm-*-x86_64-gp2",
                            "filter.574890044.name": "owner-alias",
                            "filter.574890044.values.#": "1",
                            "filter.574890044.values.0": "amazon",
                            "hypervisor": "xen",
                            "id": "ami-9cbe9be5",
                            "image_id": "ami-9cbe9be5",
                            "image_location": "amazon/amzn-ami-hvm-2018.03.0.20180412-x86_64-gp2",
                            "image_owner_alias": "amazon",
                            "image_type": "machine",
                            "most_recent": "true",
                            "name": "amzn-ami-hvm-2018.03.0.20180412-x86_64-gp2",
                            "owner_id": "137112412989",
                            "product_codes.#": "0",
                            "public": "true",
                            "root_device_name": "/dev/xvda",
                            "root_device_type": "ebs",
                            "root_snapshot_id": "snap-03cb10efc0e42879e",
                            "sriov_net_support": "simple",
                            "state": "available",
                            "state_reason.%": "2",
                            "state_reason.code": "UNSET",
                            "state_reason.message": "UNSET",
                            "tags.%": "0",
                            "virtualization_type": "hvm"
                        },
                        "meta": {},
                        "tainted": false
                    },
                    "deposed": [],
                    "provider": "provider.aws"
                },
                "data.aws_subnet_ids.all": {
                    "type": "aws_subnet_ids",
                    "depends_on": [
                        "data.aws_vpc.default"
                    ],
                    "primary": {
                        "id": "vpc-8644bee0",
                        "attributes": {
                            "id": "vpc-8644bee0",
                            "ids.#": "3",
                            "ids.1243398753": "subnet-b7e50dff",
                            "ids.3760144647": "subnet-c710f5a1",
                            "ids.611923179": "subnet-22597879",
                            "vpc_id": "vpc-8644bee0"
                        },
                        "meta": {},
                        "tainted": false
                    },
                    "deposed": [],
                    "provider": "provider.aws"
                },
                "data.aws_vpc.default": {
                    "type": "aws_vpc",
                    "depends_on": [],
                    "primary": {
                        "id": "vpc-8644bee0",
                        "attributes": {
                            "cidr_block": "172.31.0.0/16",
                            "default": "true",
                            "dhcp_options_id": "dopt-d05674b7",
                            "enable_dns_hostnames": "true",
                            "enable_dns_support": "true",
                            "id": "vpc-8644bee0",
                            "instance_tenancy": "default",
                            "state": "available",
                            "tags.%": "0"
                        },
                        "meta": {},
                        "tainted": false
                    },
                    "deposed": [],
                    "provider": "provider.aws"
                }
            },
            "depends_on": []
        },
        {
            "path": [
                "root",
                "ec2"
            ],
            "outputs": {
                "availability_zone": {
                    "sensitive": false,
                    "type": "list",
                    "value": [
                        "eu-west-1c"
                    ]
                },
                "id": {
                    "sensitive": false,
                    "type": "list",
                    "value": [
                        "i-0770137b72cceba6a"
                    ]
                },
                "key_name": {
                    "sensitive": false,
                    "type": "list",
                    "value": [
                        ""
                    ]
                },
                "network_interface_id": {
                    "sensitive": false,
                    "type": "list",
                    "value": [
                        "eni-b42f6bb0"
                    ]
                },
                "primary_network_interface_id": {
                    "sensitive": false,
                    "type": "list",
                    "value": [
                        "eni-b42f6bb0"
                    ]
                },
                "private_dns": {
                    "sensitive": false,
                    "type": "list",
                    "value": [
                        "ip-172-31-41-195.eu-west-1.compute.internal"
                    ]
                },
                "private_ip": {
                    "sensitive": false,
                    "type": "list",
                    "value": [
                        "172.31.41.195"
                    ]
                },
                "public_dns": {
                    "sensitive": false,
                    "type": "list",
                    "value": [
                        "ec2-52-17-165-119.eu-west-1.compute.amazonaws.com"
                    ]
                },
                "public_ip": {
                    "sensitive": false,
                    "type": "list",
                    "value": [
                        "52.17.165.119"
                    ]
                },
                "security_groups": {
                    "sensitive": false,
                    "type": "list",
                    "value": [
                        [
                            "user-service"
                        ]
                    ]
                },
                "subnet_id": {
                    "sensitive": false,
                    "type": "list",
                    "value": [
                        "subnet-22597879"
                    ]
                },
                "tags": {
                    "sensitive": false,
                    "type": "list",
                    "value": [
                        {
                            "Environment": "staging",
                            "Name": "example",
                            "Owner": "user"
                        }
                    ]
                },
                "vpc_security_group_ids": {
                    "sensitive": false,
                    "type": "list",
                    "value": [
                        [
                            "sg-84ae0cf9"
                        ]
                    ]
                }
            },
            "resources": {
                "aws_instance.this": {
                    "type": "aws_instance",
                    "depends_on": [],
                    "primary": {
                        "id": "i-0770137b72cceba6a",
                        "attributes": {
                            "ami": "ami-9cbe9be5",
                            "associate_public_ip_address": "true",
                            "availability_zone": "eu-west-1c",
                            "credit_specification.#": "1",
                            "credit_specification.0.cpu_credits": "standard",
                            "disable_api_termination": "false",
                            "ebs_block_device.#": "0",
                            "ebs_optimized": "false",
                            "ephemeral_block_device.#": "0",
                            "get_password_data": "false",
                            "iam_instance_profile": "",
                            "id": "i-0770137b72cceba6a",
                            "instance_state": "running",
                            "instance_type": "t2.micro",
                            "ipv6_address_count": "0",
                            "ipv6_addresses.#": "0",
                            "key_name": "",
                            "monitoring": "false",
                            "network_interface.#": "0",
                            "network_interface_id": "eni-b42f6bb0",
                            "password_data": "",
                            "placement_group": "",
                            "primary_network_interface_id": "eni-b42f6bb0",
                            "private_dns": "ip-172-31-41-195.eu-west-1.compute.internal",
                            "private_ip": "172.31.41.195",
                            "public_dns": "ec2-52-17-165-119.eu-west-1.compute.amazonaws.com",
                            "public_ip": "52.17.165.119",
                            "root_block_device.#": "1",
                            "root_block_device.0.delete_on_termination": "true",
                            "root_block_device.0.iops": "100",
                            "root_block_device.0.volume_id": "vol-06070ece7b3d5a9e8",
                            "root_block_device.0.volume_size": "8",
                            "root_block_device.0.volume_type": "gp2",
                            "security_groups.#": "1",
                            "security_groups.1474630197": "user-service",
                            "source_dest_check": "true",
                            "subnet_id": "subnet-22597879",
                            "tags.%": "3",
                            "tags.Environment": "staging",
                            "tags.Name": "example",
                            "tags.Owner": "user",
                            "tenancy": "default",
                            "user_data": "da39a3ee5e6b4b0d3255bfef95601890afd80709",
                            "volume_tags.%": "0",
                            "vpc_security_group_ids.#": "1",
                            "vpc_security_group_ids.44358489": "sg-84ae0cf9"
                        },
                        "meta": {
                            "e2bfb730-ecaa-11e6-8f88-34363bc7c4c0": {
                                "create": 600000000000,
                                "delete": 1200000000000,
                                "update": 600000000000
                            },
                            "schema_version": "1"
                        },
                        "tainted": false
                    },
                    "deposed": [],
                    "provider": "provider.aws"
                }
            },
            "depends_on": []
        },
        {
            "path": [
                "root",
                "security_group"
            ],
            "outputs": {
                "this_security_group_description": {
                    "sensitive": false,
                    "type": "string",
                    "value": "Security group for user-service with custom ports open within VPC, and PostgreSQL publicly open"
                },
                "this_security_group_id": {
                    "sensitive": false,
                    "type": "string",
                    "value": "sg-84ae0cf9"
                },
                "this_security_group_name": {
                    "sensitive": false,
                    "type": "string",
                    "value": "user-service"
                },
                "this_security_group_owner_id": {
                    "sensitive": false,
                    "type": "string",
                    "value": "919783428286"
                },
                "this_security_group_vpc_id": {
                    "sensitive": false,
                    "type": "string",
                    "value": "vpc-8644bee0"
                }
            },
            "resources": {
                "aws_security_group.this": {
                    "type": "aws_security_group",
                    "depends_on": [],
                    "primary": {
                        "id": "sg-84ae0cf9",
                        "attributes": {
                            "arn": "arn:aws:ec2:eu-west-1:919783428286:security-group/sg-84ae0cf9",
                            "description": "Security group for user-service with custom ports open within VPC, and PostgreSQL publicly open",
                            "egress.#": "0",
                            "id": "sg-84ae0cf9",
                            "ingress.#": "0",
                            "name": "user-service",
                            "owner_id": "919783428286",
                            "revoke_rules_on_delete": "false",
                            "tags.%": "1",
                            "tags.Name": "user-service",
                            "vpc_id": "vpc-8644bee0"
                        },
                        "meta": {
                            "e2bfb730-ecaa-11e6-8f88-34363bc7c4c0": {
                                "create": 600000000000,
                                "delete": 600000000000
                            },
                            "schema_version": "1"
                        },
                        "tainted": false
                    },
                    "deposed": [],
                    "provider": "provider.aws"
                },
                "aws_security_group_rule.ingress_rules": {
                    "type": "aws_security_group_rule",
                    "depends_on": [
                        "aws_security_group.this"
                    ],
                    "primary": {
                        "id": "sgrule-1481800436",
                        "attributes": {
                            "cidr_blocks.#": "1",
                            "cidr_blocks.0": "10.10.0.0/16",
                            "description": "HTTPS",
                            "from_port": "443",
                            "id": "sgrule-1481800436",
                            "protocol": "tcp",
                            "security_group_id": "sg-84ae0cf9",
                            "self": "false",
                            "to_port": "443",
                            "type": "ingress"
                        },
                        "meta": {
                            "schema_version": "2"
                        },
                        "tainted": false
                    },
                    "deposed": [],
                    "provider": "provider.aws"
                },
                "aws_security_group_rule.ingress_with_cidr_blocks.0": {
                    "type": "aws_security_group_rule",
                    "depends_on": [
                        "aws_security_group.this"
                    ],
                    "primary": {
                        "id": "sgrule-4115931596",
                        "attributes": {
                            "cidr_blocks.#": "1",
                            "cidr_blocks.0": "10.10.0.0/16",
                            "description": "User-service ports",
                            "from_port": "8080",
                            "id": "sgrule-4115931596",
                            "protocol": "tcp",
                            "security_group_id": "sg-84ae0cf9",
                            "self": "false",
                            "to_port": "8090",
                            "type": "ingress"
                        },
                        "meta": {
                            "schema_version": "2"
                        },
                        "tainted": false
                    },
                    "deposed": [],
                    "provider": "provider.aws"
                },
                "aws_security_group_rule.ingress_with_cidr_blocks.1": {
                    "type": "aws_security_group_rule",
                    "depends_on": [
                        "aws_security_group.this"
                    ],
                    "primary": {
                        "id": "sgrule-4222871267",
                        "attributes": {
                            "cidr_blocks.#": "1",
                            "cidr_blocks.0": "0.0.0.0/0",
                            "description": "Ingress Rule",
                            "from_port": "5432",
                            "id": "sgrule-4222871267",
                            "protocol": "tcp",
                            "security_group_id": "sg-84ae0cf9",
                            "self": "false",
                            "to_port": "5432",
                            "type": "ingress"
                        },
                        "meta": {
                            "schema_version": "2"
                        },
                        "tainted": false
                    },
                    "deposed": [],
                    "provider": "provider.aws"
                }
            },
            "depends_on": []
        },
        {
            "path": [
                "root",
                "vpc"
            ],
            "outputs": {
                "database_subnet_group": {
                    "sensitive": false,
                    "type": "string",
                    "value": ""
                },
                "database_subnets": {
                    "sensitive": false,
                    "type": "list",
                    "value": [
                        "subnet-43e64825",
                        "subnet-0e209c46"
                    ]
                },
                "database_subnets_cidr_blocks": {
                    "sensitive": false,
                    "type": "list",
                    "value": [
                        "10.10.21.0/24",
                        "10.10.22.0/24"
                    ]
                },
                "default_network_acl_id": {
                    "sensitive": false,
                    "type": "string",
                    "value": "acl-59ecf53f"
                },
                "default_route_table_id": {
                    "sensitive": false,
                    "type": "string",
                    "value": "rtb-1288096b"
                },
                "default_security_group_id": {
                    "sensitive": false,
                    "type": "string",
                    "value": "sg-38ad0f45"
                },
                "default_vpc_cidr_block": {
                    "sensitive": false,
                    "type": "string",
                    "value": ""
                },
                "default_vpc_default_network_acl_id": {
                    "sensitive": false,
                    "type": "string",
                    "value": ""
                },
                "default_vpc_default_route_table_id": {
                    "sensitive": false,
                    "type": "string",
                    "value": ""
                },
                "default_vpc_default_security_group_id": {
                    "sensitive": false,
                    "type": "string",
                    "value": ""
                },
                "default_vpc_enable_dns_hostnames": {
                    "sensitive": false,
                    "type": "string",
                    "value": ""
                },
                "default_vpc_enable_dns_support": {
                    "sensitive": false,
                    "type": "string",
                    "value": ""
                },
                "default_vpc_id": {
                    "sensitive": false,
                    "type": "string",
                    "value": ""
                },
                "default_vpc_instance_tenancy": {
                    "sensitive": false,
                    "type": "string",
                    "value": ""
                },
                "default_vpc_main_route_table_id": {
                    "sensitive": false,
                    "type": "string",
                    "value": ""
                },
                "elasticache_subnets": {
                    "sensitive": false,
                    "type": "list",
                    "value": [
                        "subnet-22e04e44",
                        "subnet-fc2b97b4"
                    ]
                },
                "elasticache_subnets_cidr_blocks": {
                    "sensitive": false,
                    "type": "list",
                    "value": [
                        "10.10.31.0/24",
                        "10.10.32.0/24"
                    ]
                },
                "igw_id": {
                    "sensitive": false,
                    "type": "string",
                    "value": "igw-fea0d299"
                },
                "nat_ids": {
                    "sensitive": false,
                    "type": "list",
                    "value": [
                        "eipalloc-70c4b54d",
                        "eipalloc-d6c5b4eb"
                    ]
                },
                "nat_public_ips": {
                    "sensitive": false,
                    "type": "list",
                    "value": [
                        "52.213.61.47",
                        "34.246.145.143"
                    ]
                },
                "natgw_ids": {
                    "sensitive": false,
                    "type": "list",
                    "value": [
                        "nat-08cc07469699ce9f6",
                        "nat-01ca8baf6e06fd795"
                    ]
                },
                "private_route_table_ids": {
                    "sensitive": false,
                    "type": "list",
                    "value": [
                        "rtb-288e0f51",
                        "rtb-6e8a0b17"
                    ]
                },
                "private_subnets": {
                    "sensitive": false,
                    "type": "list",
                    "value": [
                        "subnet-33ec4255",
                        "subnet-71289439"
                    ]
                },
                "private_subnets_cidr_blocks": {
                    "sensitive": false,
                    "type": "list",
                    "value": [
                        "10.10.1.0/24",
                        "10.10.2.0/24"
                    ]
                },
                "public_route_table_ids": {
                    "sensitive": false,
                    "type": "list",
                    "value": [
                        "rtb-f88f0e81"
                    ]
                },
                "public_subnets": {
                    "sensitive": false,
                    "type": "list",
                    "value": [
                        "subnet-70ef4116",
                        "subnet-642a962c"
                    ]
                },
                "public_subnets_cidr_blocks": {
                    "sensitive": false,
                    "type": "list",
                    "value": [
                        "10.10.11.0/24",
                        "10.10.12.0/24"
                    ]
                },
                "redshift_subnets": {
                    "sensitive": false,
                    "type": "list",
                    "value": [
                        "subnet-71ef4117",
                        "subnet-0c1fa344"
                    ]
                },
                "redshift_subnets_cidr_blocks": {
                    "sensitive": false,
                    "type": "list",
                    "value": [
                        "10.10.41.0/24",
                        "10.10.42.0/24"
                    ]
                },
                "vgw_id": {
                    "sensitive": false,
                    "type": "string",
                    "value": "vgw-c10f31b5"
                },
                "vpc_cidr_block": {
                    "sensitive": false,
                    "type": "string",
                    "value": "10.10.0.0/16"
                },
                "vpc_enable_dns_hostnames": {
                    "sensitive": false,
                    "type": "string",
                    "value": "false"
                },
                "vpc_enable_dns_support": {
                    "sensitive": false,
                    "type": "string",
                    "value": "true"
                },
                "vpc_endpoint_dynamodb_id": {
                    "sensitive": false,
                    "type": "string",
                    "value": "vpce-b53df0dc"
                },
                "vpc_endpoint_dynamodb_pl_id": {
                    "sensitive": false,
                    "type": "string",
                    "value": "pl-6fa54006"
                },
                "vpc_endpoint_s3_id": {
                    "sensitive": false,
                    "type": "string",
                    "value": "vpce-3c22ef55"
                },
                "vpc_endpoint_s3_pl_id": {
                    "sensitive": false,
                    "type": "string",
                    "value": "pl-6da54004"
                },
                "vpc_id": {
                    "sensitive": false,
                    "type": "string",
                    "value": "vpc-972d40f1"
                },
                "vpc_instance_tenancy": {
                    "sensitive": false,
                    "type": "string",
                    "value": "default"
                },
                "vpc_main_route_table_id": {
                    "sensitive": false,
                    "type": "string",
                    "value": "rtb-1288096b"
                }
            },
            "resources": {
                "aws_eip.nat.0": {
                    "type": "aws_eip",
                    "depends_on": [
                        "local.nat_gateway_count"
                    ],
                    "primary": {
                        "id": "eipalloc-70c4b54d",
                        "attributes": {
                            "association_id": "",
                            "domain": "vpc",
                            "id": "eipalloc-70c4b54d",
                            "instance": "",
                            "network_interface": "",
                            "private_ip": "",
                            "public_ip": "52.213.61.47",
                            "tags.%": "3",
                            "tags.Environment": "staging",
                            "tags.Name": "complete-example-eu-west-1a",
                            "tags.Owner": "user",
                            "vpc": "true"
                        },
                        "meta": {
                            "e2bfb730-ecaa-11e6-8f88-34363bc7c4c0": {
                                "delete": 180000000000,
                                "read": 900000000000,
                                "update": 300000000000
                            }
                        },
                        "tainted": false
                    },
                    "deposed": [],
                    "provider": "provider.aws"
                },
                "aws_eip.nat.1": {
                    "type": "aws_eip",
                    "depends_on": [
                        "local.nat_gateway_count"
                    ],
                    "primary": {
                        "id": "eipalloc-d6c5b4eb",
                        "attributes": {
                            "association_id": "",
                            "domain": "vpc",
                            "id": "eipalloc-d6c5b4eb",
                            "instance": "",
                            "network_interface": "",
                            "private_ip": "",
                            "public_ip": "34.246.145.143",
                            "tags.%": "3",
                            "tags.Environment": "staging",
                            "tags.Name": "complete-example-eu-west-1b",
                            "tags.Owner": "user",
                            "vpc": "true"
                        },
                        "meta": {
                            "e2bfb730-ecaa-11e6-8f88-34363bc7c4c0": {
                                "delete": 180000000000,
                                "read": 900000000000,
                                "update": 300000000000
                            }
                        },
                        "tainted": false
                    },
                    "deposed": [],
                    "provider": "provider.aws"
                },
                "aws_internet_gateway.this": {
                    "type": "aws_internet_gateway",
                    "depends_on": [
                        "aws_vpc.this"
                    ],
                    "primary": {
                        "id": "igw-fea0d299",
                        "attributes": {
                            "id": "igw-fea0d299",
                            "tags.%": "3",
                            "tags.Environment": "staging",
                            "tags.Name": "complete-example",
                            "tags.Owner": "user",
                            "vpc_id": "vpc-972d40f1"
                        },
                        "meta": {},
                        "tainted": false
                    },
                    "deposed": [],
                    "provider": "provider.aws"
                },
                "aws_nat_gateway.this.0": {
                    "type": "aws_nat_gateway",
                    "depends_on": [
                        "aws_internet_gateway.this",
                        "aws_subnet.public.*",
                        "local.nat_gateway_count",
                        "local.nat_gateway_ips"
                    ],
                    "primary": {
                        "id": "nat-08cc07469699ce9f6",
                        "attributes": {
                            "allocation_id": "eipalloc-70c4b54d",
                            "id": "nat-08cc07469699ce9f6",
                            "network_interface_id": "eni-8bd3d5ab",
                            "private_ip": "10.10.11.134",
                            "public_ip": "52.213.61.47",
                            "subnet_id": "subnet-70ef4116",
                            "tags.%": "3",
                            "tags.Environment": "staging",
                            "tags.Name": "complete-example-eu-west-1a",
                            "tags.Owner": "user"
                        },
                        "meta": {},
                        "tainted": false
                    },
                    "deposed": [],
                    "provider": "provider.aws"
                },
                "aws_nat_gateway.this.1": {
                    "type": "aws_nat_gateway",
                    "depends_on": [
                        "aws_internet_gateway.this",
                        "aws_subnet.public.*",
                        "local.nat_gateway_count",
                        "local.nat_gateway_ips"
                    ],
                    "primary": {
                        "id": "nat-01ca8baf6e06fd795",
                        "attributes": {
                            "allocation_id": "eipalloc-d6c5b4eb",
                            "id": "nat-01ca8baf6e06fd795",
                            "network_interface_id": "eni-35ca0800",
                            "private_ip": "10.10.12.58",
                            "public_ip": "34.246.145.143",
                            "subnet_id": "subnet-642a962c",
                            "tags.%": "3",
                            "tags.Environment": "staging",
                            "tags.Name": "complete-example-eu-west-1b",
                            "tags.Owner": "user"
                        },
                        "meta": {},
                        "tainted": false
                    },
                    "deposed": [],
                    "provider": "provider.aws"
                },
                "aws_route.private_nat_gateway.0": {
                    "type": "aws_route",
                    "depends_on": [
                        "aws_nat_gateway.this.*",
                        "aws_route_table.private.*",
                        "local.nat_gateway_count"
                    ],
                    "primary": {
                        "id": "r-rtb-288e0f511080289494",
                        "attributes": {
                            "destination_cidr_block": "0.0.0.0/0",
                            "destination_prefix_list_id": "",
                            "egress_only_gateway_id": "",
                            "gateway_id": "",
                            "id": "r-rtb-288e0f511080289494",
                            "instance_id": "",
                            "instance_owner_id": "",
                            "nat_gateway_id": "nat-08cc07469699ce9f6",
                            "network_interface_id": "",
                            "origin": "CreateRoute",
                            "route_table_id": "rtb-288e0f51",
                            "state": "active",
                            "vpc_peering_connection_id": ""
                        },
                        "meta": {
                            "e2bfb730-ecaa-11e6-8f88-34363bc7c4c0": {
                                "create": 300000000000,
                                "delete": 300000000000
                            }
                        },
                        "tainted": false
                    },
                    "deposed": [],
                    "provider": "provider.aws"
                },
                "aws_route.private_nat_gateway.1": {
                    "type": "aws_route",
                    "depends_on": [
                        "aws_nat_gateway.this.*",
                        "aws_route_table.private.*",
                        "local.nat_gateway_count"
                    ],
                    "primary": {
                        "id": "r-rtb-6e8a0b171080289494",
                        "attributes": {
                            "destination_cidr_block": "0.0.0.0/0",
                            "destination_prefix_list_id": "",
                            "egress_only_gateway_id": "",
                            "gateway_id": "",
                            "id": "r-rtb-6e8a0b171080289494",
                            "instance_id": "",
                            "instance_owner_id": "",
                            "nat_gateway_id": "nat-01ca8baf6e06fd795",
                            "network_interface_id": "",
                            "origin": "CreateRoute",
                            "route_table_id": "rtb-6e8a0b17",
                            "state": "active",
                            "vpc_peering_connection_id": ""
                        },
                        "meta": {
                            "e2bfb730-ecaa-11e6-8f88-34363bc7c4c0": {
                                "create": 300000000000,
                                "delete": 300000000000
                            }
                        },
                        "tainted": false
                    },
                    "deposed": [],
                    "provider": "provider.aws"
                },
                "aws_route.public_internet_gateway": {
                    "type": "aws_route",
                    "depends_on": [
                        "aws_internet_gateway.this",
                        "aws_route_table.public"
                    ],
                    "primary": {
                        "id": "r-rtb-f88f0e811080289494",
                        "attributes": {
                            "destination_cidr_block": "0.0.0.0/0",
                            "destination_prefix_list_id": "",
                            "egress_only_gateway_id": "",
                            "gateway_id": "igw-fea0d299",
                            "id": "r-rtb-f88f0e811080289494",
                            "instance_id": "",
                            "instance_owner_id": "",
                            "nat_gateway_id": "",
                            "network_interface_id": "",
                            "origin": "CreateRoute",
                            "route_table_id": "rtb-f88f0e81",
                            "state": "active",
                            "vpc_peering_connection_id": ""
                        },
                        "meta": {
                            "e2bfb730-ecaa-11e6-8f88-34363bc7c4c0": {
                                "create": 300000000000,
                                "delete": 300000000000
                            }
                        },
                        "tainted": false
                    },
                    "deposed": [],
                    "provider": "provider.aws"
                },
                "aws_route_table.private.0": {
                    "type": "aws_route_table",
                    "depends_on": [
                        "aws_vpc.this",
                        "local.max_subnet_length",
                        "local.nat_gateway_count"
                    ],
                    "primary": {
                        "id": "rtb-288e0f51",
                        "attributes": {
                            "id": "rtb-288e0f51",
                            "propagating_vgws.#": "0",
                            "route.#": "0",
                            "tags.%": "3",
                            "tags.Environment": "staging",
                            "tags.Name": "complete-example-private-eu-west-1a",
                            "tags.Owner": "user",
                            "vpc_id": "vpc-972d40f1"
                        },
                        "meta": {},
                        "tainted": false
                    },
                    "deposed": [],
                    "provider": "provider.aws"
                },
                "aws_route_table.private.1": {
                    "type": "aws_route_table",
                    "depends_on": [
                        "aws_vpc.this",
                        "local.max_subnet_length",
                        "local.nat_gateway_count"
                    ],
                    "primary": {
                        "id": "rtb-6e8a0b17",
                        "attributes": {
                            "id": "rtb-6e8a0b17",
                            "propagating_vgws.#": "0",
                            "route.#": "0",
                            "tags.%": "3",
                            "tags.Environment": "staging",
                            "tags.Name": "complete-example-private-eu-west-1b",
                            "tags.Owner": "user",
                            "vpc_id": "vpc-972d40f1"
                        },
                        "meta": {},
                        "tainted": false
                    },
                    "deposed": [],
                    "provider": "provider.aws"
                },
                "aws_route_table.public": {
                    "type": "aws_route_table",
                    "depends_on": [
                        "aws_vpc.this"
                    ],
                    "primary": {
                        "id": "rtb-f88f0e81",
                        "attributes": {
                            "id": "rtb-f88f0e81",
                            "propagating_vgws.#": "0",
                            "route.#": "0",
                            "tags.%": "3",
                            "tags.Environment": "staging",
                            "tags.Name": "complete-example-public",
                            "tags.Owner": "user",
                            "vpc_id": "vpc-972d40f1"
                        },
                        "meta": {},
                        "tainted": false
                    },
                    "deposed": [],
                    "provider": "provider.aws"
                },
                "aws_route_table_association.database.0": {
                    "type": "aws_route_table_association",
                    "depends_on": [
                        "aws_route_table.private.*",
                        "aws_subnet.database.*"
                    ],
                    "primary": {
                        "id": "rtbassoc-bb361ac3",
                        "attributes": {
                            "id": "rtbassoc-bb361ac3",
                            "route_table_id": "rtb-288e0f51",
                            "subnet_id": "subnet-43e64825"
                        },
                        "meta": {},
                        "tainted": false
                    },
                    "deposed": [],
                    "provider": "provider.aws"
                },
                "aws_route_table_association.database.1": {
                    "type": "aws_route_table_association",
                    "depends_on": [
                        "aws_route_table.private.*",
                        "aws_subnet.database.*"
                    ],
                    "primary": {
                        "id": "rtbassoc-a20b27da",
                        "attributes": {
                            "id": "rtbassoc-a20b27da",
                            "route_table_id": "rtb-6e8a0b17",
                            "subnet_id": "subnet-0e209c46"
                        },
                        "meta": {},
                        "tainted": false
                    },
                    "deposed": [],
                    "provider": "provider.aws"
                },
                "aws_route_table_association.elasticache.0": {
                    "type": "aws_route_table_association",
                    "depends_on": [
                        "aws_route_table.private.*",
                        "aws_subnet.elasticache.*"
                    ],
                    "primary": {
                        "id": "rtbassoc-540c202c",
                        "attributes": {
                            "id": "rtbassoc-540c202c",
                            "route_table_id": "rtb-288e0f51",
                            "subnet_id": "subnet-22e04e44"
                        },
                        "meta": {},
                        "tainted": false
                    },
                    "deposed": [],
                    "provider": "provider.aws"
                },
                "aws_route_table_association.elasticache.1": {
                    "type": "aws_route_table_association",
                    "depends_on": [
                        "aws_route_table.private.*",
                        "aws_subnet.elasticache.*"
                    ],
                    "primary": {
                        "id": "rtbassoc-c10d21b9",
                        "attributes": {
                            "id": "rtbassoc-c10d21b9",
                            "route_table_id": "rtb-6e8a0b17",
                            "subnet_id": "subnet-fc2b97b4"
                        },
                        "meta": {},
                        "tainted": false
                    },
                    "deposed": [],
                    "provider": "provider.aws"
                },
                "aws_route_table_association.private.0": {
                    "type": "aws_route_table_association",
                    "depends_on": [
                        "aws_route_table.private.*",
                        "aws_subnet.private.*"
                    ],
                    "primary": {
                        "id": "rtbassoc-3e0a2646",
                        "attributes": {
                            "id": "rtbassoc-3e0a2646",
                            "route_table_id": "rtb-288e0f51",
                            "subnet_id": "subnet-33ec4255"
                        },
                        "meta": {},
                        "tainted": false
                    },
                    "deposed": [],
                    "provider": "provider.aws"
                },
                "aws_route_table_association.private.1": {
                    "type": "aws_route_table_association",
                    "depends_on": [
                        "aws_route_table.private.*",
                        "aws_subnet.private.*"
                    ],
                    "primary": {
                        "id": "rtbassoc-96311dee",
                        "attributes": {
                            "id": "rtbassoc-96311dee",
                            "route_table_id": "rtb-6e8a0b17",
                            "subnet_id": "subnet-71289439"
                        },
                        "meta": {},
                        "tainted": false
                    },
                    "deposed": [],
                    "provider": "provider.aws"
                },
                "aws_route_table_association.public.0": {
                    "type": "aws_route_table_association",
                    "depends_on": [
                        "aws_route_table.public",
                        "aws_subnet.public.*"
                    ],
                    "primary": {
                        "id": "rtbassoc-a30e22db",
                        "attributes": {
                            "id": "rtbassoc-a30e22db",
                            "route_table_id": "rtb-f88f0e81",
                            "subnet_id": "subnet-70ef4116"
                        },
                        "meta": {},
                        "tainted": false
                    },
                    "deposed": [],
                    "provider": "provider.aws"
                },
                "aws_route_table_association.public.1": {
                    "type": "aws_route_table_association",
                    "depends_on": [
                        "aws_route_table.public",
                        "aws_subnet.public.*"
                    ],
                    "primary": {
                        "id": "rtbassoc-020b277a",
                        "attributes": {
                            "id": "rtbassoc-020b277a",
                            "route_table_id": "rtb-f88f0e81",
                            "subnet_id": "subnet-642a962c"
                        },
                        "meta": {},
                        "tainted": false
                    },
                    "deposed": [],
                    "provider": "provider.aws"
                },
                "aws_route_table_association.redshift.0": {
                    "type": "aws_route_table_association",
                    "depends_on": [
                        "aws_route_table.private.*",
                        "aws_subnet.redshift.*"
                    ],
                    "primary": {
                        "id": "rtbassoc-7505290d",
                        "attributes": {
                            "id": "rtbassoc-7505290d",
                            "route_table_id": "rtb-288e0f51",
                            "subnet_id": "subnet-71ef4117"
                        },
                        "meta": {},
                        "tainted": false
                    },
                    "deposed": [],
                    "provider": "provider.aws"
                },
                "aws_route_table_association.redshift.1": {
                    "type": "aws_route_table_association",
                    "depends_on": [
                        "aws_route_table.private.*",
                        "aws_subnet.redshift.*"
                    ],
                    "primary": {
                        "id": "rtbassoc-84062afc",
                        "attributes": {
                            "id": "rtbassoc-84062afc",
                            "route_table_id": "rtb-6e8a0b17",
                            "subnet_id": "subnet-0c1fa344"
                        },
                        "meta": {},
                        "tainted": false
                    },
                    "deposed": [],
                    "provider": "provider.aws"
                },
                "aws_subnet.database.0": {
                    "type": "aws_subnet",
                    "depends_on": [
                        "aws_vpc.this"
                    ],
                    "primary": {
                        "id": "subnet-43e64825",
                        "attributes": {
                            "assign_ipv6_address_on_creation": "false",
                            "availability_zone": "eu-west-1a",
                            "cidr_block": "10.10.21.0/24",
                            "id": "subnet-43e64825",
                            "map_public_ip_on_launch": "false",
                            "tags.%": "3",
                            "tags.Environment": "staging",
                            "tags.Name": "complete-example-db-eu-west-1a",
                            "tags.Owner": "user",
                            "vpc_id": "vpc-972d40f1"
                        },
                        "meta": {
                            "schema_version": "1"
                        },
                        "tainted": false
                    },
                    "deposed": [],
                    "provider": "provider.aws"
                },
                "aws_subnet.database.1": {
                    "type": "aws_subnet",
                    "depends_on": [
                        "aws_vpc.this"
                    ],
                    "primary": {
                        "id": "subnet-0e209c46",
                        "attributes": {
                            "assign_ipv6_address_on_creation": "false",
                            "availability_zone": "eu-west-1b",
                            "cidr_block": "10.10.22.0/24",
                            "id": "subnet-0e209c46",
                            "map_public_ip_on_launch": "false",
                            "tags.%": "3",
                            "tags.Environment": "staging",
                            "tags.Name": "complete-example-db-eu-west-1b",
                            "tags.Owner": "user",
                            "vpc_id": "vpc-972d40f1"
                        },
                        "meta": {
                            "schema_version": "1"
                        },
                        "tainted": false
                    },
                    "deposed": [],
                    "provider": "provider.aws"
                },
                "aws_subnet.elasticache.0": {
                    "type": "aws_subnet",
                    "depends_on": [
                        "aws_vpc.this"
                    ],
                    "primary": {
                        "id": "subnet-22e04e44",
                        "attributes": {
                            "assign_ipv6_address_on_creation": "false",
                            "availability_zone": "eu-west-1a",
                            "cidr_block": "10.10.31.0/24",
                            "id": "subnet-22e04e44",
                            "map_public_ip_on_launch": "false",
                            "tags.%": "3",
                            "tags.Environment": "staging",
                            "tags.Name": "complete-example-elasticache-eu-west-1a",
                            "tags.Owner": "user",
                            "vpc_id": "vpc-972d40f1"
                        },
                        "meta": {
                            "schema_version": "1"
                        },
                        "tainted": false
                    },
                    "deposed": [],
                    "provider": "provider.aws"
                },
                "aws_subnet.elasticache.1": {
                    "type": "aws_subnet",
                    "depends_on": [
                        "aws_vpc.this"
                    ],
                    "primary": {
                        "id": "subnet-fc2b97b4",
                        "attributes": {
                            "assign_ipv6_address_on_creation": "false",
                            "availability_zone": "eu-west-1b",
                            "cidr_block": "10.10.32.0/24",
                            "id": "subnet-fc2b97b4",
                            "map_public_ip_on_launch": "false",
                            "tags.%": "3",
                            "tags.Environment": "staging",
                            "tags.Name": "complete-example-elasticache-eu-west-1b",
                            "tags.Owner": "user",
                            "vpc_id": "vpc-972d40f1"
                        },
                        "meta": {
                            "schema_version": "1"
                        },
                        "tainted": false
                    },
                    "deposed": [],
                    "provider": "provider.aws"
                },
                "aws_subnet.private.0": {
                    "type": "aws_subnet",
                    "depends_on": [
                        "aws_vpc.this"
                    ],
                    "primary": {
                        "id": "subnet-33ec4255",
                        "attributes": {
                            "assign_ipv6_address_on_creation": "false",
                            "availability_zone": "eu-west-1a",
                            "cidr_block": "10.10.1.0/24",
                            "id": "subnet-33ec4255",
                            "map_public_ip_on_launch": "false",
                            "tags.%": "3",
                            "tags.Environment": "staging",
                            "tags.Name": "complete-example-private-eu-west-1a",
                            "tags.Owner": "user",
                            "vpc_id": "vpc-972d40f1"
                        },
                        "meta": {
                            "schema_version": "1"
                        },
                        "tainted": false
                    },
                    "deposed": [],
                    "provider": "provider.aws"
                },
                "aws_subnet.private.1": {
                    "type": "aws_subnet",
                    "depends_on": [
                        "aws_vpc.this"
                    ],
                    "primary": {
                        "id": "subnet-71289439",
                        "attributes": {
                            "assign_ipv6_address_on_creation": "false",
                            "availability_zone": "eu-west-1b",
                            "cidr_block": "10.10.2.0/24",
                            "id": "subnet-71289439",
                            "map_public_ip_on_launch": "false",
                            "tags.%": "3",
                            "tags.Environment": "staging",
                            "tags.Name": "complete-example-private-eu-west-1b",
                            "tags.Owner": "user",
                            "vpc_id": "vpc-972d40f1"
                        },
                        "meta": {
                            "schema_version": "1"
                        },
                        "tainted": false
                    },
                    "deposed": [],
                    "provider": "provider.aws"
                },
                "aws_subnet.public.0": {
                    "type": "aws_subnet",
                    "depends_on": [
                        "aws_vpc.this"
                    ],
                    "primary": {
                        "id": "subnet-70ef4116",
                        "attributes": {
                            "assign_ipv6_address_on_creation": "false",
                            "availability_zone": "eu-west-1a",
                            "cidr_block": "10.10.11.0/24",
                            "id": "subnet-70ef4116",
                            "map_public_ip_on_launch": "true",
                            "tags.%": "3",
                            "tags.Environment": "staging",
                            "tags.Name": "complete-example-public-eu-west-1a",
                            "tags.Owner": "user",
                            "vpc_id": "vpc-972d40f1"
                        },
                        "meta": {
                            "schema_version": "1"
                        },
                        "tainted": false
                    },
                    "deposed": [],
                    "provider": "provider.aws"
                },
                "aws_subnet.public.1": {
                    "type": "aws_subnet",
                    "depends_on": [
                        "aws_vpc.this"
                    ],
                    "primary": {
                        "id": "subnet-642a962c",
                        "attributes": {
                            "assign_ipv6_address_on_creation": "false",
                            "availability_zone": "eu-west-1b",
                            "cidr_block": "10.10.12.0/24",
                            "id": "subnet-642a962c",
                            "map_public_ip_on_launch": "true",
                            "tags.%": "3",
                            "tags.Environment": "staging",
                            "tags.Name": "complete-example-public-eu-west-1b",
                            "tags.Owner": "user",
                            "vpc_id": "vpc-972d40f1"
                        },
                        "meta": {
                            "schema_version": "1"
                        },
                        "tainted": false
                    },
                    "deposed": [],
                    "provider": "provider.aws"
                },
                "aws_subnet.redshift.0": {
                    "type": "aws_subnet",
                    "depends_on": [
                        "aws_vpc.this"
                    ],
                    "primary": {
                        "id": "subnet-71ef4117",
                        "attributes": {
                            "assign_ipv6_address_on_creation": "false",
                            "availability_zone": "eu-west-1a",
                            "cidr_block": "10.10.41.0/24",
                            "id": "subnet-71ef4117",
                            "map_public_ip_on_launch": "false",
                            "tags.%": "3",
                            "tags.Environment": "staging",
                            "tags.Name": "complete-example-redshift-eu-west-1a",
                            "tags.Owner": "user",
                            "vpc_id": "vpc-972d40f1"
                        },
                        "meta": {
                            "schema_version": "1"
                        },
                        "tainted": false
                    },
                    "deposed": [],
                    "provider": "provider.aws"
                },
                "aws_subnet.redshift.1": {
                    "type": "aws_subnet",
                    "depends_on": [
                        "aws_vpc.this"
                    ],
                    "primary": {
                        "id": "subnet-0c1fa344",
                        "attributes": {
                            "assign_ipv6_address_on_creation": "false",
                            "availability_zone": "eu-west-1b",
                            "cidr_block": "10.10.42.0/24",
                            "id": "subnet-0c1fa344",
                            "map_public_ip_on_launch": "false",
                            "tags.%": "3",
                            "tags.Environment": "staging",
                            "tags.Name": "complete-example-redshift-eu-west-1b",
                            "tags.Owner": "user",
                            "vpc_id": "vpc-972d40f1"
                        },
                        "meta": {
                            "schema_version": "1"
                        },
                        "tainted": false
                    },
                    "deposed": [],
                    "provider": "provider.aws"
                },
                "aws_vpc.this": {
                    "type": "aws_vpc",
                    "depends_on": [],
                    "primary": {
                        "id": "vpc-972d40f1",
                        "attributes": {
                            "assign_generated_ipv6_cidr_block": "false",
                            "cidr_block": "10.10.0.0/16",
                            "default_network_acl_id": "acl-59ecf53f",
                            "default_route_table_id": "rtb-1288096b",
                            "default_security_group_id": "sg-38ad0f45",
                            "dhcp_options_id": "dopt-d05674b7",
                            "enable_classiclink": "false",
                            "enable_classiclink_dns_support": "false",
                            "enable_dns_hostnames": "false",
                            "enable_dns_support": "true",
                            "id": "vpc-972d40f1",
                            "instance_tenancy": "default",
                            "main_route_table_id": "rtb-1288096b",
                            "tags.%": "3",
                            "tags.Environment": "staging",
                            "tags.Name": "complete-example",
                            "tags.Owner": "user"
                        },
                        "meta": {
                            "schema_version": "1"
                        },
                        "tainted": false
                    },
                    "deposed": [],
                    "provider": "provider.aws"
                },
                "aws_vpc_dhcp_options.this": {
                    "type": "aws_vpc_dhcp_options",
                    "depends_on": [],
                    "primary": {
                        "id": "dopt-7f66b719",
                        "attributes": {
                            "domain_name": "service.consul",
                            "domain_name_servers.#": "2",
                            "domain_name_servers.0": "127.0.0.1",
                            "domain_name_servers.1": "10.10.0.2",
                            "id": "dopt-7f66b719",
                            "tags.%": "3",
                            "tags.Environment": "staging",
                            "tags.Name": "complete-example",
                            "tags.Owner": "user"
                        },
                        "meta": {},
                        "tainted": false
                    },
                    "deposed": [],
                    "provider": "provider.aws"
                },
                "aws_vpc_dhcp_options_association.this": {
                    "type": "aws_vpc_dhcp_options_association",
                    "depends_on": [
                        "aws_vpc.this",
                        "aws_vpc_dhcp_options.this"
                    ],
                    "primary": {
                        "id": "dopt-7f66b719-vpc-972d40f1",
                        "attributes": {
                            "dhcp_options_id": "dopt-7f66b719",
                            "id": "dopt-7f66b719-vpc-972d40f1",
                            "vpc_id": "vpc-972d40f1"
                        },
                        "meta": {},
                        "tainted": false
                    },
                    "deposed": [],
                    "provider": "provider.aws"
                },
                "aws_vpc_endpoint.dynamodb": {
                    "type": "aws_vpc_endpoint",
                    "depends_on": [
                        "aws_vpc.this",
                        "data.aws_vpc_endpoint_service.dynamodb"
                    ],
                    "primary": {
                        "id": "vpce-b53df0dc",
                        "attributes": {
                            "cidr_blocks.#": "3",
                            "cidr_blocks.0": "52.94.5.0/24",
                            "cidr_blocks.1": "52.119.240.0/21",
                            "cidr_blocks.2": "52.94.24.0/23",
                            "dns_entry.#": "0",
                            "id": "vpce-b53df0dc",
                            "network_interface_ids.#": "0",
                            "policy": "{\"Statement\":[{\"Action\":\"*\",\"Effect\":\"Allow\",\"Principal\":\"*\",\"Resource\":\"*\"}],\"Version\":\"2008-10-17\"}",
                            "prefix_list_id": "pl-6fa54006",
                            "private_dns_enabled": "false",
                            "route_table_ids.#": "0",
                            "security_group_ids.#": "0",
                            "service_name": "com.amazonaws.eu-west-1.dynamodb",
                            "state": "available",
                            "subnet_ids.#": "0",
                            "vpc_endpoint_type": "Gateway",
                            "vpc_id": "vpc-972d40f1"
                        },
                        "meta": {},
                        "tainted": false
                    },
                    "deposed": [],
                    "provider": "provider.aws"
                },
                "aws_vpc_endpoint.s3": {
                    "type": "aws_vpc_endpoint",
                    "depends_on": [
                        "aws_vpc.this",
                        "data.aws_vpc_endpoint_service.s3"
                    ],
                    "primary": {
                        "id": "vpce-3c22ef55",
                        "attributes": {
                            "cidr_blocks.#": "2",
                            "cidr_blocks.0": "52.218.0.0/17",
                            "cidr_blocks.1": "54.231.128.0/19",
                            "dns_entry.#": "0",
                            "id": "vpce-3c22ef55",
                            "network_interface_ids.#": "0",
                            "policy": "{\"Statement\":[{\"Action\":\"*\",\"Effect\":\"Allow\",\"Principal\":\"*\",\"Resource\":\"*\"}],\"Version\":\"2008-10-17\"}",
                            "prefix_list_id": "pl-6da54004",
                            "private_dns_enabled": "false",
                            "route_table_ids.#": "0",
                            "security_group_ids.#": "0",
                            "service_name": "com.amazonaws.eu-west-1.s3",
                            "state": "available",
                            "subnet_ids.#": "0",
                            "vpc_endpoint_type": "Gateway",
                            "vpc_id": "vpc-972d40f1"
                        },
                        "meta": {},
                        "tainted": false
                    },
                    "deposed": [],
                    "provider": "provider.aws"
                },
                "aws_vpc_endpoint_route_table_association.private_dynamodb.0": {
                    "type": "aws_vpc_endpoint_route_table_association",
                    "depends_on": [
                        "aws_route_table.private.*",
                        "aws_vpc_endpoint.dynamodb",
                        "local.nat_gateway_count"
                    ],
                    "primary": {
                        "id": "a-vpce-b53df0dc4059170491",
                        "attributes": {
                            "id": "a-vpce-b53df0dc4059170491",
                            "route_table_id": "rtb-288e0f51",
                            "vpc_endpoint_id": "vpce-b53df0dc"
                        },
                        "meta": {},
                        "tainted": false
                    },
                    "deposed": [],
                    "provider": "provider.aws"
                },
                "aws_vpc_endpoint_route_table_association.private_dynamodb.1": {
                    "type": "aws_vpc_endpoint_route_table_association",
                    "depends_on": [
                        "aws_route_table.private.*",
                        "aws_vpc_endpoint.dynamodb",
                        "local.nat_gateway_count"
                    ],
                    "primary": {
                        "id": "a-vpce-b53df0dc1211952667",
                        "attributes": {
                            "id": "a-vpce-b53df0dc1211952667",
                            "route_table_id": "rtb-6e8a0b17",
                            "vpc_endpoint_id": "vpce-b53df0dc"
                        },
                        "meta": {},
                        "tainted": false
                    },
                    "deposed": [],
                    "provider": "provider.aws"
                },
                "aws_vpc_endpoint_route_table_association.private_s3.0": {
                    "type": "aws_vpc_endpoint_route_table_association",
                    "depends_on": [
                        "aws_route_table.private.*",
                        "aws_vpc_endpoint.s3",
                        "local.nat_gateway_count"
                    ],
                    "primary": {
                        "id": "a-vpce-3c22ef554059170491",
                        "attributes": {
                            "id": "a-vpce-3c22ef554059170491",
                            "route_table_id": "rtb-288e0f51",
                            "vpc_endpoint_id": "vpce-3c22ef55"
                        },
                        "meta": {},
                        "tainted": false
                    },
                    "deposed": [],
                    "provider": "provider.aws"
                },
                "aws_vpc_endpoint_route_table_association.private_s3.1": {
                    "type": "aws_vpc_endpoint_route_table_association",
                    "depends_on": [
                        "aws_route_table.private.*",
                        "aws_vpc_endpoint.s3",
                        "local.nat_gateway_count"
                    ],
                    "primary": {
                        "id": "a-vpce-3c22ef551211952667",
                        "attributes": {
                            "id": "a-vpce-3c22ef551211952667",
                            "route_table_id": "rtb-6e8a0b17",
                            "vpc_endpoint_id": "vpce-3c22ef55"
                        },
                        "meta": {},
                        "tainted": false
                    },
                    "deposed": [],
                    "provider": "provider.aws"
                },
                "aws_vpc_endpoint_route_table_association.public_dynamodb": {
                    "type": "aws_vpc_endpoint_route_table_association",
                    "depends_on": [
                        "aws_route_table.public",
                        "aws_vpc_endpoint.dynamodb"
                    ],
                    "primary": {
                        "id": "a-vpce-b53df0dc3503702339",
                        "attributes": {
                            "id": "a-vpce-b53df0dc3503702339",
                            "route_table_id": "rtb-f88f0e81",
                            "vpc_endpoint_id": "vpce-b53df0dc"
                        },
                        "meta": {},
                        "tainted": false
                    },
                    "deposed": [],
                    "provider": "provider.aws"
                },
                "aws_vpc_endpoint_route_table_association.public_s3": {
                    "type": "aws_vpc_endpoint_route_table_association",
                    "depends_on": [
                        "aws_route_table.public",
                        "aws_vpc_endpoint.s3"
                    ],
                    "primary": {
                        "id": "a-vpce-3c22ef553503702339",
                        "attributes": {
                            "id": "a-vpce-3c22ef553503702339",
                            "route_table_id": "rtb-f88f0e81",
                            "vpc_endpoint_id": "vpce-3c22ef55"
                        },
                        "meta": {},
                        "tainted": false
                    },
                    "deposed": [],
                    "provider": "provider.aws"
                },
                "aws_vpn_gateway.this": {
                    "type": "aws_vpn_gateway",
                    "depends_on": [
                        "aws_vpc.this"
                    ],
                    "primary": {
                        "id": "vgw-c10f31b5",
                        "attributes": {
                            "amazon_side_asn": "9059",
                            "id": "vgw-c10f31b5",
                            "tags.%": "3",
                            "tags.Environment": "staging",
                            "tags.Name": "complete-example",
                            "tags.Owner": "user",
                            "vpc_id": "vpc-972d40f1"
                        },
                        "meta": {},
                        "tainted": false
                    },
                    "deposed": [],
                    "provider": "provider.aws"
                },
                "data.aws_vpc_endpoint_service.dynamodb": {
                    "type": "aws_vpc_endpoint_service",
                    "depends_on": [],
                    "primary": {
                        "id": "3674500381",
                        "attributes": {
                            "acceptance_required": "false",
                            "availability_zones.#": "3",
                            "availability_zones.1924028850": "eu-west-1b",
                            "availability_zones.3953592328": "eu-west-1a",
                            "availability_zones.94988580": "eu-west-1c",
                            "base_endpoint_dns_names.#": "1",
                            "base_endpoint_dns_names.641233172": "dynamodb.eu-west-1.amazonaws.com",
                            "id": "3674500381",
                            "owner": "amazon",
                            "private_dns_name": "",
                            "service": "dynamodb",
                            "service_name": "com.amazonaws.eu-west-1.dynamodb",
                            "service_type": "Gateway",
                            "vpc_endpoint_policy_supported": "true"
                        },
                        "meta": {},
                        "tainted": false
                    },
                    "deposed": [],
                    "provider": "provider.aws"
                },
                "data.aws_vpc_endpoint_service.s3": {
                    "type": "aws_vpc_endpoint_service",
                    "depends_on": [],
                    "primary": {
                        "id": "3917145344",
                        "attributes": {
                            "acceptance_required": "false",
                            "availability_zones.#": "3",
                            "availability_zones.1924028850": "eu-west-1b",
                            "availability_zones.3953592328": "eu-west-1a",
                            "availability_zones.94988580": "eu-west-1c",
                            "base_endpoint_dns_names.#": "1",
                            "base_endpoint_dns_names.3522864364": "s3.eu-west-1.amazonaws.com",
                            "id": "3917145344",
                            "owner": "amazon",
                            "private_dns_name": "",
                            "service": "s3",
                            "service_name": "com.amazonaws.eu-west-1.s3",
                            "service_type": "Gateway",
                            "vpc_endpoint_policy_supported": "true"
                        },
                        "meta": {},
                        "tainted": false
                    },
                    "deposed": [],
                    "provider": "provider.aws"
                }
            },
            "depends_on": []
        },
        {
            "path": [
                "root",
                "vpc2"
            ],
            "outputs": {
                "database_subnet_group": {
                    "sensitive": false,
                    "type": "string",
                    "value": ""
                },
                "database_subnets": {
                    "sensitive": false,
                    "type": "list",
                    "value": [
                        "subnet-24a0497e"
                    ]
                },
                "database_subnets_cidr_blocks": {
                    "sensitive": false,
                    "type": "list",
                    "value": [
                        "10.20.21.0/24"
                    ]
                },
                "default_network_acl_id": {
                    "sensitive": false,
                    "type": "string",
                    "value": "acl-6ceff60a"
                },
                "default_route_table_id": {
                    "sensitive": false,
                    "type": "string",
                    "value": "rtb-c99514b0"
                },
                "default_security_group_id": {
                    "sensitive": false,
                    "type": "string",
                    "value": "sg-16a6046b"
                },
                "default_vpc_cidr_block": {
                    "sensitive": false,
                    "type": "string",
                    "value": ""
                },
                "default_vpc_default_network_acl_id": {
                    "sensitive": false,
                    "type": "string",
                    "value": ""
                },
                "default_vpc_default_route_table_id": {
                    "sensitive": false,
                    "type": "string",
                    "value": ""
                },
                "default_vpc_default_security_group_id": {
                    "sensitive": false,
                    "type": "string",
                    "value": ""
                },
                "default_vpc_enable_dns_hostnames": {
                    "sensitive": false,
                    "type": "string",
                    "value": ""
                },
                "default_vpc_enable_dns_support": {
                    "sensitive": false,
                    "type": "string",
                    "value": ""
                },
                "default_vpc_id": {
                    "sensitive": false,
                    "type": "string",
                    "value": ""
                },
                "default_vpc_instance_tenancy": {
                    "sensitive": false,
                    "type": "string",
                    "value": ""
                },
                "default_vpc_main_route_table_id": {
                    "sensitive": false,
                    "type": "string",
                    "value": ""
                },
                "elasticache_subnet_group": {
                    "sensitive": false,
                    "type": "string",
                    "value": "complete-example"
                },
                "elasticache_subnet_group_name": {
                    "sensitive": false,
                    "type": "string",
                    "value": "complete-example"
                },
                "elasticache_subnets": {
                    "sensitive": false,
                    "type": "list",
                    "value": [
                        "subnet-23a74e79"
                    ]
                },
                "elasticache_subnets_cidr_blocks": {
                    "sensitive": false,
                    "type": "list",
                    "value": [
                        "10.20.31.0/24"
                    ]
                },
                "igw_id": {
                    "sensitive": false,
                    "type": "string",
                    "value": "igw-cea2d0a9"
                },
                "nat_ids": {
                    "sensitive": false,
                    "type": "list",
                    "value": [
                        "eipalloc-fec4b5c3"
                    ]
                },
                "nat_public_ips": {
                    "sensitive": false,
                    "type": "list",
                    "value": [
                        "52.208.108.32"
                    ]
                },
                "natgw_ids": {
                    "sensitive": false,
                    "type": "list",
                    "value": [
                        "nat-0f23db9aa7ce0afb6"
                    ]
                },
                "private_route_table_ids": {
                    "sensitive": false,
                    "type": "list",
                    "value": [
                        "rtb-39971640"
                    ]
                },
                "private_subnets": {
                    "sensitive": false,
                    "type": "list",
                    "value": [
                        "subnet-ddba5387"
                    ]
                },
                "private_subnets_cidr_blocks": {
                    "sensitive": false,
                    "type": "list",
                    "value": [
                        "10.20.1.0/24"
                    ]
                },
                "public_route_table_ids": {
                    "sensitive": false,
                    "type": "list",
                    "value": [
                        "rtb-de8b0aa7"
                    ]
                },
                "public_subnets": {
                    "sensitive": false,
                    "type": "list",
                    "value": [
                        "subnet-c5bf569f"
                    ]
                },
                "public_subnets_cidr_blocks": {
                    "sensitive": false,
                    "type": "list",
                    "value": [
                        "10.20.11.0/24"
                    ]
                },
                "redshift_subnet_group": {
                    "sensitive": false,
                    "type": "string",
                    "value": "complete-example"
                },
                "redshift_subnets": {
                    "sensitive": false,
                    "type": "list",
                    "value": [
                        "subnet-80bc55da"
                    ]
                },
                "redshift_subnets_cidr_blocks": {
                    "sensitive": false,
                    "type": "list",
                    "value": [
                        "10.20.41.0/24"
                    ]
                },
                "vgw_id": {
                    "sensitive": false,
                    "type": "string",
                    "value": "vgw-c00f31b4"
                },
                "vpc_cidr_block": {
                    "sensitive": false,
                    "type": "string",
                    "value": "10.20.0.0/16"
                },
                "vpc_enable_dns_hostnames": {
                    "sensitive": false,
                    "type": "string",
                    "value": "false"
                },
                "vpc_enable_dns_support": {
                    "sensitive": false,
                    "type": "string",
                    "value": "true"
                },
                "vpc_endpoint_dynamodb_id": {
                    "sensitive": false,
                    "type": "string",
                    "value": "vpce-b52ee3dc"
                },
                "vpc_endpoint_dynamodb_pl_id": {
                    "sensitive": false,
                    "type": "string",
                    "value": "pl-6fa54006"
                },
                "vpc_endpoint_s3_id": {
                    "sensitive": false,
                    "type": "string",
                    "value": "vpce-b42ee3dd"
                },
                "vpc_endpoint_s3_pl_id": {
                    "sensitive": false,
                    "type": "string",
                    "value": "pl-6da54004"
                },
                "vpc_id": {
                    "sensitive": false,
                    "type": "string",
                    "value": "vpc-ca2e43ac"
                },
                "vpc_instance_tenancy": {
                    "sensitive": false,
                    "type": "string",
                    "value": "default"
                },
                "vpc_main_route_table_id": {
                    "sensitive": false,
                    "type": "string",
                    "value": "rtb-c99514b0"
                }
            },
            "resources": {
                "aws_eip.nat": {
                    "type": "aws_eip",
                    "depends_on": [
                        "local.nat_gateway_count"
                    ],
                    "primary": {
                        "id": "eipalloc-fec4b5c3",
                        "attributes": {
                            "association_id": "",
                            "domain": "vpc",
                            "id": "eipalloc-fec4b5c3",
                            "instance": "",
                            "network_interface": "",
                            "private_ip": "",
                            "public_ip": "52.208.108.32",
                            "tags.%": "3",
                            "tags.Environment": "staging",
                            "tags.Name": "complete-example-eu-west-1c",
                            "tags.Owner": "user",
                            "vpc": "true"
                        },
                        "meta": {
                            "e2bfb730-ecaa-11e6-8f88-34363bc7c4c0": {
                                "delete": 180000000000,
                                "read": 900000000000,
                                "update": 300000000000
                            }
                        },
                        "tainted": false
                    },
                    "deposed": [],
                    "provider": "provider.aws"
                },
                "aws_elasticache_subnet_group.elasticache": {
                    "type": "aws_elasticache_subnet_group",
                    "depends_on": [
                        "aws_subnet.elasticache.*"
                    ],
                    "primary": {
                        "id": "complete-example",
                        "attributes": {
                            "description": "ElastiCache subnet group for complete-example",
                            "id": "complete-example",
                            "name": "complete-example",
                            "subnet_ids.#": "1",
                            "subnet_ids.3706771922": "subnet-23a74e79"
                        },
                        "meta": {},
                        "tainted": false
                    },
                    "deposed": [],
                    "provider": "provider.aws"
                },
                "aws_internet_gateway.this": {
                    "type": "aws_internet_gateway",
                    "depends_on": [
                        "aws_vpc.this"
                    ],
                    "primary": {
                        "id": "igw-cea2d0a9",
                        "attributes": {
                            "id": "igw-cea2d0a9",
                            "tags.%": "3",
                            "tags.Environment": "staging",
                            "tags.Name": "complete-example",
                            "tags.Owner": "user",
                            "vpc_id": "vpc-ca2e43ac"
                        },
                        "meta": {},
                        "tainted": false
                    },
                    "deposed": [],
                    "provider": "provider.aws"
                },
                "aws_nat_gateway.this": {
                    "type": "aws_nat_gateway",
                    "depends_on": [
                        "aws_internet_gateway.this",
                        "aws_subnet.public.*",
                        "local.nat_gateway_count",
                        "local.nat_gateway_ips"
                    ],
                    "primary": {
                        "id": "nat-0f23db9aa7ce0afb6",
                        "attributes": {
                            "allocation_id": "eipalloc-fec4b5c3",
                            "id": "nat-0f23db9aa7ce0afb6",
                            "network_interface_id": "eni-16357112",
                            "private_ip": "10.20.11.8",
                            "public_ip": "52.208.108.32",
                            "subnet_id": "subnet-c5bf569f",
                            "tags.%": "3",
                            "tags.Environment": "staging",
                            "tags.Name": "complete-example-eu-west-1c",
                            "tags.Owner": "user"
                        },
                        "meta": {},
                        "tainted": false
                    },
                    "deposed": [],
                    "provider": "provider.aws"
                },
                "aws_redshift_subnet_group.redshift": {
                    "type": "aws_redshift_subnet_group",
                    "depends_on": [
                        "aws_subnet.redshift.*"
                    ],
                    "primary": {
                        "id": "complete-example",
                        "attributes": {
                            "description": "Redshift subnet group for complete-example",
                            "id": "complete-example",
                            "name": "complete-example",
                            "subnet_ids.#": "1",
                            "subnet_ids.402217638": "subnet-80bc55da",
                            "tags.%": "3",
                            "tags.Environment": "staging",
                            "tags.Name": "complete-example",
                            "tags.Owner": "user"
                        },
                        "meta": {},
                        "tainted": false
                    },
                    "deposed": [],
                    "provider": "provider.aws"
                },
                "aws_route.private_nat_gateway": {
                    "type": "aws_route",
                    "depends_on": [
                        "aws_nat_gateway.this.*",
                        "aws_route_table.private.*",
                        "local.nat_gateway_count"
                    ],
                    "primary": {
                        "id": "r-rtb-399716401080289494",
                        "attributes": {
                            "destination_cidr_block": "0.0.0.0/0",
                            "destination_prefix_list_id": "",
                            "egress_only_gateway_id": "",
                            "gateway_id": "",
                            "id": "r-rtb-399716401080289494",
                            "instance_id": "",
                            "instance_owner_id": "",
                            "nat_gateway_id": "nat-0f23db9aa7ce0afb6",
                            "network_interface_id": "",
                            "origin": "CreateRoute",
                            "route_table_id": "rtb-39971640",
                            "state": "active",
                            "vpc_peering_connection_id": ""
                        },
                        "meta": {
                            "e2bfb730-ecaa-11e6-8f88-34363bc7c4c0": {
                                "create": 300000000000,
                                "delete": 300000000000
                            }
                        },
                        "tainted": false
                    },
                    "deposed": [],
                    "provider": "provider.aws"
                },
                "aws_route.public_internet_gateway": {
                    "type": "aws_route",
                    "depends_on": [
                        "aws_internet_gateway.this",
                        "aws_route_table.public"
                    ],
                    "primary": {
                        "id": "r-rtb-de8b0aa71080289494",
                        "attributes": {
                            "destination_cidr_block": "0.0.0.0/0",
                            "destination_prefix_list_id": "",
                            "egress_only_gateway_id": "",
                            "gateway_id": "igw-cea2d0a9",
                            "id": "r-rtb-de8b0aa71080289494",
                            "instance_id": "",
                            "instance_owner_id": "",
                            "nat_gateway_id": "",
                            "network_interface_id": "",
                            "origin": "CreateRoute",
                            "route_table_id": "rtb-de8b0aa7",
                            "state": "active",
                            "vpc_peering_connection_id": ""
                        },
                        "meta": {
                            "e2bfb730-ecaa-11e6-8f88-34363bc7c4c0": {
                                "create": 300000000000,
                                "delete": 300000000000
                            }
                        },
                        "tainted": false
                    },
                    "deposed": [],
                    "provider": "provider.aws"
                },
                "aws_route_table.private": {
                    "type": "aws_route_table",
                    "depends_on": [
                        "aws_vpc.this",
                        "local.max_subnet_length",
                        "local.nat_gateway_count"
                    ],
                    "primary": {
                        "id": "rtb-39971640",
                        "attributes": {
                            "id": "rtb-39971640",
                            "propagating_vgws.#": "0",
                            "route.#": "0",
                            "tags.%": "3",
                            "tags.Environment": "staging",
                            "tags.Name": "complete-example-private-eu-west-1c",
                            "tags.Owner": "user",
                            "vpc_id": "vpc-ca2e43ac"
                        },
                        "meta": {},
                        "tainted": false
                    },
                    "deposed": [],
                    "provider": "provider.aws"
                },
                "aws_route_table.public": {
                    "type": "aws_route_table",
                    "depends_on": [
                        "aws_vpc.this"
                    ],
                    "primary": {
                        "id": "rtb-de8b0aa7",
                        "attributes": {
                            "id": "rtb-de8b0aa7",
                            "propagating_vgws.#": "0",
                            "route.#": "0",
                            "tags.%": "3",
                            "tags.Environment": "staging",
                            "tags.Name": "complete-example-public",
                            "tags.Owner": "user",
                            "vpc_id": "vpc-ca2e43ac"
                        },
                        "meta": {},
                        "tainted": false
                    },
                    "deposed": [],
                    "provider": "provider.aws"
                },
                "aws_route_table_association.database": {
                    "type": "aws_route_table_association",
                    "depends_on": [
                        "aws_route_table.private.*",
                        "aws_subnet.database.*"
                    ],
                    "primary": {
                        "id": "rtbassoc-34321e4c",
                        "attributes": {
                            "id": "rtbassoc-34321e4c",
                            "route_table_id": "rtb-39971640",
                            "subnet_id": "subnet-24a0497e"
                        },
                        "meta": {},
                        "tainted": false
                    },
                    "deposed": [],
                    "provider": "provider.aws"
                },
                "aws_route_table_association.elasticache": {
                    "type": "aws_route_table_association",
                    "depends_on": [
                        "aws_route_table.private.*",
                        "aws_subnet.elasticache.*"
                    ],
                    "primary": {
                        "id": "rtbassoc-c00d21b8",
                        "attributes": {
                            "id": "rtbassoc-c00d21b8",
                            "route_table_id": "rtb-39971640",
                            "subnet_id": "subnet-23a74e79"
                        },
                        "meta": {},
                        "tainted": false
                    },
                    "deposed": [],
                    "provider": "provider.aws"
                },
                "aws_route_table_association.private": {
                    "type": "aws_route_table_association",
                    "depends_on": [
                        "aws_route_table.private.*",
                        "aws_subnet.private.*"
                    ],
                    "primary": {
                        "id": "rtbassoc-7c331f04",
                        "attributes": {
                            "id": "rtbassoc-7c331f04",
                            "route_table_id": "rtb-39971640",
                            "subnet_id": "subnet-ddba5387"
                        },
                        "meta": {},
                        "tainted": false
                    },
                    "deposed": [],
                    "provider": "provider.aws"
                },
                "aws_route_table_association.public": {
                    "type": "aws_route_table_association",
                    "depends_on": [
                        "aws_route_table.public",
                        "aws_subnet.public.*"
                    ],
                    "primary": {
                        "id": "rtbassoc-7d331f05",
                        "attributes": {
                            "id": "rtbassoc-7d331f05",
                            "route_table_id": "rtb-de8b0aa7",
                            "subnet_id": "subnet-c5bf569f"
                        },
                        "meta": {},
                        "tainted": false
                    },
                    "deposed": [],
                    "provider": "provider.aws"
                },
                "aws_route_table_association.redshift": {
                    "type": "aws_route_table_association",
                    "depends_on": [
                        "aws_route_table.private.*",
                        "aws_subnet.redshift.*"
                    ],
                    "primary": {
                        "id": "rtbassoc-4d062a35",
                        "attributes": {
                            "id": "rtbassoc-4d062a35",
                            "route_table_id": "rtb-39971640",
                            "subnet_id": "subnet-80bc55da"
                        },
                        "meta": {},
                        "tainted": false
                    },
                    "deposed": [],
                    "provider": "provider.aws"
                },
                "aws_subnet.database": {
                    "type": "aws_subnet",
                    "depends_on": [
                        "aws_vpc.this"
                    ],
                    "primary": {
                        "id": "subnet-24a0497e",
                        "attributes": {
                            "assign_ipv6_address_on_creation": "false",
                            "availability_zone": "eu-west-1c",
                            "cidr_block": "10.20.21.0/24",
                            "id": "subnet-24a0497e",
                            "map_public_ip_on_launch": "false",
                            "tags.%": "3",
                            "tags.Environment": "staging",
                            "tags.Name": "complete-example-db-eu-west-1c",
                            "tags.Owner": "user",
                            "vpc_id": "vpc-ca2e43ac"
                        },
                        "meta": {
                            "schema_version": "1"
                        },
                        "tainted": false
                    },
                    "deposed": [],
                    "provider": "provider.aws"
                },
                "aws_subnet.elasticache": {
                    "type": "aws_subnet",
                    "depends_on": [
                        "aws_vpc.this"
                    ],
                    "primary": {
                        "id": "subnet-23a74e79",
                        "attributes": {
                            "assign_ipv6_address_on_creation": "false",
                            "availability_zone": "eu-west-1c",
                            "cidr_block": "10.20.31.0/24",
                            "id": "subnet-23a74e79",
                            "map_public_ip_on_launch": "false",
                            "tags.%": "3",
                            "tags.Environment": "staging",
                            "tags.Name": "complete-example-elasticache-eu-west-1c",
                            "tags.Owner": "user",
                            "vpc_id": "vpc-ca2e43ac"
                        },
                        "meta": {
                            "schema_version": "1"
                        },
                        "tainted": false
                    },
                    "deposed": [],
                    "provider": "provider.aws"
                },
                "aws_subnet.private": {
                    "type": "aws_subnet",
                    "depends_on": [
                        "aws_vpc.this"
                    ],
                    "primary": {
                        "id": "subnet-ddba5387",
                        "attributes": {
                            "assign_ipv6_address_on_creation": "false",
                            "availability_zone": "eu-west-1c",
                            "cidr_block": "10.20.1.0/24",
                            "id": "subnet-ddba5387",
                            "map_public_ip_on_launch": "false",
                            "tags.%": "3",
                            "tags.Environment": "staging",
                            "tags.Name": "complete-example-private-eu-west-1c",
                            "tags.Owner": "user",
                            "vpc_id": "vpc-ca2e43ac"
                        },
                        "meta": {
                            "schema_version": "1"
                        },
                        "tainted": false
                    },
                    "deposed": [],
                    "provider": "provider.aws"
                },
                "aws_subnet.public": {
                    "type": "aws_subnet",
                    "depends_on": [
                        "aws_vpc.this"
                    ],
                    "primary": {
                        "id": "subnet-c5bf569f",
                        "attributes": {
                            "assign_ipv6_address_on_creation": "false",
                            "availability_zone": "eu-west-1c",
                            "cidr_block": "10.20.11.0/24",
                            "id": "subnet-c5bf569f",
                            "map_public_ip_on_launch": "true",
                            "tags.%": "3",
                            "tags.Environment": "staging",
                            "tags.Name": "complete-example-public-eu-west-1c",
                            "tags.Owner": "user",
                            "vpc_id": "vpc-ca2e43ac"
                        },
                        "meta": {
                            "schema_version": "1"
                        },
                        "tainted": false
                    },
                    "deposed": [],
                    "provider": "provider.aws"
                },
                "aws_subnet.redshift": {
                    "type": "aws_subnet",
                    "depends_on": [
                        "aws_vpc.this"
                    ],
                    "primary": {
                        "id": "subnet-80bc55da",
                        "attributes": {
                            "assign_ipv6_address_on_creation": "false",
                            "availability_zone": "eu-west-1c",
                            "cidr_block": "10.20.41.0/24",
                            "id": "subnet-80bc55da",
                            "map_public_ip_on_launch": "false",
                            "tags.%": "3",
                            "tags.Environment": "staging",
                            "tags.Name": "complete-example-redshift-eu-west-1c",
                            "tags.Owner": "user",
                            "vpc_id": "vpc-ca2e43ac"
                        },
                        "meta": {
                            "schema_version": "1"
                        },
                        "tainted": false
                    },
                    "deposed": [],
                    "provider": "provider.aws"
                },
                "aws_vpc.this": {
                    "type": "aws_vpc",
                    "depends_on": [],
                    "primary": {
                        "id": "vpc-ca2e43ac",
                        "attributes": {
                            "assign_generated_ipv6_cidr_block": "false",
                            "cidr_block": "10.20.0.0/16",
                            "default_network_acl_id": "acl-6ceff60a",
                            "default_route_table_id": "rtb-c99514b0",
                            "default_security_group_id": "sg-16a6046b",
                            "dhcp_options_id": "dopt-d05674b7",
                            "enable_classiclink": "false",
                            "enable_classiclink_dns_support": "false",
                            "enable_dns_hostnames": "false",
                            "enable_dns_support": "true",
                            "id": "vpc-ca2e43ac",
                            "instance_tenancy": "default",
                            "main_route_table_id": "rtb-c99514b0",
                            "tags.%": "3",
                            "tags.Environment": "staging",
                            "tags.Name": "complete-example",
                            "tags.Owner": "user"
                        },
                        "meta": {
                            "schema_version": "1"
                        },
                        "tainted": false
                    },
                    "deposed": [],
                    "provider": "provider.aws"
                },
                "aws_vpc_dhcp_options.this": {
                    "type": "aws_vpc_dhcp_options",
                    "depends_on": [],
                    "primary": {
                        "id": "dopt-d968b9bf",
                        "attributes": {
                            "domain_name": "service.consul",
                            "domain_name_servers.#": "2",
                            "domain_name_servers.0": "127.0.0.1",
                            "domain_name_servers.1": "10.20.0.2",
                            "id": "dopt-d968b9bf",
                            "tags.%": "3",
                            "tags.Environment": "staging",
                            "tags.Name": "complete-example",
                            "tags.Owner": "user"
                        },
                        "meta": {},
                        "tainted": false
                    },
                    "deposed": [],
                    "provider": "provider.aws"
                },
                "aws_vpc_dhcp_options_association.this": {
                    "type": "aws_vpc_dhcp_options_association",
                    "depends_on": [
                        "aws_vpc.this",
                        "aws_vpc_dhcp_options.this"
                    ],
                    "primary": {
                        "id": "dopt-d968b9bf-vpc-ca2e43ac",
                        "attributes": {
                            "dhcp_options_id": "dopt-d968b9bf",
                            "id": "dopt-d968b9bf-vpc-ca2e43ac",
                            "vpc_id": "vpc-ca2e43ac"
                        },
                        "meta": {},
                        "tainted": false
                    },
                    "deposed": [],
                    "provider": "provider.aws"
                },
                "aws_vpc_endpoint.dynamodb": {
                    "type": "aws_vpc_endpoint",
                    "depends_on": [
                        "aws_vpc.this",
                        "data.aws_vpc_endpoint_service.dynamodb"
                    ],
                    "primary": {
                        "id": "vpce-b52ee3dc",
                        "attributes": {
                            "cidr_blocks.#": "3",
                            "cidr_blocks.0": "52.94.5.0/24",
                            "cidr_blocks.1": "52.119.240.0/21",
                            "cidr_blocks.2": "52.94.24.0/23",
                            "dns_entry.#": "0",
                            "id": "vpce-b52ee3dc",
                            "network_interface_ids.#": "0",
                            "policy": "{\"Statement\":[{\"Action\":\"*\",\"Effect\":\"Allow\",\"Principal\":\"*\",\"Resource\":\"*\"}],\"Version\":\"2008-10-17\"}",
                            "prefix_list_id": "pl-6fa54006",
                            "private_dns_enabled": "false",
                            "route_table_ids.#": "0",
                            "security_group_ids.#": "0",
                            "service_name": "com.amazonaws.eu-west-1.dynamodb",
                            "state": "available",
                            "subnet_ids.#": "0",
                            "vpc_endpoint_type": "Gateway",
                            "vpc_id": "vpc-ca2e43ac"
                        },
                        "meta": {},
                        "tainted": false
                    },
                    "deposed": [],
                    "provider": "provider.aws"
                },
                "aws_vpc_endpoint.s3": {
                    "type": "aws_vpc_endpoint",
                    "depends_on": [
                        "aws_vpc.this",
                        "data.aws_vpc_endpoint_service.s3"
                    ],
                    "primary": {
                        "id": "vpce-b42ee3dd",
                        "attributes": {
                            "cidr_blocks.#": "2",
                            "cidr_blocks.0": "52.218.0.0/17",
                            "cidr_blocks.1": "54.231.128.0/19",
                            "dns_entry.#": "0",
                            "id": "vpce-b42ee3dd",
                            "network_interface_ids.#": "0",
                            "policy": "{\"Statement\":[{\"Action\":\"*\",\"Effect\":\"Allow\",\"Principal\":\"*\",\"Resource\":\"*\"}],\"Version\":\"2008-10-17\"}",
                            "prefix_list_id": "pl-6da54004",
                            "private_dns_enabled": "false",
                            "route_table_ids.#": "0",
                            "security_group_ids.#": "0",
                            "service_name": "com.amazonaws.eu-west-1.s3",
                            "state": "available",
                            "subnet_ids.#": "0",
                            "vpc_endpoint_type": "Gateway",
                            "vpc_id": "vpc-ca2e43ac"
                        },
                        "meta": {},
                        "tainted": false
                    },
                    "deposed": [],
                    "provider": "provider.aws"
                },
                "aws_vpc_endpoint_route_table_association.private_dynamodb": {
                    "type": "aws_vpc_endpoint_route_table_association",
                    "depends_on": [
                        "aws_route_table.private.*",
                        "aws_vpc_endpoint.dynamodb",
                        "local.nat_gateway_count"
                    ],
                    "primary": {
                        "id": "a-vpce-b52ee3dc2830895773",
                        "attributes": {
                            "id": "a-vpce-b52ee3dc2830895773",
                            "route_table_id": "rtb-39971640",
                            "vpc_endpoint_id": "vpce-b52ee3dc"
                        },
                        "meta": {},
                        "tainted": false
                    },
                    "deposed": [],
                    "provider": "provider.aws"
                },
                "aws_vpc_endpoint_route_table_association.public_dynamodb": {
                    "type": "aws_vpc_endpoint_route_table_association",
                    "depends_on": [
                        "aws_route_table.public",
                        "aws_vpc_endpoint.dynamodb"
                    ],
                    "primary": {
                        "id": "a-vpce-b52ee3dc2690810749",
                        "attributes": {
                            "id": "a-vpce-b52ee3dc2690810749",
                            "route_table_id": "rtb-de8b0aa7",
                            "vpc_endpoint_id": "vpce-b52ee3dc"
                        },
                        "meta": {},
                        "tainted": false
                    },
                    "deposed": [],
                    "provider": "provider.aws"
                },
                "aws_vpc_endpoint_route_table_association.public_s3": {
                    "type": "aws_vpc_endpoint_route_table_association",
                    "depends_on": [
                        "aws_route_table.public",
                        "aws_vpc_endpoint.s3"
                    ],
                    "primary": {
                        "id": "a-vpce-b42ee3dd2690810749",
                        "attributes": {
                            "id": "a-vpce-b42ee3dd2690810749",
                            "route_table_id": "rtb-de8b0aa7",
                            "vpc_endpoint_id": "vpce-b42ee3dd"
                        },
                        "meta": {},
                        "tainted": false
                    },
                    "deposed": [],
                    "provider": "provider.aws"
                },
                "aws_vpn_gateway.this": {
                    "type": "aws_vpn_gateway",
                    "depends_on": [
                        "aws_vpc.this"
                    ],
                    "primary": {
                        "id": "vgw-c00f31b4",
                        "attributes": {
                            "amazon_side_asn": "9059",
                            "id": "vgw-c00f31b4",
                            "tags.%": "3",
                            "tags.Environment": "staging",
                            "tags.Name": "complete-example",
                            "tags.Owner": "user",
                            "vpc_id": "vpc-ca2e43ac"
                        },
                        "meta": {},
                        "tainted": false
                    },
                    "deposed": [],
                    "provider": "provider.aws"
                },
                "data.aws_vpc_endpoint_service.dynamodb": {
                    "type": "aws_vpc_endpoint_service",
                    "depends_on": [],
                    "primary": {
                        "id": "3674500381",
                        "attributes": {
                            "acceptance_required": "false",
                            "availability_zones.#": "3",
                            "availability_zones.1924028850": "eu-west-1b",
                            "availability_zones.3953592328": "eu-west-1a",
                            "availability_zones.94988580": "eu-west-1c",
                            "base_endpoint_dns_names.#": "1",
                            "base_endpoint_dns_names.641233172": "dynamodb.eu-west-1.amazonaws.com",
                            "id": "3674500381",
                            "owner": "amazon",
                            "private_dns_name": "",
                            "service": "dynamodb",
                            "service_name": "com.amazonaws.eu-west-1.dynamodb",
                            "service_type": "Gateway",
                            "vpc_endpoint_policy_supported": "true"
                        },
                        "meta": {},
                        "tainted": false
                    },
                    "deposed": [],
                    "provider": "provider.aws"
                },
                "data.aws_vpc_endpoint_service.s3": {
                    "type": "aws_vpc_endpoint_service",
                    "depends_on": [],
                    "primary": {
                        "id": "3917145344",
                        "attributes": {
                            "acceptance_required": "false",
                            "availability_zones.#": "3",
                            "availability_zones.1924028850": "eu-west-1b",
                            "availability_zones.3953592328": "eu-west-1a",
                            "availability_zones.94988580": "eu-west-1c",
                            "base_endpoint_dns_names.#": "1",
                            "base_endpoint_dns_names.3522864364": "s3.eu-west-1.amazonaws.com",
                            "id": "3917145344",
                            "owner": "amazon",
                            "private_dns_name": "",
                            "service": "s3",
                            "service_name": "com.amazonaws.eu-west-1.s3",
                            "service_type": "Gateway",
                            "vpc_endpoint_policy_supported": "true"
                        },
                        "meta": {},
                        "tainted": false
                    },
                    "deposed": [],
                    "provider": "provider.aws"
                }
            },
            "depends_on": []
        }
    ]
}
