{
    "version": 3,
    "terraform_version": "0.11.7",
    "serial": 1,
    "lineage": "b871fe31-cba3-f8e6-7839-ccea70a0dac5",
    "modules": [
        {
            "path": [
                "root"
            ],
            "outputs": {},
            "resources": {
                "aws_internet_gateway.gw": {
                    "type": "aws_internet_gateway",
                    "depends_on": [
                        "aws_vpc.main"
                    ],
                    "primary": {
                        "id": "igw-59e6973e",
                        "attributes": {
                            "id": "igw-59e6973e",
                            "tags.%": "1",
                            "tags.Name": "Sample IGW",
                            "vpc_id": "vpc-7f492f19"
                        },
                        "meta": {},
                        "tainted": false
                    },
                    "deposed": [],
                    "provider": "provider.aws"
                },
                "aws_route_table.public_rt": {
                    "type": "aws_route_table",
                    "depends_on": [
                        "aws_internet_gateway.gw",
                        "aws_vpc.main"
                    ],
                    "primary": {
                        "id": "rtb-67952e1e",
                        "attributes": {
                            "id": "rtb-67952e1e",
                            "propagating_vgws.#": "0",
                            "route.#": "1",
                            "route.2412946954.cidr_block": "0.0.0.0/24",
                            "route.2412946954.egress_only_gateway_id": "",
                            "route.2412946954.gateway_id": "igw-59e6973e",
                            "route.2412946954.instance_id": "",
                            "route.2412946954.ipv6_cidr_block": "",
                            "route.2412946954.nat_gateway_id": "",
                            "route.2412946954.network_interface_id": "",
                            "route.2412946954.vpc_peering_connection_id": "",
                            "tags.%": "1",
                            "tags.Name": "Public_RT",
                            "vpc_id": "vpc-7f492f19"
                        },
                        "meta": {},
                        "tainted": false
                    },
                    "deposed": [],
                    "provider": "provider.aws"
                },
                "aws_route_table_association.associatePublic_RT.0": {
                    "type": "aws_route_table_association",
                    "depends_on": [
                        "aws_route_table.public_rt",
                        "aws_subnet.public.*"
                    ],
                    "primary": {
                        "id": "rtbassoc-89b194f1",
                        "attributes": {
                            "id": "rtbassoc-89b194f1",
                            "route_table_id": "rtb-67952e1e",
                            "subnet_id": "subnet-6b3f9d0d"
                        },
                        "meta": {},
                        "tainted": false
                    },
                    "deposed": [],
                    "provider": "provider.aws"
                },
                "aws_route_table_association.associatePublic_RT.1": {
                    "type": "aws_route_table_association",
                    "depends_on": [
                        "aws_route_table.public_rt",
                        "aws_subnet.public.*"
                    ],
                    "primary": {
                        "id": "rtbassoc-2db99c55",
                        "attributes": {
                            "id": "rtbassoc-2db99c55",
                            "route_table_id": "rtb-67952e1e",
                            "subnet_id": "subnet-fb52e1b3"
                        },
                        "meta": {},
                        "tainted": false
                    },
                    "deposed": [],
                    "provider": "provider.aws"
                },
                "aws_subnet.private.0": {
                    "type": "aws_subnet",
                    "depends_on": [
                        "aws_vpc.main"
                    ],
                    "primary": {
                        "id": "subnet-0b3f9d6d",
                        "attributes": {
                            "assign_ipv6_address_on_creation": "false",
                            "availability_zone": "eu-west-1a",
                            "cidr_block": "10.0.1.0/24",
                            "id": "subnet-0b3f9d6d",
                            "map_public_ip_on_launch": "false",
                            "tags.%": "1",
                            "tags.Name": "Private_subnet-1",
                            "vpc_id": "vpc-7f492f19"
                        },
                        "meta": {
                            "schema_version": "1"
                        },
                        "tainted": false
                    },
                    "deposed": [],
                    "provider": "provider.aws"
                },
                "aws_subnet.private.1": {
                    "type": "aws_subnet",
                    "depends_on": [
                        "aws_vpc.main"
                    ],
                    "primary": {
                        "id": "subnet-c568db8d",
                        "attributes": {
                            "assign_ipv6_address_on_creation": "false",
                            "availability_zone": "eu-west-1b",
                            "cidr_block": "10.0.2.0/24",
                            "id": "subnet-c568db8d",
                            "map_public_ip_on_launch": "false",
                            "tags.%": "1",
                            "tags.Name": "Private_subnet-2",
                            "vpc_id": "vpc-7f492f19"
                        },
                        "meta": {
                            "schema_version": "1"
                        },
                        "tainted": false
                    },
                    "deposed": [],
                    "provider": "provider.aws"
                },
                "aws_subnet.public.0": {
                    "type": "aws_subnet",
                    "depends_on": [
                        "aws_vpc.main"
                    ],
                    "primary": {
                        "id": "subnet-6b3f9d0d",
                        "attributes": {
                            "assign_ipv6_address_on_creation": "false",
                            "availability_zone": "eu-west-1a",
                            "cidr_block": "10.0.3.0/24",
                            "id": "subnet-6b3f9d0d",
                            "map_public_ip_on_launch": "false",
                            "tags.%": "1",
                            "tags.Name": "Public_subnet-1",
                            "vpc_id": "vpc-7f492f19"
                        },
                        "meta": {
                            "schema_version": "1"
                        },
                        "tainted": false
                    },
                    "deposed": [],
                    "provider": "provider.aws"
                },
                "aws_subnet.public.1": {
                    "type": "aws_subnet",
                    "depends_on": [
                        "aws_vpc.main"
                    ],
                    "primary": {
                        "id": "subnet-fb52e1b3",
                        "attributes": {
                            "assign_ipv6_address_on_creation": "false",
                            "availability_zone": "eu-west-1b",
                            "cidr_block": "10.0.4.0/24",
                            "id": "subnet-fb52e1b3",
                            "map_public_ip_on_launch": "false",
                            "tags.%": "1",
                            "tags.Name": "Public_subnet-2",
                            "vpc_id": "vpc-7f492f19"
                        },
                        "meta": {
                            "schema_version": "1"
                        },
                        "tainted": false
                    },
                    "deposed": [],
                    "provider": "provider.aws"
                },
                "aws_vpc.main": {
                    "type": "aws_vpc",
                    "depends_on": [],
                    "primary": {
                        "id": "vpc-7f492f19",
                        "attributes": {
                            "assign_generated_ipv6_cidr_block": "false",
                            "cidr_block": "10.0.0.0/16",
                            "default_network_acl_id": "acl-e3d6c485",
                            "default_route_table_id": "rtb-9d9229e4",
                            "default_security_group_id": "sg-2e1fca53",
                            "dhcp_options_id": "dopt-d05674b7",
                            "enable_classiclink": "false",
                            "enable_classiclink_dns_support": "false",
                            "enable_dns_hostnames": "false",
                            "enable_dns_support": "true",
                            "id": "vpc-7f492f19",
                            "instance_tenancy": "default",
                            "main_route_table_id": "rtb-9d9229e4",
                            "tags.%": "1",
                            "tags.Name": "Jakub's VPC"
                        },
                        "meta": {
                            "schema_version": "1"
                        },
                        "tainted": false
                    },
                    "deposed": [],
                    "provider": "provider.aws"
                }
            },
            "depends_on": []
        }
    ]
}
