{
    "version": 3,
    "terraform_version": "0.11.7",
    "serial": 23,
    "lineage": "49558fe3-e358-6cc3-adb0-43435f0881a4",
    "modules": [
        {
            "path": [
                "root"
            ],
            "outputs": {
                "database_subnets": {
                    "sensitive": false,
                    "type": "list",
                    "value": [
                        "subnet-c57bd6a3",
                        "subnet-7fa01237",
                        "subnet-501ef20a"
                    ]
                },
                "elasticache_subnets": {
                    "sensitive": false,
                    "type": "list",
                    "value": [
                        "subnet-b878d5de",
                        "subnet-c6ab198e",
                        "subnet-b419f5ee"
                    ]
                },
                "nat_public_ips": {
                    "sensitive": false,
                    "type": "list",
                    "value": [
                        "52.51.254.216",
                        "52.51.254.213",
                        "52.51.254.209"
                    ]
                },
                "private_subnets": {
                    "sensitive": false,
                    "type": "list",
                    "value": [
                        "subnet-6c7ad70a",
                        "subnet-68a31120",
                        "subnet-961bf7cc"
                    ]
                },
                "public_subnets": {
                    "sensitive": false,
                    "type": "list",
                    "value": [
                        "subnet-de67cab8",
                        "subnet-bea614f6",
                        "subnet-971bf7cd"
                    ]
                },
                "redshift_subnets": {
                    "sensitive": false,
                    "type": "list",
                    "value": [
                        "subnet-3565c853",
                        "subnet-04a2104c",
                        "subnet-2516fa7f"
                    ]
                },
                "vpc_id": {
                    "sensitive": false,
                    "type": "string",
                    "value": "vpc-4a52332c"
                }
            },
            "resources": {},
            "depends_on": []
        },
        {
            "path": [
                "root",
                "vote_service_sg"
            ],
            "outputs": {
                "this_security_group_description": {
                    "sensitive": false,
                    "type": "string",
                    "value": "Security group for user-service with custom ports open within VPC, and PostgreSQL publicly open"
                },
                "this_security_group_id": {
                    "sensitive": false,
                    "type": "string",
                    "value": "sg-0790437a"
                },
                "this_security_group_name": {
                    "sensitive": false,
                    "type": "string",
                    "value": "user-service"
                },
                "this_security_group_owner_id": {
                    "sensitive": false,
                    "type": "string",
                    "value": "919783428286"
                },
                "this_security_group_vpc_id": {
                    "sensitive": false,
                    "type": "string",
                    "value": "vpc-4a52332c"
                }
            },
            "resources": {
                "aws_security_group.this": {
                    "type": "aws_security_group",
                    "depends_on": [],
                    "primary": {
                        "id": "sg-0790437a",
                        "attributes": {
                            "arn": "arn:aws:ec2:eu-west-1:919783428286:security-group/sg-0790437a",
                            "description": "Security group for user-service with custom ports open within VPC, and PostgreSQL publicly open",
                            "egress.#": "0",
                            "id": "sg-0790437a",
                            "ingress.#": "0",
                            "name": "user-service",
                            "owner_id": "919783428286",
                            "revoke_rules_on_delete": "false",
                            "tags.%": "1",
                            "tags.Name": "user-service",
                            "vpc_id": "vpc-4a52332c"
                        },
                        "meta": {
                            "e2bfb730-ecaa-11e6-8f88-34363bc7c4c0": {
                                "create": 600000000000,
                                "delete": 600000000000
                            },
                            "schema_version": "1"
                        },
                        "tainted": false
                    },
                    "deposed": [],
                    "provider": "provider.aws"
                },
                "aws_security_group_rule.ingress_rules": {
                    "type": "aws_security_group_rule",
                    "depends_on": [
                        "aws_security_group.this"
                    ],
                    "primary": {
                        "id": "sgrule-1193761987",
                        "attributes": {
                            "cidr_blocks.#": "1",
                            "cidr_blocks.0": "10.10.0.0/16",
                            "description": "HTTPS",
                            "from_port": "443",
                            "id": "sgrule-1193761987",
                            "protocol": "tcp",
                            "security_group_id": "sg-0790437a",
                            "self": "false",
                            "to_port": "443",
                            "type": "ingress"
                        },
                        "meta": {
                            "schema_version": "2"
                        },
                        "tainted": false
                    },
                    "deposed": [],
                    "provider": "provider.aws"
                },
                "aws_security_group_rule.ingress_with_cidr_blocks.0": {
                    "type": "aws_security_group_rule",
                    "depends_on": [
                        "aws_security_group.this"
                    ],
                    "primary": {
                        "id": "sgrule-3076397936",
                        "attributes": {
                            "cidr_blocks.#": "1",
                            "cidr_blocks.0": "10.10.0.0/16",
                            "description": "User-service ports",
                            "from_port": "8080",
                            "id": "sgrule-3076397936",
                            "protocol": "tcp",
                            "security_group_id": "sg-0790437a",
                            "self": "false",
                            "to_port": "8090",
                            "type": "ingress"
                        },
                        "meta": {
                            "schema_version": "2"
                        },
                        "tainted": false
                    },
                    "deposed": [],
                    "provider": "provider.aws"
                },
                "aws_security_group_rule.ingress_with_cidr_blocks.1": {
                    "type": "aws_security_group_rule",
                    "depends_on": [
                        "aws_security_group.this"
                    ],
                    "primary": {
                        "id": "sgrule-1410776880",
                        "attributes": {
                            "cidr_blocks.#": "1",
                            "cidr_blocks.0": "0.0.0.0/0",
                            "description": "Ingress Rule",
                            "from_port": "5432",
                            "id": "sgrule-1410776880",
                            "protocol": "tcp",
                            "security_group_id": "sg-0790437a",
                            "self": "false",
                            "to_port": "5432",
                            "type": "ingress"
                        },
                        "meta": {
                            "schema_version": "2"
                        },
                        "tainted": false
                    },
                    "deposed": [],
                    "provider": "provider.aws"
                }
            },
            "depends_on": []
        },
        {
            "path": [
                "root",
                "vpc"
            ],
            "outputs": {
                "database_subnet_group": {
                    "sensitive": false,
                    "type": "string",
                    "value": ""
                },
                "database_subnets": {
                    "sensitive": false,
                    "type": "list",
                    "value": [
                        "subnet-c57bd6a3",
                        "subnet-7fa01237",
                        "subnet-501ef20a"
                    ]
                },
                "database_subnets_cidr_blocks": {
                    "sensitive": false,
                    "type": "list",
                    "value": [
                        "10.10.21.0/24",
                        "10.10.22.0/24",
                        "10.10.23.0/24"
                    ]
                },
                "default_network_acl_id": {
                    "sensitive": false,
                    "type": "string",
                    "value": "acl-28f5e84e"
                },
                "default_route_table_id": {
                    "sensitive": false,
                    "type": "string",
                    "value": "rtb-cf348eb6"
                },
                "default_security_group_id": {
                    "sensitive": false,
                    "type": "string",
                    "value": "sg-bf62b2c2"
                },
                "default_vpc_cidr_block": {
                    "sensitive": false,
                    "type": "string",
                    "value": ""
                },
                "default_vpc_default_network_acl_id": {
                    "sensitive": false,
                    "type": "string",
                    "value": ""
                },
                "default_vpc_default_route_table_id": {
                    "sensitive": false,
                    "type": "string",
                    "value": ""
                },
                "default_vpc_default_security_group_id": {
                    "sensitive": false,
                    "type": "string",
                    "value": ""
                },
                "default_vpc_enable_dns_hostnames": {
                    "sensitive": false,
                    "type": "string",
                    "value": ""
                },
                "default_vpc_enable_dns_support": {
                    "sensitive": false,
                    "type": "string",
                    "value": ""
                },
                "default_vpc_id": {
                    "sensitive": false,
                    "type": "string",
                    "value": ""
                },
                "default_vpc_instance_tenancy": {
                    "sensitive": false,
                    "type": "string",
                    "value": ""
                },
                "default_vpc_main_route_table_id": {
                    "sensitive": false,
                    "type": "string",
                    "value": ""
                },
                "elasticache_subnet_group": {
                    "sensitive": false,
                    "type": "string",
                    "value": "complete-example"
                },
                "elasticache_subnet_group_name": {
                    "sensitive": false,
                    "type": "string",
                    "value": "complete-example"
                },
                "elasticache_subnets": {
                    "sensitive": false,
                    "type": "list",
                    "value": [
                        "subnet-b878d5de",
                        "subnet-c6ab198e",
                        "subnet-b419f5ee"
                    ]
                },
                "elasticache_subnets_cidr_blocks": {
                    "sensitive": false,
                    "type": "list",
                    "value": [
                        "10.10.31.0/24",
                        "10.10.32.0/24",
                        "10.10.33.0/24"
                    ]
                },
                "igw_id": {
                    "sensitive": false,
                    "type": "string",
                    "value": "igw-4f433328"
                },
                "nat_ids": {
                    "sensitive": false,
                    "type": "list",
                    "value": [
                        "eipalloc-65ee9a58",
                        "eipalloc-d0e296ed",
                        "eipalloc-aced9991"
                    ]
                },
                "nat_public_ips": {
                    "sensitive": false,
                    "type": "list",
                    "value": [
                        "52.51.254.216",
                        "52.51.254.213",
                        "52.51.254.209"
                    ]
                },
                "natgw_ids": {
                    "sensitive": false,
                    "type": "list",
                    "value": [
                        "nat-0953258783935d796",
                        "nat-0ab8618b0baf460f9",
                        "nat-0b2a7fe13b690973e"
                    ]
                },
                "private_route_table_ids": {
                    "sensitive": false,
                    "type": "list",
                    "value": [
                        "rtb-0739837e",
                        "rtb-ce348eb7",
                        "rtb-203e8459"
                    ]
                },
                "private_subnets": {
                    "sensitive": false,
                    "type": "list",
                    "value": [
                        "subnet-6c7ad70a",
                        "subnet-68a31120",
                        "subnet-961bf7cc"
                    ]
                },
                "private_subnets_cidr_blocks": {
                    "sensitive": false,
                    "type": "list",
                    "value": [
                        "10.10.1.0/24",
                        "10.10.2.0/24",
                        "10.10.3.0/24"
                    ]
                },
                "public_route_table_ids": {
                    "sensitive": false,
                    "type": "list",
                    "value": [
                        "rtb-5b46fc22"
                    ]
                },
                "public_subnets": {
                    "sensitive": false,
                    "type": "list",
                    "value": [
                        "subnet-de67cab8",
                        "subnet-bea614f6",
                        "subnet-971bf7cd"
                    ]
                },
                "public_subnets_cidr_blocks": {
                    "sensitive": false,
                    "type": "list",
                    "value": [
                        "10.10.11.0/24",
                        "10.10.12.0/24",
                        "10.10.13.0/24"
                    ]
                },
                "redshift_subnet_group": {
                    "sensitive": false,
                    "type": "string",
                    "value": "complete-example"
                },
                "redshift_subnets": {
                    "sensitive": false,
                    "type": "list",
                    "value": [
                        "subnet-3565c853",
                        "subnet-04a2104c",
                        "subnet-2516fa7f"
                    ]
                },
                "redshift_subnets_cidr_blocks": {
                    "sensitive": false,
                    "type": "list",
                    "value": [
                        "10.10.41.0/24",
                        "10.10.42.0/24",
                        "10.10.43.0/24"
                    ]
                },
                "vgw_id": {
                    "sensitive": false,
                    "type": "string",
                    "value": "vgw-7e19270a"
                },
                "vpc_cidr_block": {
                    "sensitive": false,
                    "type": "string",
                    "value": "10.10.0.0/16"
                },
                "vpc_enable_dns_hostnames": {
                    "sensitive": false,
                    "type": "string",
                    "value": "false"
                },
                "vpc_enable_dns_support": {
                    "sensitive": false,
                    "type": "string",
                    "value": "true"
                },
                "vpc_endpoint_dynamodb_id": {
                    "sensitive": false,
                    "type": "string",
                    "value": "vpce-66e72a0f"
                },
                "vpc_endpoint_dynamodb_pl_id": {
                    "sensitive": false,
                    "type": "string",
                    "value": "pl-6fa54006"
                },
                "vpc_endpoint_s3_id": {
                    "sensitive": false,
                    "type": "string",
                    "value": "vpce-8de22fe4"
                },
                "vpc_endpoint_s3_pl_id": {
                    "sensitive": false,
                    "type": "string",
                    "value": "pl-6da54004"
                },
                "vpc_id": {
                    "sensitive": false,
                    "type": "string",
                    "value": "vpc-4a52332c"
                },
                "vpc_instance_tenancy": {
                    "sensitive": false,
                    "type": "string",
                    "value": "default"
                },
                "vpc_main_route_table_id": {
                    "sensitive": false,
                    "type": "string",
                    "value": "rtb-cf348eb6"
                }
            },
            "resources": {
                "aws_eip.nat.0": {
                    "type": "aws_eip",
                    "depends_on": [
                        "local.nat_gateway_count"
                    ],
                    "primary": {
                        "id": "eipalloc-65ee9a58",
                        "attributes": {
                            "association_id": "eipassoc-c138813d",
                            "domain": "vpc",
                            "id": "eipalloc-65ee9a58",
                            "instance": "",
                            "network_interface": "eni-49a3f869",
                            "private_ip": "10.10.11.167",
                            "public_ip": "52.51.254.216",
                            "tags.%": "3",
                            "tags.Environment": "staging",
                            "tags.Name": "complete-example-eu-west-1a",
                            "tags.Owner": "user",
                            "vpc": "true"
                        },
                        "meta": {
                            "e2bfb730-ecaa-11e6-8f88-34363bc7c4c0": {
                                "delete": 180000000000,
                                "read": 900000000000,
                                "update": 300000000000
                            }
                        },
                        "tainted": false
                    },
                    "deposed": [],
                    "provider": "provider.aws"
                },
                "aws_eip.nat.1": {
                    "type": "aws_eip",
                    "depends_on": [
                        "local.nat_gateway_count"
                    ],
                    "primary": {
                        "id": "eipalloc-d0e296ed",
                        "attributes": {
                            "association_id": "eipassoc-58e94a95",
                            "domain": "vpc",
                            "id": "eipalloc-d0e296ed",
                            "instance": "",
                            "network_interface": "eni-c3d5cdf1",
                            "private_ip": "10.10.12.185",
                            "public_ip": "52.51.254.213",
                            "tags.%": "3",
                            "tags.Environment": "staging",
                            "tags.Name": "complete-example-eu-west-1b",
                            "tags.Owner": "user",
                            "vpc": "true"
                        },
                        "meta": {
                            "e2bfb730-ecaa-11e6-8f88-34363bc7c4c0": {
                                "delete": 180000000000,
                                "read": 900000000000,
                                "update": 300000000000
                            }
                        },
                        "tainted": false
                    },
                    "deposed": [],
                    "provider": "provider.aws"
                },
                "aws_eip.nat.2": {
                    "type": "aws_eip",
                    "depends_on": [
                        "local.nat_gateway_count"
                    ],
                    "primary": {
                        "id": "eipalloc-aced9991",
                        "attributes": {
                            "association_id": "eipassoc-44e61e9e",
                            "domain": "vpc",
                            "id": "eipalloc-aced9991",
                            "instance": "",
                            "network_interface": "eni-d21688d6",
                            "private_ip": "10.10.13.20",
                            "public_ip": "52.51.254.209",
                            "tags.%": "3",
                            "tags.Environment": "staging",
                            "tags.Name": "complete-example-eu-west-1c",
                            "tags.Owner": "user",
                            "vpc": "true"
                        },
                        "meta": {
                            "e2bfb730-ecaa-11e6-8f88-34363bc7c4c0": {
                                "delete": 180000000000,
                                "read": 900000000000,
                                "update": 300000000000
                            }
                        },
                        "tainted": false
                    },
                    "deposed": [],
                    "provider": "provider.aws"
                },
                "aws_elasticache_subnet_group.elasticache": {
                    "type": "aws_elasticache_subnet_group",
                    "depends_on": [
                        "aws_subnet.elasticache.*"
                    ],
                    "primary": {
                        "id": "complete-example",
                        "attributes": {
                            "description": "ElastiCache subnet group for complete-example",
                            "id": "complete-example",
                            "name": "complete-example",
                            "subnet_ids.#": "3",
                            "subnet_ids.1351246688": "subnet-c6ab198e",
                            "subnet_ids.2276208783": "subnet-b878d5de",
                            "subnet_ids.405236124": "subnet-b419f5ee"
                        },
                        "meta": {},
                        "tainted": false
                    },
                    "deposed": [],
                    "provider": "provider.aws"
                },
                "aws_internet_gateway.this": {
                    "type": "aws_internet_gateway",
                    "depends_on": [
                        "aws_vpc.this"
                    ],
                    "primary": {
                        "id": "igw-4f433328",
                        "attributes": {
                            "id": "igw-4f433328",
                            "tags.%": "3",
                            "tags.Environment": "staging",
                            "tags.Name": "complete-example",
                            "tags.Owner": "user",
                            "vpc_id": "vpc-4a52332c"
                        },
                        "meta": {},
                        "tainted": false
                    },
                    "deposed": [],
                    "provider": "provider.aws"
                },
                "aws_nat_gateway.this.0": {
                    "type": "aws_nat_gateway",
                    "depends_on": [
                        "aws_internet_gateway.this",
                        "aws_subnet.public.*",
                        "local.nat_gateway_count",
                        "local.nat_gateway_ips"
                    ],
                    "primary": {
                        "id": "nat-0953258783935d796",
                        "attributes": {
                            "allocation_id": "eipalloc-65ee9a58",
                            "id": "nat-0953258783935d796",
                            "network_interface_id": "eni-49a3f869",
                            "private_ip": "10.10.11.167",
                            "public_ip": "52.51.254.216",
                            "subnet_id": "subnet-de67cab8",
                            "tags.%": "3",
                            "tags.Environment": "staging",
                            "tags.Name": "complete-example-eu-west-1a",
                            "tags.Owner": "user"
                        },
                        "meta": {},
                        "tainted": false
                    },
                    "deposed": [],
                    "provider": "provider.aws"
                },
                "aws_nat_gateway.this.1": {
                    "type": "aws_nat_gateway",
                    "depends_on": [
                        "aws_internet_gateway.this",
                        "aws_subnet.public.*",
                        "local.nat_gateway_count",
                        "local.nat_gateway_ips"
                    ],
                    "primary": {
                        "id": "nat-0ab8618b0baf460f9",
                        "attributes": {
                            "allocation_id": "eipalloc-d0e296ed",
                            "id": "nat-0ab8618b0baf460f9",
                            "network_interface_id": "eni-c3d5cdf1",
                            "private_ip": "10.10.12.185",
                            "public_ip": "52.51.254.213",
                            "subnet_id": "subnet-bea614f6",
                            "tags.%": "3",
                            "tags.Environment": "staging",
                            "tags.Name": "complete-example-eu-west-1b",
                            "tags.Owner": "user"
                        },
                        "meta": {},
                        "tainted": false
                    },
                    "deposed": [],
                    "provider": "provider.aws"
                },
                "aws_nat_gateway.this.2": {
                    "type": "aws_nat_gateway",
                    "depends_on": [
                        "aws_internet_gateway.this",
                        "aws_subnet.public.*",
                        "local.nat_gateway_count",
                        "local.nat_gateway_ips"
                    ],
                    "primary": {
                        "id": "nat-0b2a7fe13b690973e",
                        "attributes": {
                            "allocation_id": "eipalloc-aced9991",
                            "id": "nat-0b2a7fe13b690973e",
                            "network_interface_id": "eni-d21688d6",
                            "private_ip": "10.10.13.20",
                            "public_ip": "52.51.254.209",
                            "subnet_id": "subnet-971bf7cd",
                            "tags.%": "3",
                            "tags.Environment": "staging",
                            "tags.Name": "complete-example-eu-west-1c",
                            "tags.Owner": "user"
                        },
                        "meta": {},
                        "tainted": false
                    },
                    "deposed": [],
                    "provider": "provider.aws"
                },
                "aws_redshift_subnet_group.redshift": {
                    "type": "aws_redshift_subnet_group",
                    "depends_on": [
                        "aws_subnet.redshift.*"
                    ],
                    "primary": {
                        "id": "complete-example",
                        "attributes": {
                            "description": "Redshift subnet group for complete-example",
                            "id": "complete-example",
                            "name": "complete-example",
                            "subnet_ids.#": "3",
                            "subnet_ids.1856542737": "subnet-04a2104c",
                            "subnet_ids.320335423": "subnet-2516fa7f",
                            "subnet_ids.4171007549": "subnet-3565c853",
                            "tags.%": "3",
                            "tags.Environment": "staging",
                            "tags.Name": "complete-example",
                            "tags.Owner": "user"
                        },
                        "meta": {},
                        "tainted": false
                    },
                    "deposed": [],
                    "provider": "provider.aws"
                },
                "aws_route.private_nat_gateway.0": {
                    "type": "aws_route",
                    "depends_on": [
                        "aws_nat_gateway.this.*",
                        "aws_route_table.private.*",
                        "local.nat_gateway_count"
                    ],
                    "primary": {
                        "id": "r-rtb-0739837e1080289494",
                        "attributes": {
                            "destination_cidr_block": "0.0.0.0/0",
                            "destination_prefix_list_id": "",
                            "egress_only_gateway_id": "",
                            "gateway_id": "",
                            "id": "r-rtb-0739837e1080289494",
                            "instance_id": "",
                            "instance_owner_id": "",
                            "nat_gateway_id": "nat-0953258783935d796",
                            "network_interface_id": "",
                            "origin": "CreateRoute",
                            "route_table_id": "rtb-0739837e",
                            "state": "active",
                            "vpc_peering_connection_id": ""
                        },
                        "meta": {
                            "e2bfb730-ecaa-11e6-8f88-34363bc7c4c0": {
                                "create": 300000000000,
                                "delete": 300000000000
                            }
                        },
                        "tainted": false
                    },
                    "deposed": [],
                    "provider": "provider.aws"
                },
                "aws_route.private_nat_gateway.1": {
                    "type": "aws_route",
                    "depends_on": [
                        "aws_nat_gateway.this.*",
                        "aws_route_table.private.*",
                        "local.nat_gateway_count"
                    ],
                    "primary": {
                        "id": "r-rtb-ce348eb71080289494",
                        "attributes": {
                            "destination_cidr_block": "0.0.0.0/0",
                            "destination_prefix_list_id": "",
                            "egress_only_gateway_id": "",
                            "gateway_id": "",
                            "id": "r-rtb-ce348eb71080289494",
                            "instance_id": "",
                            "instance_owner_id": "",
                            "nat_gateway_id": "nat-0ab8618b0baf460f9",
                            "network_interface_id": "",
                            "origin": "CreateRoute",
                            "route_table_id": "rtb-ce348eb7",
                            "state": "active",
                            "vpc_peering_connection_id": ""
                        },
                        "meta": {
                            "e2bfb730-ecaa-11e6-8f88-34363bc7c4c0": {
                                "create": 300000000000,
                                "delete": 300000000000
                            }
                        },
                        "tainted": false
                    },
                    "deposed": [],
                    "provider": "provider.aws"
                },
                "aws_route.private_nat_gateway.2": {
                    "type": "aws_route",
                    "depends_on": [
                        "aws_nat_gateway.this.*",
                        "aws_route_table.private.*",
                        "local.nat_gateway_count"
                    ],
                    "primary": {
                        "id": "r-rtb-203e84591080289494",
                        "attributes": {
                            "destination_cidr_block": "0.0.0.0/0",
                            "destination_prefix_list_id": "",
                            "egress_only_gateway_id": "",
                            "gateway_id": "",
                            "id": "r-rtb-203e84591080289494",
                            "instance_id": "",
                            "instance_owner_id": "",
                            "nat_gateway_id": "nat-0b2a7fe13b690973e",
                            "network_interface_id": "",
                            "origin": "CreateRoute",
                            "route_table_id": "rtb-203e8459",
                            "state": "active",
                            "vpc_peering_connection_id": ""
                        },
                        "meta": {
                            "e2bfb730-ecaa-11e6-8f88-34363bc7c4c0": {
                                "create": 300000000000,
                                "delete": 300000000000
                            }
                        },
                        "tainted": false
                    },
                    "deposed": [],
                    "provider": "provider.aws"
                },
                "aws_route.public_internet_gateway": {
                    "type": "aws_route",
                    "depends_on": [
                        "aws_internet_gateway.this",
                        "aws_route_table.public"
                    ],
                    "primary": {
                        "id": "r-rtb-5b46fc221080289494",
                        "attributes": {
                            "destination_cidr_block": "0.0.0.0/0",
                            "destination_prefix_list_id": "",
                            "egress_only_gateway_id": "",
                            "gateway_id": "igw-4f433328",
                            "id": "r-rtb-5b46fc221080289494",
                            "instance_id": "",
                            "instance_owner_id": "",
                            "nat_gateway_id": "",
                            "network_interface_id": "",
                            "origin": "CreateRoute",
                            "route_table_id": "rtb-5b46fc22",
                            "state": "active",
                            "vpc_peering_connection_id": ""
                        },
                        "meta": {
                            "e2bfb730-ecaa-11e6-8f88-34363bc7c4c0": {
                                "create": 300000000000,
                                "delete": 300000000000
                            }
                        },
                        "tainted": false
                    },
                    "deposed": [],
                    "provider": "provider.aws"
                },
                "aws_route_table.private.0": {
                    "type": "aws_route_table",
                    "depends_on": [
                        "aws_vpc.this",
                        "local.max_subnet_length",
                        "local.nat_gateway_count"
                    ],
                    "primary": {
                        "id": "rtb-0739837e",
                        "attributes": {
                            "id": "rtb-0739837e",
                            "propagating_vgws.#": "0",
                            "route.#": "1",
                            "route.44655768.cidr_block": "0.0.0.0/0",
                            "route.44655768.egress_only_gateway_id": "",
                            "route.44655768.gateway_id": "",
                            "route.44655768.instance_id": "",
                            "route.44655768.ipv6_cidr_block": "",
                            "route.44655768.nat_gateway_id": "nat-0953258783935d796",
                            "route.44655768.network_interface_id": "",
                            "route.44655768.vpc_peering_connection_id": "",
                            "tags.%": "3",
                            "tags.Environment": "staging",
                            "tags.Name": "complete-example-private-eu-west-1a",
                            "tags.Owner": "user",
                            "vpc_id": "vpc-4a52332c"
                        },
                        "meta": {},
                        "tainted": false
                    },
                    "deposed": [],
                    "provider": "provider.aws"
                },
                "aws_route_table.private.1": {
                    "type": "aws_route_table",
                    "depends_on": [
                        "aws_vpc.this",
                        "local.max_subnet_length",
                        "local.nat_gateway_count"
                    ],
                    "primary": {
                        "id": "rtb-ce348eb7",
                        "attributes": {
                            "id": "rtb-ce348eb7",
                            "propagating_vgws.#": "0",
                            "route.#": "1",
                            "route.1977550804.cidr_block": "0.0.0.0/0",
                            "route.1977550804.egress_only_gateway_id": "",
                            "route.1977550804.gateway_id": "",
                            "route.1977550804.instance_id": "",
                            "route.1977550804.ipv6_cidr_block": "",
                            "route.1977550804.nat_gateway_id": "nat-0ab8618b0baf460f9",
                            "route.1977550804.network_interface_id": "",
                            "route.1977550804.vpc_peering_connection_id": "",
                            "tags.%": "3",
                            "tags.Environment": "staging",
                            "tags.Name": "complete-example-private-eu-west-1b",
                            "tags.Owner": "user",
                            "vpc_id": "vpc-4a52332c"
                        },
                        "meta": {},
                        "tainted": false
                    },
                    "deposed": [],
                    "provider": "provider.aws"
                },
                "aws_route_table.private.2": {
                    "type": "aws_route_table",
                    "depends_on": [
                        "aws_vpc.this",
                        "local.max_subnet_length",
                        "local.nat_gateway_count"
                    ],
                    "primary": {
                        "id": "rtb-203e8459",
                        "attributes": {
                            "id": "rtb-203e8459",
                            "propagating_vgws.#": "0",
                            "route.#": "1",
                            "route.1775579389.cidr_block": "0.0.0.0/0",
                            "route.1775579389.egress_only_gateway_id": "",
                            "route.1775579389.gateway_id": "",
                            "route.1775579389.instance_id": "",
                            "route.1775579389.ipv6_cidr_block": "",
                            "route.1775579389.nat_gateway_id": "nat-0b2a7fe13b690973e",
                            "route.1775579389.network_interface_id": "",
                            "route.1775579389.vpc_peering_connection_id": "",
                            "tags.%": "3",
                            "tags.Environment": "staging",
                            "tags.Name": "complete-example-private-eu-west-1c",
                            "tags.Owner": "user",
                            "vpc_id": "vpc-4a52332c"
                        },
                        "meta": {},
                        "tainted": false
                    },
                    "deposed": [],
                    "provider": "provider.aws"
                },
                "aws_route_table.public": {
                    "type": "aws_route_table",
                    "depends_on": [
                        "aws_vpc.this"
                    ],
                    "primary": {
                        "id": "rtb-5b46fc22",
                        "attributes": {
                            "id": "rtb-5b46fc22",
                            "propagating_vgws.#": "0",
                            "route.#": "1",
                            "route.3905335449.cidr_block": "0.0.0.0/0",
                            "route.3905335449.egress_only_gateway_id": "",
                            "route.3905335449.gateway_id": "igw-4f433328",
                            "route.3905335449.instance_id": "",
                            "route.3905335449.ipv6_cidr_block": "",
                            "route.3905335449.nat_gateway_id": "",
                            "route.3905335449.network_interface_id": "",
                            "route.3905335449.vpc_peering_connection_id": "",
                            "tags.%": "3",
                            "tags.Environment": "staging",
                            "tags.Name": "complete-example-public",
                            "tags.Owner": "user",
                            "vpc_id": "vpc-4a52332c"
                        },
                        "meta": {},
                        "tainted": false
                    },
                    "deposed": [],
                    "provider": "provider.aws"
                },
                "aws_route_table_association.database.0": {
                    "type": "aws_route_table_association",
                    "depends_on": [
                        "aws_route_table.private.*",
                        "aws_subnet.database.*"
                    ],
                    "primary": {
                        "id": "rtbassoc-25ad8a5d",
                        "attributes": {
                            "id": "rtbassoc-25ad8a5d",
                            "route_table_id": "rtb-0739837e",
                            "subnet_id": "subnet-c57bd6a3"
                        },
                        "meta": {},
                        "tainted": false
                    },
                    "deposed": [],
                    "provider": "provider.aws"
                },
                "aws_route_table_association.database.1": {
                    "type": "aws_route_table_association",
                    "depends_on": [
                        "aws_route_table.private.*",
                        "aws_subnet.database.*"
                    ],
                    "primary": {
                        "id": "rtbassoc-4bb49333",
                        "attributes": {
                            "id": "rtbassoc-4bb49333",
                            "route_table_id": "rtb-ce348eb7",
                            "subnet_id": "subnet-7fa01237"
                        },
                        "meta": {},
                        "tainted": false
                    },
                    "deposed": [],
                    "provider": "provider.aws"
                },
                "aws_route_table_association.database.2": {
                    "type": "aws_route_table_association",
                    "depends_on": [
                        "aws_route_table.private.*",
                        "aws_subnet.database.*"
                    ],
                    "primary": {
                        "id": "rtbassoc-d6b691ae",
                        "attributes": {
                            "id": "rtbassoc-d6b691ae",
                            "route_table_id": "rtb-203e8459",
                            "subnet_id": "subnet-501ef20a"
                        },
                        "meta": {},
                        "tainted": false
                    },
                    "deposed": [],
                    "provider": "provider.aws"
                },
                "aws_route_table_association.elasticache.0": {
                    "type": "aws_route_table_association",
                    "depends_on": [
                        "aws_route_table.private.*",
                        "aws_subnet.elasticache.*"
                    ],
                    "primary": {
                        "id": "rtbassoc-0ba18673",
                        "attributes": {
                            "id": "rtbassoc-0ba18673",
                            "route_table_id": "rtb-0739837e",
                            "subnet_id": "subnet-b878d5de"
                        },
                        "meta": {},
                        "tainted": false
                    },
                    "deposed": [],
                    "provider": "provider.aws"
                },
                "aws_route_table_association.elasticache.1": {
                    "type": "aws_route_table_association",
                    "depends_on": [
                        "aws_route_table.private.*",
                        "aws_subnet.elasticache.*"
                    ],
                    "primary": {
                        "id": "rtbassoc-94ac8bec",
                        "attributes": {
                            "id": "rtbassoc-94ac8bec",
                            "route_table_id": "rtb-ce348eb7",
                            "subnet_id": "subnet-c6ab198e"
                        },
                        "meta": {},
                        "tainted": false
                    },
                    "deposed": [],
                    "provider": "provider.aws"
                },
                "aws_route_table_association.elasticache.2": {
                    "type": "aws_route_table_association",
                    "depends_on": [
                        "aws_route_table.private.*",
                        "aws_subnet.elasticache.*"
                    ],
                    "primary": {
                        "id": "rtbassoc-4ab49332",
                        "attributes": {
                            "id": "rtbassoc-4ab49332",
                            "route_table_id": "rtb-203e8459",
                            "subnet_id": "subnet-b419f5ee"
                        },
                        "meta": {},
                        "tainted": false
                    },
                    "deposed": [],
                    "provider": "provider.aws"
                },
                "aws_route_table_association.private.0": {
                    "type": "aws_route_table_association",
                    "depends_on": [
                        "aws_route_table.private.*",
                        "aws_subnet.private.*"
                    ],
                    "primary": {
                        "id": "rtbassoc-94a384ec",
                        "attributes": {
                            "id": "rtbassoc-94a384ec",
                            "route_table_id": "rtb-0739837e",
                            "subnet_id": "subnet-6c7ad70a"
                        },
                        "meta": {},
                        "tainted": false
                    },
                    "deposed": [],
                    "provider": "provider.aws"
                },
                "aws_route_table_association.private.1": {
                    "type": "aws_route_table_association",
                    "depends_on": [
                        "aws_route_table.private.*",
                        "aws_subnet.private.*"
                    ],
                    "primary": {
                        "id": "rtbassoc-fab79082",
                        "attributes": {
                            "id": "rtbassoc-fab79082",
                            "route_table_id": "rtb-ce348eb7",
                            "subnet_id": "subnet-68a31120"
                        },
                        "meta": {},
                        "tainted": false
                    },
                    "deposed": [],
                    "provider": "provider.aws"
                },
                "aws_route_table_association.private.2": {
                    "type": "aws_route_table_association",
                    "depends_on": [
                        "aws_route_table.private.*",
                        "aws_subnet.private.*"
                    ],
                    "primary": {
                        "id": "rtbassoc-09b59271",
                        "attributes": {
                            "id": "rtbassoc-09b59271",
                            "route_table_id": "rtb-203e8459",
                            "subnet_id": "subnet-961bf7cc"
                        },
                        "meta": {},
                        "tainted": false
                    },
                    "deposed": [],
                    "provider": "provider.aws"
                },
                "aws_route_table_association.public.0": {
                    "type": "aws_route_table_association",
                    "depends_on": [
                        "aws_route_table.public",
                        "aws_subnet.public.*"
                    ],
                    "primary": {
                        "id": "rtbassoc-27ad8a5f",
                        "attributes": {
                            "id": "rtbassoc-27ad8a5f",
                            "route_table_id": "rtb-5b46fc22",
                            "subnet_id": "subnet-de67cab8"
                        },
                        "meta": {},
                        "tainted": false
                    },
                    "deposed": [],
                    "provider": "provider.aws"
                },
                "aws_route_table_association.public.1": {
                    "type": "aws_route_table_association",
                    "depends_on": [
                        "aws_route_table.public",
                        "aws_subnet.public.*"
                    ],
                    "primary": {
                        "id": "rtbassoc-22a2855a",
                        "attributes": {
                            "id": "rtbassoc-22a2855a",
                            "route_table_id": "rtb-5b46fc22",
                            "subnet_id": "subnet-bea614f6"
                        },
                        "meta": {},
                        "tainted": false
                    },
                    "deposed": [],
                    "provider": "provider.aws"
                },
                "aws_route_table_association.public.2": {
                    "type": "aws_route_table_association",
                    "depends_on": [
                        "aws_route_table.public",
                        "aws_subnet.public.*"
                    ],
                    "primary": {
                        "id": "rtbassoc-8da98ef5",
                        "attributes": {
                            "id": "rtbassoc-8da98ef5",
                            "route_table_id": "rtb-5b46fc22",
                            "subnet_id": "subnet-971bf7cd"
                        },
                        "meta": {},
                        "tainted": false
                    },
                    "deposed": [],
                    "provider": "provider.aws"
                },
                "aws_route_table_association.redshift.0": {
                    "type": "aws_route_table_association",
                    "depends_on": [
                        "aws_route_table.private.*",
                        "aws_subnet.redshift.*"
                    ],
                    "primary": {
                        "id": "rtbassoc-26ad8a5e",
                        "attributes": {
                            "id": "rtbassoc-26ad8a5e",
                            "route_table_id": "rtb-0739837e",
                            "subnet_id": "subnet-3565c853"
                        },
                        "meta": {},
                        "tainted": false
                    },
                    "deposed": [],
                    "provider": "provider.aws"
                },
                "aws_route_table_association.redshift.1": {
                    "type": "aws_route_table_association",
                    "depends_on": [
                        "aws_route_table.private.*",
                        "aws_subnet.redshift.*"
                    ],
                    "primary": {
                        "id": "rtbassoc-fbac8b83",
                        "attributes": {
                            "id": "rtbassoc-fbac8b83",
                            "route_table_id": "rtb-ce348eb7",
                            "subnet_id": "subnet-04a2104c"
                        },
                        "meta": {},
                        "tainted": false
                    },
                    "deposed": [],
                    "provider": "provider.aws"
                },
                "aws_route_table_association.redshift.2": {
                    "type": "aws_route_table_association",
                    "depends_on": [
                        "aws_route_table.private.*",
                        "aws_subnet.redshift.*"
                    ],
                    "primary": {
                        "id": "rtbassoc-b9a88fc1",
                        "attributes": {
                            "id": "rtbassoc-b9a88fc1",
                            "route_table_id": "rtb-203e8459",
                            "subnet_id": "subnet-2516fa7f"
                        },
                        "meta": {},
                        "tainted": false
                    },
                    "deposed": [],
                    "provider": "provider.aws"
                },
                "aws_subnet.database.0": {
                    "type": "aws_subnet",
                    "depends_on": [
                        "aws_vpc.this"
                    ],
                    "primary": {
                        "id": "subnet-c57bd6a3",
                        "attributes": {
                            "assign_ipv6_address_on_creation": "false",
                            "availability_zone": "eu-west-1a",
                            "cidr_block": "10.10.21.0/24",
                            "id": "subnet-c57bd6a3",
                            "map_public_ip_on_launch": "false",
                            "tags.%": "3",
                            "tags.Environment": "staging",
                            "tags.Name": "complete-example-db-eu-west-1a",
                            "tags.Owner": "user",
                            "vpc_id": "vpc-4a52332c"
                        },
                        "meta": {
                            "schema_version": "1"
                        },
                        "tainted": false
                    },
                    "deposed": [],
                    "provider": "provider.aws"
                },
                "aws_subnet.database.1": {
                    "type": "aws_subnet",
                    "depends_on": [
                        "aws_vpc.this"
                    ],
                    "primary": {
                        "id": "subnet-7fa01237",
                        "attributes": {
                            "assign_ipv6_address_on_creation": "false",
                            "availability_zone": "eu-west-1b",
                            "cidr_block": "10.10.22.0/24",
                            "id": "subnet-7fa01237",
                            "map_public_ip_on_launch": "false",
                            "tags.%": "3",
                            "tags.Environment": "staging",
                            "tags.Name": "complete-example-db-eu-west-1b",
                            "tags.Owner": "user",
                            "vpc_id": "vpc-4a52332c"
                        },
                        "meta": {
                            "schema_version": "1"
                        },
                        "tainted": false
                    },
                    "deposed": [],
                    "provider": "provider.aws"
                },
                "aws_subnet.database.2": {
                    "type": "aws_subnet",
                    "depends_on": [
                        "aws_vpc.this"
                    ],
                    "primary": {
                        "id": "subnet-501ef20a",
                        "attributes": {
                            "assign_ipv6_address_on_creation": "false",
                            "availability_zone": "eu-west-1c",
                            "cidr_block": "10.10.23.0/24",
                            "id": "subnet-501ef20a",
                            "map_public_ip_on_launch": "false",
                            "tags.%": "3",
                            "tags.Environment": "staging",
                            "tags.Name": "complete-example-db-eu-west-1c",
                            "tags.Owner": "user",
                            "vpc_id": "vpc-4a52332c"
                        },
                        "meta": {
                            "schema_version": "1"
                        },
                        "tainted": false
                    },
                    "deposed": [],
                    "provider": "provider.aws"
                },
                "aws_subnet.elasticache.0": {
                    "type": "aws_subnet",
                    "depends_on": [
                        "aws_vpc.this"
                    ],
                    "primary": {
                        "id": "subnet-b878d5de",
                        "attributes": {
                            "assign_ipv6_address_on_creation": "false",
                            "availability_zone": "eu-west-1a",
                            "cidr_block": "10.10.31.0/24",
                            "id": "subnet-b878d5de",
                            "map_public_ip_on_launch": "false",
                            "tags.%": "3",
                            "tags.Environment": "staging",
                            "tags.Name": "complete-example-elasticache-eu-west-1a",
                            "tags.Owner": "user",
                            "vpc_id": "vpc-4a52332c"
                        },
                        "meta": {
                            "schema_version": "1"
                        },
                        "tainted": false
                    },
                    "deposed": [],
                    "provider": "provider.aws"
                },
                "aws_subnet.elasticache.1": {
                    "type": "aws_subnet",
                    "depends_on": [
                        "aws_vpc.this"
                    ],
                    "primary": {
                        "id": "subnet-c6ab198e",
                        "attributes": {
                            "assign_ipv6_address_on_creation": "false",
                            "availability_zone": "eu-west-1b",
                            "cidr_block": "10.10.32.0/24",
                            "id": "subnet-c6ab198e",
                            "map_public_ip_on_launch": "false",
                            "tags.%": "3",
                            "tags.Environment": "staging",
                            "tags.Name": "complete-example-elasticache-eu-west-1b",
                            "tags.Owner": "user",
                            "vpc_id": "vpc-4a52332c"
                        },
                        "meta": {
                            "schema_version": "1"
                        },
                        "tainted": false
                    },
                    "deposed": [],
                    "provider": "provider.aws"
                },
                "aws_subnet.elasticache.2": {
                    "type": "aws_subnet",
                    "depends_on": [
                        "aws_vpc.this"
                    ],
                    "primary": {
                        "id": "subnet-b419f5ee",
                        "attributes": {
                            "assign_ipv6_address_on_creation": "false",
                            "availability_zone": "eu-west-1c",
                            "cidr_block": "10.10.33.0/24",
                            "id": "subnet-b419f5ee",
                            "map_public_ip_on_launch": "false",
                            "tags.%": "3",
                            "tags.Environment": "staging",
                            "tags.Name": "complete-example-elasticache-eu-west-1c",
                            "tags.Owner": "user",
                            "vpc_id": "vpc-4a52332c"
                        },
                        "meta": {
                            "schema_version": "1"
                        },
                        "tainted": false
                    },
                    "deposed": [],
                    "provider": "provider.aws"
                },
                "aws_subnet.private.0": {
                    "type": "aws_subnet",
                    "depends_on": [
                        "aws_vpc.this"
                    ],
                    "primary": {
                        "id": "subnet-6c7ad70a",
                        "attributes": {
                            "assign_ipv6_address_on_creation": "false",
                            "availability_zone": "eu-west-1a",
                            "cidr_block": "10.10.1.0/24",
                            "id": "subnet-6c7ad70a",
                            "map_public_ip_on_launch": "false",
                            "tags.%": "3",
                            "tags.Environment": "staging",
                            "tags.Name": "complete-example-private-eu-west-1a",
                            "tags.Owner": "user",
                            "vpc_id": "vpc-4a52332c"
                        },
                        "meta": {
                            "schema_version": "1"
                        },
                        "tainted": false
                    },
                    "deposed": [],
                    "provider": "provider.aws"
                },
                "aws_subnet.private.1": {
                    "type": "aws_subnet",
                    "depends_on": [
                        "aws_vpc.this"
                    ],
                    "primary": {
                        "id": "subnet-68a31120",
                        "attributes": {
                            "assign_ipv6_address_on_creation": "false",
                            "availability_zone": "eu-west-1b",
                            "cidr_block": "10.10.2.0/24",
                            "id": "subnet-68a31120",
                            "map_public_ip_on_launch": "false",
                            "tags.%": "3",
                            "tags.Environment": "staging",
                            "tags.Name": "complete-example-private-eu-west-1b",
                            "tags.Owner": "user",
                            "vpc_id": "vpc-4a52332c"
                        },
                        "meta": {
                            "schema_version": "1"
                        },
                        "tainted": false
                    },
                    "deposed": [],
                    "provider": "provider.aws"
                },
                "aws_subnet.private.2": {
                    "type": "aws_subnet",
                    "depends_on": [
                        "aws_vpc.this"
                    ],
                    "primary": {
                        "id": "subnet-961bf7cc",
                        "attributes": {
                            "assign_ipv6_address_on_creation": "false",
                            "availability_zone": "eu-west-1c",
                            "cidr_block": "10.10.3.0/24",
                            "id": "subnet-961bf7cc",
                            "map_public_ip_on_launch": "false",
                            "tags.%": "3",
                            "tags.Environment": "staging",
                            "tags.Name": "complete-example-private-eu-west-1c",
                            "tags.Owner": "user",
                            "vpc_id": "vpc-4a52332c"
                        },
                        "meta": {
                            "schema_version": "1"
                        },
                        "tainted": false
                    },
                    "deposed": [],
                    "provider": "provider.aws"
                },
                "aws_subnet.public.0": {
                    "type": "aws_subnet",
                    "depends_on": [
                        "aws_vpc.this"
                    ],
                    "primary": {
                        "id": "subnet-de67cab8",
                        "attributes": {
                            "assign_ipv6_address_on_creation": "false",
                            "availability_zone": "eu-west-1a",
                            "cidr_block": "10.10.11.0/24",
                            "id": "subnet-de67cab8",
                            "map_public_ip_on_launch": "true",
                            "tags.%": "3",
                            "tags.Environment": "staging",
                            "tags.Name": "complete-example-public-eu-west-1a",
                            "tags.Owner": "user",
                            "vpc_id": "vpc-4a52332c"
                        },
                        "meta": {
                            "schema_version": "1"
                        },
                        "tainted": false
                    },
                    "deposed": [],
                    "provider": "provider.aws"
                },
                "aws_subnet.public.1": {
                    "type": "aws_subnet",
                    "depends_on": [
                        "aws_vpc.this"
                    ],
                    "primary": {
                        "id": "subnet-bea614f6",
                        "attributes": {
                            "assign_ipv6_address_on_creation": "false",
                            "availability_zone": "eu-west-1b",
                            "cidr_block": "10.10.12.0/24",
                            "id": "subnet-bea614f6",
                            "map_public_ip_on_launch": "true",
                            "tags.%": "3",
                            "tags.Environment": "staging",
                            "tags.Name": "complete-example-public-eu-west-1b",
                            "tags.Owner": "user",
                            "vpc_id": "vpc-4a52332c"
                        },
                        "meta": {
                            "schema_version": "1"
                        },
                        "tainted": false
                    },
                    "deposed": [],
                    "provider": "provider.aws"
                },
                "aws_subnet.public.2": {
                    "type": "aws_subnet",
                    "depends_on": [
                        "aws_vpc.this"
                    ],
                    "primary": {
                        "id": "subnet-971bf7cd",
                        "attributes": {
                            "assign_ipv6_address_on_creation": "false",
                            "availability_zone": "eu-west-1c",
                            "cidr_block": "10.10.13.0/24",
                            "id": "subnet-971bf7cd",
                            "map_public_ip_on_launch": "true",
                            "tags.%": "3",
                            "tags.Environment": "staging",
                            "tags.Name": "complete-example-public-eu-west-1c",
                            "tags.Owner": "user",
                            "vpc_id": "vpc-4a52332c"
                        },
                        "meta": {
                            "schema_version": "1"
                        },
                        "tainted": false
                    },
                    "deposed": [],
                    "provider": "provider.aws"
                },
                "aws_subnet.redshift.0": {
                    "type": "aws_subnet",
                    "depends_on": [
                        "aws_vpc.this"
                    ],
                    "primary": {
                        "id": "subnet-3565c853",
                        "attributes": {
                            "assign_ipv6_address_on_creation": "false",
                            "availability_zone": "eu-west-1a",
                            "cidr_block": "10.10.41.0/24",
                            "id": "subnet-3565c853",
                            "map_public_ip_on_launch": "false",
                            "tags.%": "3",
                            "tags.Environment": "staging",
                            "tags.Name": "complete-example-redshift-eu-west-1a",
                            "tags.Owner": "user",
                            "vpc_id": "vpc-4a52332c"
                        },
                        "meta": {
                            "schema_version": "1"
                        },
                        "tainted": false
                    },
                    "deposed": [],
                    "provider": "provider.aws"
                },
                "aws_subnet.redshift.1": {
                    "type": "aws_subnet",
                    "depends_on": [
                        "aws_vpc.this"
                    ],
                    "primary": {
                        "id": "subnet-04a2104c",
                        "attributes": {
                            "assign_ipv6_address_on_creation": "false",
                            "availability_zone": "eu-west-1b",
                            "cidr_block": "10.10.42.0/24",
                            "id": "subnet-04a2104c",
                            "map_public_ip_on_launch": "false",
                            "tags.%": "3",
                            "tags.Environment": "staging",
                            "tags.Name": "complete-example-redshift-eu-west-1b",
                            "tags.Owner": "user",
                            "vpc_id": "vpc-4a52332c"
                        },
                        "meta": {
                            "schema_version": "1"
                        },
                        "tainted": false
                    },
                    "deposed": [],
                    "provider": "provider.aws"
                },
                "aws_subnet.redshift.2": {
                    "type": "aws_subnet",
                    "depends_on": [
                        "aws_vpc.this"
                    ],
                    "primary": {
                        "id": "subnet-2516fa7f",
                        "attributes": {
                            "assign_ipv6_address_on_creation": "false",
                            "availability_zone": "eu-west-1c",
                            "cidr_block": "10.10.43.0/24",
                            "id": "subnet-2516fa7f",
                            "map_public_ip_on_launch": "false",
                            "tags.%": "3",
                            "tags.Environment": "staging",
                            "tags.Name": "complete-example-redshift-eu-west-1c",
                            "tags.Owner": "user",
                            "vpc_id": "vpc-4a52332c"
                        },
                        "meta": {
                            "schema_version": "1"
                        },
                        "tainted": false
                    },
                    "deposed": [],
                    "provider": "provider.aws"
                },
                "aws_vpc.this": {
                    "type": "aws_vpc",
                    "depends_on": [],
                    "primary": {
                        "id": "vpc-4a52332c",
                        "attributes": {
                            "assign_generated_ipv6_cidr_block": "false",
                            "cidr_block": "10.10.0.0/16",
                            "default_network_acl_id": "acl-28f5e84e",
                            "default_route_table_id": "rtb-cf348eb6",
                            "default_security_group_id": "sg-bf62b2c2",
                            "dhcp_options_id": "dopt-258a5e43",
                            "enable_classiclink": "false",
                            "enable_classiclink_dns_support": "false",
                            "enable_dns_hostnames": "false",
                            "enable_dns_support": "true",
                            "id": "vpc-4a52332c",
                            "instance_tenancy": "default",
                            "main_route_table_id": "rtb-cf348eb6",
                            "tags.%": "3",
                            "tags.Environment": "staging",
                            "tags.Name": "complete-example",
                            "tags.Owner": "user"
                        },
                        "meta": {
                            "schema_version": "1"
                        },
                        "tainted": false
                    },
                    "deposed": [],
                    "provider": "provider.aws"
                },
                "aws_vpc_dhcp_options.this": {
                    "type": "aws_vpc_dhcp_options",
                    "depends_on": [],
                    "primary": {
                        "id": "dopt-258a5e43",
                        "attributes": {
                            "domain_name": "service.consul",
                            "domain_name_servers.#": "2",
                            "domain_name_servers.0": "127.0.0.1",
                            "domain_name_servers.1": "10.10.0.2",
                            "id": "dopt-258a5e43",
                            "tags.%": "3",
                            "tags.Environment": "staging",
                            "tags.Name": "complete-example",
                            "tags.Owner": "user"
                        },
                        "meta": {},
                        "tainted": false
                    },
                    "deposed": [],
                    "provider": "provider.aws"
                },
                "aws_vpc_dhcp_options_association.this": {
                    "type": "aws_vpc_dhcp_options_association",
                    "depends_on": [
                        "aws_vpc.this",
                        "aws_vpc_dhcp_options.this"
                    ],
                    "primary": {
                        "id": "dopt-258a5e43-vpc-4a52332c",
                        "attributes": {
                            "dhcp_options_id": "dopt-258a5e43",
                            "id": "dopt-258a5e43-vpc-4a52332c",
                            "vpc_id": "vpc-4a52332c"
                        },
                        "meta": {},
                        "tainted": false
                    },
                    "deposed": [],
                    "provider": "provider.aws"
                },
                "aws_vpc_endpoint.dynamodb": {
                    "type": "aws_vpc_endpoint",
                    "depends_on": [
                        "aws_vpc.this",
                        "data.aws_vpc_endpoint_service.dynamodb"
                    ],
                    "primary": {
                        "id": "vpce-66e72a0f",
                        "attributes": {
                            "cidr_blocks.#": "3",
                            "cidr_blocks.0": "52.94.5.0/24",
                            "cidr_blocks.1": "52.119.240.0/21",
                            "cidr_blocks.2": "52.94.24.0/23",
                            "dns_entry.#": "0",
                            "id": "vpce-66e72a0f",
                            "network_interface_ids.#": "0",
                            "policy": "{\"Statement\":[{\"Action\":\"*\",\"Effect\":\"Allow\",\"Principal\":\"*\",\"Resource\":\"*\"}],\"Version\":\"2008-10-17\"}",
                            "prefix_list_id": "pl-6fa54006",
                            "private_dns_enabled": "false",
                            "route_table_ids.#": "4",
                            "route_table_ids.1241946579": "rtb-5b46fc22",
                            "route_table_ids.210625052": "rtb-203e8459",
                            "route_table_ids.2661520188": "rtb-ce348eb7",
                            "route_table_ids.591958269": "rtb-0739837e",
                            "security_group_ids.#": "0",
                            "service_name": "com.amazonaws.eu-west-1.dynamodb",
                            "state": "available",
                            "subnet_ids.#": "0",
                            "vpc_endpoint_type": "Gateway",
                            "vpc_id": "vpc-4a52332c"
                        },
                        "meta": {},
                        "tainted": false
                    },
                    "deposed": [],
                    "provider": "provider.aws"
                },
                "aws_vpc_endpoint.s3": {
                    "type": "aws_vpc_endpoint",
                    "depends_on": [
                        "aws_vpc.this",
                        "data.aws_vpc_endpoint_service.s3"
                    ],
                    "primary": {
                        "id": "vpce-8de22fe4",
                        "attributes": {
                            "cidr_blocks.#": "2",
                            "cidr_blocks.0": "52.218.0.0/17",
                            "cidr_blocks.1": "54.231.128.0/19",
                            "dns_entry.#": "0",
                            "id": "vpce-8de22fe4",
                            "network_interface_ids.#": "0",
                            "policy": "{\"Statement\":[{\"Action\":\"*\",\"Effect\":\"Allow\",\"Principal\":\"*\",\"Resource\":\"*\"}],\"Version\":\"2008-10-17\"}",
                            "prefix_list_id": "pl-6da54004",
                            "private_dns_enabled": "false",
                            "route_table_ids.#": "4",
                            "route_table_ids.1241946579": "rtb-5b46fc22",
                            "route_table_ids.210625052": "rtb-203e8459",
                            "route_table_ids.2661520188": "rtb-ce348eb7",
                            "route_table_ids.591958269": "rtb-0739837e",
                            "security_group_ids.#": "0",
                            "service_name": "com.amazonaws.eu-west-1.s3",
                            "state": "available",
                            "subnet_ids.#": "0",
                            "vpc_endpoint_type": "Gateway",
                            "vpc_id": "vpc-4a52332c"
                        },
                        "meta": {},
                        "tainted": false
                    },
                    "deposed": [],
                    "provider": "provider.aws"
                },
                "aws_vpc_endpoint_route_table_association.private_dynamodb.0": {
                    "type": "aws_vpc_endpoint_route_table_association",
                    "depends_on": [
                        "aws_route_table.private.*",
                        "aws_vpc_endpoint.dynamodb",
                        "local.nat_gateway_count"
                    ],
                    "primary": {
                        "id": "a-vpce-66e72a0f591958269",
                        "attributes": {
                            "id": "a-vpce-66e72a0f591958269",
                            "route_table_id": "rtb-0739837e",
                            "vpc_endpoint_id": "vpce-66e72a0f"
                        },
                        "meta": {},
                        "tainted": false
                    },
                    "deposed": [],
                    "provider": "provider.aws"
                },
                "aws_vpc_endpoint_route_table_association.private_dynamodb.1": {
                    "type": "aws_vpc_endpoint_route_table_association",
                    "depends_on": [
                        "aws_route_table.private.*",
                        "aws_vpc_endpoint.dynamodb",
                        "local.nat_gateway_count"
                    ],
                    "primary": {
                        "id": "a-vpce-66e72a0f2661520188",
                        "attributes": {
                            "id": "a-vpce-66e72a0f2661520188",
                            "route_table_id": "rtb-ce348eb7",
                            "vpc_endpoint_id": "vpce-66e72a0f"
                        },
                        "meta": {},
                        "tainted": false
                    },
                    "deposed": [],
                    "provider": "provider.aws"
                },
                "aws_vpc_endpoint_route_table_association.private_dynamodb.2": {
                    "type": "aws_vpc_endpoint_route_table_association",
                    "depends_on": [
                        "aws_route_table.private.*",
                        "aws_vpc_endpoint.dynamodb",
                        "local.nat_gateway_count"
                    ],
                    "primary": {
                        "id": "a-vpce-66e72a0f210625052",
                        "attributes": {
                            "id": "a-vpce-66e72a0f210625052",
                            "route_table_id": "rtb-203e8459",
                            "vpc_endpoint_id": "vpce-66e72a0f"
                        },
                        "meta": {},
                        "tainted": false
                    },
                    "deposed": [],
                    "provider": "provider.aws"
                },
                "aws_vpc_endpoint_route_table_association.private_s3.0": {
                    "type": "aws_vpc_endpoint_route_table_association",
                    "depends_on": [
                        "aws_route_table.private.*",
                        "aws_vpc_endpoint.s3",
                        "local.nat_gateway_count"
                    ],
                    "primary": {
                        "id": "a-vpce-8de22fe4591958269",
                        "attributes": {
                            "id": "a-vpce-8de22fe4591958269",
                            "route_table_id": "rtb-0739837e",
                            "vpc_endpoint_id": "vpce-8de22fe4"
                        },
                        "meta": {},
                        "tainted": false
                    },
                    "deposed": [],
                    "provider": "provider.aws"
                },
                "aws_vpc_endpoint_route_table_association.private_s3.1": {
                    "type": "aws_vpc_endpoint_route_table_association",
                    "depends_on": [
                        "aws_route_table.private.*",
                        "aws_vpc_endpoint.s3",
                        "local.nat_gateway_count"
                    ],
                    "primary": {
                        "id": "a-vpce-8de22fe42661520188",
                        "attributes": {
                            "id": "a-vpce-8de22fe42661520188",
                            "route_table_id": "rtb-ce348eb7",
                            "vpc_endpoint_id": "vpce-8de22fe4"
                        },
                        "meta": {},
                        "tainted": false
                    },
                    "deposed": [],
                    "provider": "provider.aws"
                },
                "aws_vpc_endpoint_route_table_association.private_s3.2": {
                    "type": "aws_vpc_endpoint_route_table_association",
                    "depends_on": [
                        "aws_route_table.private.*",
                        "aws_vpc_endpoint.s3",
                        "local.nat_gateway_count"
                    ],
                    "primary": {
                        "id": "a-vpce-8de22fe4210625052",
                        "attributes": {
                            "id": "a-vpce-8de22fe4210625052",
                            "route_table_id": "rtb-203e8459",
                            "vpc_endpoint_id": "vpce-8de22fe4"
                        },
                        "meta": {},
                        "tainted": false
                    },
                    "deposed": [],
                    "provider": "provider.aws"
                },
                "aws_vpc_endpoint_route_table_association.public_dynamodb": {
                    "type": "aws_vpc_endpoint_route_table_association",
                    "depends_on": [
                        "aws_route_table.public",
                        "aws_vpc_endpoint.dynamodb"
                    ],
                    "primary": {
                        "id": "a-vpce-66e72a0f1241946579",
                        "attributes": {
                            "id": "a-vpce-66e72a0f1241946579",
                            "route_table_id": "rtb-5b46fc22",
                            "vpc_endpoint_id": "vpce-66e72a0f"
                        },
                        "meta": {},
                        "tainted": false
                    },
                    "deposed": [],
                    "provider": "provider.aws"
                },
                "aws_vpc_endpoint_route_table_association.public_s3": {
                    "type": "aws_vpc_endpoint_route_table_association",
                    "depends_on": [
                        "aws_route_table.public",
                        "aws_vpc_endpoint.s3"
                    ],
                    "primary": {
                        "id": "a-vpce-8de22fe41241946579",
                        "attributes": {
                            "id": "a-vpce-8de22fe41241946579",
                            "route_table_id": "rtb-5b46fc22",
                            "vpc_endpoint_id": "vpce-8de22fe4"
                        },
                        "meta": {},
                        "tainted": false
                    },
                    "deposed": [],
                    "provider": "provider.aws"
                },
                "aws_vpn_gateway.this": {
                    "type": "aws_vpn_gateway",
                    "depends_on": [
                        "aws_vpc.this"
                    ],
                    "primary": {
                        "id": "vgw-7e19270a",
                        "attributes": {
                            "amazon_side_asn": "9059",
                            "id": "vgw-7e19270a",
                            "tags.%": "3",
                            "tags.Environment": "staging",
                            "tags.Name": "complete-example",
                            "tags.Owner": "user",
                            "vpc_id": "vpc-4a52332c"
                        },
                        "meta": {},
                        "tainted": false
                    },
                    "deposed": [],
                    "provider": "provider.aws"
                },
                "data.aws_vpc_endpoint_service.dynamodb": {
                    "type": "aws_vpc_endpoint_service",
                    "depends_on": [],
                    "primary": {
                        "id": "3674500381",
                        "attributes": {
                            "acceptance_required": "false",
                            "availability_zones.#": "3",
                            "availability_zones.1924028850": "eu-west-1b",
                            "availability_zones.3953592328": "eu-west-1a",
                            "availability_zones.94988580": "eu-west-1c",
                            "base_endpoint_dns_names.#": "1",
                            "base_endpoint_dns_names.641233172": "dynamodb.eu-west-1.amazonaws.com",
                            "id": "3674500381",
                            "owner": "amazon",
                            "private_dns_name": "",
                            "service": "dynamodb",
                            "service_name": "com.amazonaws.eu-west-1.dynamodb",
                            "service_type": "Gateway",
                            "vpc_endpoint_policy_supported": "true"
                        },
                        "meta": {},
                        "tainted": false
                    },
                    "deposed": [],
                    "provider": "provider.aws"
                },
                "data.aws_vpc_endpoint_service.s3": {
                    "type": "aws_vpc_endpoint_service",
                    "depends_on": [],
                    "primary": {
                        "id": "3917145344",
                        "attributes": {
                            "acceptance_required": "false",
                            "availability_zones.#": "3",
                            "availability_zones.1924028850": "eu-west-1b",
                            "availability_zones.3953592328": "eu-west-1a",
                            "availability_zones.94988580": "eu-west-1c",
                            "base_endpoint_dns_names.#": "1",
                            "base_endpoint_dns_names.3522864364": "s3.eu-west-1.amazonaws.com",
                            "id": "3917145344",
                            "owner": "amazon",
                            "private_dns_name": "",
                            "service": "s3",
                            "service_name": "com.amazonaws.eu-west-1.s3",
                            "service_type": "Gateway",
                            "vpc_endpoint_policy_supported": "true"
                        },
                        "meta": {},
                        "tainted": false
                    },
                    "deposed": [],
                    "provider": "provider.aws"
                }
            },
            "depends_on": []
        }
    ]
}
