{
    "version": 3,
    "terraform_version": "0.11.7",
    "serial": 24,
    "lineage": "d4fd166d-b21e-8693-bf0a-55a3858899f2",
    "modules": [
        {
            "path": [
                "root"
            ],
            "outputs": {
                "database_subnets": {
                    "sensitive": false,
                    "type": "list",
                    "value": [
                        "subnet-8ee053e8",
                        "subnet-b5ba3afd",
                        "subnet-61d82a3b"
                    ]
                },
                "elasticache_subnets": {
                    "sensitive": false,
                    "type": "list",
                    "value": [
                        "subnet-4ed16228",
                        "subnet-60b73728",
                        "subnet-9bc230c1"
                    ]
                },
                "nat_public_ips": {
                    "sensitive": false,
                    "type": "list",
                    "value": [
                        "52.16.100.90",
                        "34.253.5.189",
                        "34.247.208.239"
                    ]
                },
                "private_subnets": {
                    "sensitive": false,
                    "type": "list",
                    "value": [
                        "subnet-19ec5f7f",
                        "subnet-e7ae2eaf",
                        "subnet-72d52728"
                    ]
                },
                "public_subnets": {
                    "sensitive": false,
                    "type": "list",
                    "value": [
                        "subnet-d2ea59b4",
                        "subnet-72b0303a",
                        "subnet-d5de2c8f"
                    ]
                },
                "redshift_subnets": {
                    "sensitive": false,
                    "type": "list",
                    "value": [
                        "subnet-23e55645",
                        "subnet-3eb93976",
                        "subnet-70dc2e2a"
                    ]
                },
                "vpc_id": {
                    "sensitive": false,
                    "type": "string",
                    "value": "vpc-4a9def2c"
                }
            },
            "resources": {
                "data.aws_ami.amazon_linux": {
                    "type": "aws_ami",
                    "depends_on": [],
                    "primary": {
                        "id": "ami-ca0135b3",
                        "attributes": {
                            "architecture": "x86_64",
                            "block_device_mappings.#": "1",
                            "block_device_mappings.340275815.device_name": "/dev/xvda",
                            "block_device_mappings.340275815.ebs.%": "6",
                            "block_device_mappings.340275815.ebs.delete_on_termination": "true",
                            "block_device_mappings.340275815.ebs.encrypted": "false",
                            "block_device_mappings.340275815.ebs.iops": "0",
                            "block_device_mappings.340275815.ebs.snapshot_id": "snap-09d3638ae7e8cb12c",
                            "block_device_mappings.340275815.ebs.volume_size": "8",
                            "block_device_mappings.340275815.ebs.volume_type": "gp2",
                            "block_device_mappings.340275815.no_device": "",
                            "block_device_mappings.340275815.virtual_name": "",
                            "creation_date": "2018-05-08T18:10:50.000Z",
                            "description": "Amazon Linux AMI 2018.03.0.20180508 x86_64 HVM GP2",
                            "filter.#": "2",
                            "filter.3169420402.name": "name",
                            "filter.3169420402.values.#": "1",
                            "filter.3169420402.values.0": "amzn-ami-hvm-*-x86_64-gp2",
                            "filter.574890044.name": "owner-alias",
                            "filter.574890044.values.#": "1",
                            "filter.574890044.values.0": "amazon",
                            "hypervisor": "xen",
                            "id": "ami-ca0135b3",
                            "image_id": "ami-ca0135b3",
                            "image_location": "amazon/amzn-ami-hvm-2018.03.0.20180508-x86_64-gp2",
                            "image_owner_alias": "amazon",
                            "image_type": "machine",
                            "most_recent": "true",
                            "name": "amzn-ami-hvm-2018.03.0.20180508-x86_64-gp2",
                            "owner_id": "137112412989",
                            "product_codes.#": "0",
                            "public": "true",
                            "root_device_name": "/dev/xvda",
                            "root_device_type": "ebs",
                            "root_snapshot_id": "snap-09d3638ae7e8cb12c",
                            "sriov_net_support": "simple",
                            "state": "available",
                            "state_reason.%": "2",
                            "state_reason.code": "UNSET",
                            "state_reason.message": "UNSET",
                            "tags.%": "0",
                            "virtualization_type": "hvm"
                        },
                        "meta": {},
                        "tainted": false
                    },
                    "deposed": [],
                    "provider": "provider.aws"
                }
            },
            "depends_on": []
        },
        {
            "path": [
                "root",
                "application_middleware"
            ],
            "outputs": {
                "this_security_group_description": {
                    "sensitive": false,
                    "type": "string",
                    "value": "Security group for appliction and middleware layers with ports open within VPC, and PostgreSQL publicly open"
                },
                "this_security_group_id": {
                    "sensitive": false,
                    "type": "string",
                    "value": "sg-08a6d675"
                },
                "this_security_group_name": {
                    "sensitive": false,
                    "type": "string",
                    "value": "application_middleware"
                },
                "this_security_group_owner_id": {
                    "sensitive": false,
                    "type": "string",
                    "value": "919783428286"
                },
                "this_security_group_vpc_id": {
                    "sensitive": false,
                    "type": "string",
                    "value": "vpc-4a9def2c"
                }
            },
            "resources": {
                "aws_security_group.this": {
                    "type": "aws_security_group",
                    "depends_on": [],
                    "primary": {
                        "id": "sg-08a6d675",
                        "attributes": {
                            "arn": "arn:aws:ec2:eu-west-1:919783428286:security-group/sg-08a6d675",
                            "description": "Security group for appliction and middleware layers with ports open within VPC, and PostgreSQL publicly open",
                            "egress.#": "0",
                            "id": "sg-08a6d675",
                            "ingress.#": "3",
                            "ingress.1365445748.cidr_blocks.#": "1",
                            "ingress.1365445748.cidr_blocks.0": "10.10.0.0/16",
                            "ingress.1365445748.description": "Ingress Rule",
                            "ingress.1365445748.from_port": "5432",
                            "ingress.1365445748.ipv6_cidr_blocks.#": "0",
                            "ingress.1365445748.protocol": "tcp",
                            "ingress.1365445748.security_groups.#": "0",
                            "ingress.1365445748.self": "false",
                            "ingress.1365445748.to_port": "5432",
                            "ingress.2074127813.cidr_blocks.#": "1",
                            "ingress.2074127813.cidr_blocks.0": "10.10.0.0/16",
                            "ingress.2074127813.description": "HTTPS",
                            "ingress.2074127813.from_port": "443",
                            "ingress.2074127813.ipv6_cidr_blocks.#": "0",
                            "ingress.2074127813.protocol": "tcp",
                            "ingress.2074127813.security_groups.#": "0",
                            "ingress.2074127813.self": "false",
                            "ingress.2074127813.to_port": "443",
                            "ingress.3973898054.cidr_blocks.#": "1",
                            "ingress.3973898054.cidr_blocks.0": "10.10.0.0/16",
                            "ingress.3973898054.description": "User-service ports",
                            "ingress.3973898054.from_port": "8080",
                            "ingress.3973898054.ipv6_cidr_blocks.#": "0",
                            "ingress.3973898054.protocol": "tcp",
                            "ingress.3973898054.security_groups.#": "0",
                            "ingress.3973898054.self": "false",
                            "ingress.3973898054.to_port": "8090",
                            "name": "application_middleware",
                            "owner_id": "919783428286",
                            "revoke_rules_on_delete": "false",
                            "tags.%": "1",
                            "tags.Name": "application_middleware",
                            "vpc_id": "vpc-4a9def2c"
                        },
                        "meta": {
                            "e2bfb730-ecaa-11e6-8f88-34363bc7c4c0": {
                                "create": 600000000000,
                                "delete": 600000000000
                            },
                            "schema_version": "1"
                        },
                        "tainted": false
                    },
                    "deposed": [],
                    "provider": "provider.aws"
                },
                "aws_security_group_rule.ingress_rules": {
                    "type": "aws_security_group_rule",
                    "depends_on": [
                        "aws_security_group.this"
                    ],
                    "primary": {
                        "id": "sgrule-3417764505",
                        "attributes": {
                            "cidr_blocks.#": "1",
                            "cidr_blocks.0": "10.10.0.0/16",
                            "description": "HTTPS",
                            "from_port": "443",
                            "id": "sgrule-3417764505",
                            "ipv6_cidr_blocks.#": "0",
                            "prefix_list_ids.#": "0",
                            "protocol": "tcp",
                            "security_group_id": "sg-08a6d675",
                            "self": "false",
                            "to_port": "443",
                            "type": "ingress"
                        },
                        "meta": {
                            "schema_version": "2"
                        },
                        "tainted": false
                    },
                    "deposed": [],
                    "provider": "provider.aws"
                },
                "aws_security_group_rule.ingress_with_cidr_blocks.0": {
                    "type": "aws_security_group_rule",
                    "depends_on": [
                        "aws_security_group.this"
                    ],
                    "primary": {
                        "id": "sgrule-3328486608",
                        "attributes": {
                            "cidr_blocks.#": "1",
                            "cidr_blocks.0": "10.10.0.0/16",
                            "description": "User-service ports",
                            "from_port": "8080",
                            "id": "sgrule-3328486608",
                            "ipv6_cidr_blocks.#": "0",
                            "prefix_list_ids.#": "0",
                            "protocol": "tcp",
                            "security_group_id": "sg-08a6d675",
                            "self": "false",
                            "to_port": "8090",
                            "type": "ingress"
                        },
                        "meta": {
                            "schema_version": "2"
                        },
                        "tainted": false
                    },
                    "deposed": [],
                    "provider": "provider.aws"
                },
                "aws_security_group_rule.ingress_with_cidr_blocks.1": {
                    "type": "aws_security_group_rule",
                    "depends_on": [
                        "aws_security_group.this"
                    ],
                    "primary": {
                        "id": "sgrule-2805729046",
                        "attributes": {
                            "cidr_blocks.#": "1",
                            "cidr_blocks.0": "10.10.0.0/16",
                            "description": "Ingress Rule",
                            "from_port": "5432",
                            "id": "sgrule-2805729046",
                            "ipv6_cidr_blocks.#": "0",
                            "prefix_list_ids.#": "0",
                            "protocol": "tcp",
                            "security_group_id": "sg-08a6d675",
                            "self": "false",
                            "to_port": "5432",
                            "type": "ingress"
                        },
                        "meta": {
                            "schema_version": "2"
                        },
                        "tainted": false
                    },
                    "deposed": [],
                    "provider": "provider.aws"
                }
            },
            "depends_on": []
        },
        {
            "path": [
                "root",
                "ec2-eu-west-1a"
            ],
            "outputs": {
                "availability_zone": {
                    "sensitive": false,
                    "type": "list",
                    "value": [
                        "eu-west-1a"
                    ]
                },
                "id": {
                    "sensitive": false,
                    "type": "list",
                    "value": [
                        "i-01b7dbd04d4df1c75"
                    ]
                },
                "key_name": {
                    "sensitive": false,
                    "type": "list",
                    "value": [
                        ""
                    ]
                },
                "network_interface_id": {
                    "sensitive": false,
                    "type": "list",
                    "value": [
                        "eni-3755cd14"
                    ]
                },
                "primary_network_interface_id": {
                    "sensitive": false,
                    "type": "list",
                    "value": [
                        "eni-3755cd14"
                    ]
                },
                "private_dns": {
                    "sensitive": false,
                    "type": "list",
                    "value": [
                        "ip-10-10-0-4.tf-dockerized-vpc"
                    ]
                },
                "private_ip": {
                    "sensitive": false,
                    "type": "list",
                    "value": [
                        "10.10.0.4"
                    ]
                },
                "public_dns": {
                    "sensitive": false,
                    "type": "list",
                    "value": [
                        ""
                    ]
                },
                "public_ip": {
                    "sensitive": false,
                    "type": "list",
                    "value": [
                        ""
                    ]
                },
                "security_groups": {
                    "sensitive": false,
                    "type": "list",
                    "value": [
                        []
                    ]
                },
                "subnet_id": {
                    "sensitive": false,
                    "type": "list",
                    "value": [
                        "subnet-19ec5f7f"
                    ]
                },
                "tags": {
                    "sensitive": false,
                    "type": "list",
                    "value": [
                        {
                            "Name": "zookeeper.4a"
                        }
                    ]
                },
                "vpc_security_group_ids": {
                    "sensitive": false,
                    "type": "list",
                    "value": [
                        [
                            "sg-08a6d675"
                        ]
                    ]
                }
            },
            "resources": {
                "aws_instance.this": {
                    "type": "aws_instance",
                    "depends_on": [],
                    "primary": {
                        "id": "i-01b7dbd04d4df1c75",
                        "attributes": {
                            "ami": "ami-ca0135b3",
                            "associate_public_ip_address": "false",
                            "availability_zone": "eu-west-1a",
                            "credit_specification.#": "1",
                            "credit_specification.0.cpu_credits": "standard",
                            "disable_api_termination": "false",
                            "ebs_block_device.#": "0",
                            "ebs_optimized": "false",
                            "ephemeral_block_device.#": "0",
                            "get_password_data": "false",
                            "iam_instance_profile": "",
                            "id": "i-01b7dbd04d4df1c75",
                            "instance_state": "running",
                            "instance_type": "t2.micro",
                            "ipv6_address_count": "0",
                            "ipv6_addresses.#": "0",
                            "key_name": "",
                            "monitoring": "false",
                            "network_interface.#": "0",
                            "network_interface_id": "eni-3755cd14",
                            "password_data": "",
                            "placement_group": "",
                            "primary_network_interface_id": "eni-3755cd14",
                            "private_dns": "ip-10-10-0-4.tf-dockerized-vpc",
                            "private_ip": "10.10.0.4",
                            "public_dns": "",
                            "public_ip": "",
                            "root_block_device.#": "1",
                            "root_block_device.0.delete_on_termination": "true",
                            "root_block_device.0.iops": "100",
                            "root_block_device.0.volume_id": "vol-02c81d8ce9bfe4c61",
                            "root_block_device.0.volume_size": "8",
                            "root_block_device.0.volume_type": "gp2",
                            "security_groups.#": "0",
                            "source_dest_check": "true",
                            "subnet_id": "subnet-19ec5f7f",
                            "tags.%": "1",
                            "tags.Name": "zookeeper.4a",
                            "tenancy": "default",
                            "user_data": "da39a3ee5e6b4b0d3255bfef95601890afd80709",
                            "volume_tags.%": "0",
                            "vpc_security_group_ids.#": "1",
                            "vpc_security_group_ids.3982248723": "sg-08a6d675"
                        },
                        "meta": {
                            "e2bfb730-ecaa-11e6-8f88-34363bc7c4c0": {
                                "create": 600000000000,
                                "delete": 1200000000000,
                                "update": 600000000000
                            },
                            "schema_version": "1"
                        },
                        "tainted": false
                    },
                    "deposed": [],
                    "provider": "provider.aws"
                }
            },
            "depends_on": []
        },
        {
            "path": [
                "root",
                "ec2-eu-west-1b"
            ],
            "outputs": {
                "availability_zone": {
                    "sensitive": false,
                    "type": "list",
                    "value": [
                        "eu-west-1b"
                    ]
                },
                "id": {
                    "sensitive": false,
                    "type": "list",
                    "value": [
                        "i-0107a4ed98050131a"
                    ]
                },
                "key_name": {
                    "sensitive": false,
                    "type": "list",
                    "value": [
                        ""
                    ]
                },
                "network_interface_id": {
                    "sensitive": false,
                    "type": "list",
                    "value": [
                        "eni-06714733"
                    ]
                },
                "primary_network_interface_id": {
                    "sensitive": false,
                    "type": "list",
                    "value": [
                        "eni-06714733"
                    ]
                },
                "private_dns": {
                    "sensitive": false,
                    "type": "list",
                    "value": [
                        "ip-10-10-64-4.tf-dockerized-vpc"
                    ]
                },
                "private_ip": {
                    "sensitive": false,
                    "type": "list",
                    "value": [
                        "10.10.64.4"
                    ]
                },
                "public_dns": {
                    "sensitive": false,
                    "type": "list",
                    "value": [
                        ""
                    ]
                },
                "public_ip": {
                    "sensitive": false,
                    "type": "list",
                    "value": [
                        ""
                    ]
                },
                "security_groups": {
                    "sensitive": false,
                    "type": "list",
                    "value": [
                        []
                    ]
                },
                "subnet_id": {
                    "sensitive": false,
                    "type": "list",
                    "value": [
                        "subnet-e7ae2eaf"
                    ]
                },
                "tags": {
                    "sensitive": false,
                    "type": "list",
                    "value": [
                        {
                            "Name": "zookeeper.4b"
                        }
                    ]
                },
                "vpc_security_group_ids": {
                    "sensitive": false,
                    "type": "list",
                    "value": [
                        [
                            "sg-08a6d675"
                        ]
                    ]
                }
            },
            "resources": {
                "aws_instance.this": {
                    "type": "aws_instance",
                    "depends_on": [],
                    "primary": {
                        "id": "i-0107a4ed98050131a",
                        "attributes": {
                            "ami": "ami-ca0135b3",
                            "associate_public_ip_address": "false",
                            "availability_zone": "eu-west-1b",
                            "credit_specification.#": "1",
                            "credit_specification.0.cpu_credits": "standard",
                            "disable_api_termination": "false",
                            "ebs_block_device.#": "0",
                            "ebs_optimized": "false",
                            "ephemeral_block_device.#": "0",
                            "get_password_data": "false",
                            "iam_instance_profile": "",
                            "id": "i-0107a4ed98050131a",
                            "instance_state": "running",
                            "instance_type": "t2.micro",
                            "ipv6_address_count": "0",
                            "ipv6_addresses.#": "0",
                            "key_name": "",
                            "monitoring": "false",
                            "network_interface.#": "0",
                            "network_interface_id": "eni-06714733",
                            "password_data": "",
                            "placement_group": "",
                            "primary_network_interface_id": "eni-06714733",
                            "private_dns": "ip-10-10-64-4.tf-dockerized-vpc",
                            "private_ip": "10.10.64.4",
                            "public_dns": "",
                            "public_ip": "",
                            "root_block_device.#": "1",
                            "root_block_device.0.delete_on_termination": "true",
                            "root_block_device.0.iops": "100",
                            "root_block_device.0.volume_id": "vol-0083bc1d2feb63d03",
                            "root_block_device.0.volume_size": "8",
                            "root_block_device.0.volume_type": "gp2",
                            "security_groups.#": "0",
                            "source_dest_check": "true",
                            "subnet_id": "subnet-e7ae2eaf",
                            "tags.%": "1",
                            "tags.Name": "zookeeper.4b",
                            "tenancy": "default",
                            "user_data": "da39a3ee5e6b4b0d3255bfef95601890afd80709",
                            "volume_tags.%": "0",
                            "vpc_security_group_ids.#": "1",
                            "vpc_security_group_ids.3982248723": "sg-08a6d675"
                        },
                        "meta": {
                            "e2bfb730-ecaa-11e6-8f88-34363bc7c4c0": {
                                "create": 600000000000,
                                "delete": 1200000000000,
                                "update": 600000000000
                            },
                            "schema_version": "1"
                        },
                        "tainted": false
                    },
                    "deposed": [],
                    "provider": "provider.aws"
                }
            },
            "depends_on": []
        },
        {
            "path": [
                "root",
                "ec2-eu-west-1c"
            ],
            "outputs": {
                "availability_zone": {
                    "sensitive": false,
                    "type": "list",
                    "value": [
                        "eu-west-1c"
                    ]
                },
                "id": {
                    "sensitive": false,
                    "type": "list",
                    "value": [
                        "i-01d2d30f75fa063dd"
                    ]
                },
                "key_name": {
                    "sensitive": false,
                    "type": "list",
                    "value": [
                        ""
                    ]
                },
                "network_interface_id": {
                    "sensitive": false,
                    "type": "list",
                    "value": [
                        "eni-d5e642d2"
                    ]
                },
                "primary_network_interface_id": {
                    "sensitive": false,
                    "type": "list",
                    "value": [
                        "eni-d5e642d2"
                    ]
                },
                "private_dns": {
                    "sensitive": false,
                    "type": "list",
                    "value": [
                        "ip-10-10-128-4.tf-dockerized-vpc"
                    ]
                },
                "private_ip": {
                    "sensitive": false,
                    "type": "list",
                    "value": [
                        "10.10.128.4"
                    ]
                },
                "public_dns": {
                    "sensitive": false,
                    "type": "list",
                    "value": [
                        ""
                    ]
                },
                "public_ip": {
                    "sensitive": false,
                    "type": "list",
                    "value": [
                        ""
                    ]
                },
                "security_groups": {
                    "sensitive": false,
                    "type": "list",
                    "value": [
                        []
                    ]
                },
                "subnet_id": {
                    "sensitive": false,
                    "type": "list",
                    "value": [
                        "subnet-72d52728"
                    ]
                },
                "tags": {
                    "sensitive": false,
                    "type": "list",
                    "value": [
                        {
                            "Name": "zookeeper.4c"
                        }
                    ]
                },
                "vpc_security_group_ids": {
                    "sensitive": false,
                    "type": "list",
                    "value": [
                        [
                            "sg-08a6d675"
                        ]
                    ]
                }
            },
            "resources": {
                "aws_instance.this": {
                    "type": "aws_instance",
                    "depends_on": [],
                    "primary": {
                        "id": "i-01d2d30f75fa063dd",
                        "attributes": {
                            "ami": "ami-ca0135b3",
                            "associate_public_ip_address": "false",
                            "availability_zone": "eu-west-1c",
                            "credit_specification.#": "1",
                            "credit_specification.0.cpu_credits": "standard",
                            "disable_api_termination": "false",
                            "ebs_block_device.#": "0",
                            "ebs_optimized": "false",
                            "ephemeral_block_device.#": "0",
                            "get_password_data": "false",
                            "iam_instance_profile": "",
                            "id": "i-01d2d30f75fa063dd",
                            "instance_state": "running",
                            "instance_type": "t2.micro",
                            "ipv6_address_count": "0",
                            "ipv6_addresses.#": "0",
                            "key_name": "",
                            "monitoring": "false",
                            "network_interface.#": "0",
                            "network_interface_id": "eni-d5e642d2",
                            "password_data": "",
                            "placement_group": "",
                            "primary_network_interface_id": "eni-d5e642d2",
                            "private_dns": "ip-10-10-128-4.tf-dockerized-vpc",
                            "private_ip": "10.10.128.4",
                            "public_dns": "",
                            "public_ip": "",
                            "root_block_device.#": "1",
                            "root_block_device.0.delete_on_termination": "true",
                            "root_block_device.0.iops": "100",
                            "root_block_device.0.volume_id": "vol-01662c7d618c66ce3",
                            "root_block_device.0.volume_size": "8",
                            "root_block_device.0.volume_type": "gp2",
                            "security_groups.#": "0",
                            "source_dest_check": "true",
                            "subnet_id": "subnet-72d52728",
                            "tags.%": "1",
                            "tags.Name": "zookeeper.4c",
                            "tenancy": "default",
                            "user_data": "da39a3ee5e6b4b0d3255bfef95601890afd80709",
                            "volume_tags.%": "0",
                            "vpc_security_group_ids.#": "1",
                            "vpc_security_group_ids.3982248723": "sg-08a6d675"
                        },
                        "meta": {
                            "e2bfb730-ecaa-11e6-8f88-34363bc7c4c0": {
                                "create": 600000000000,
                                "delete": 1200000000000,
                                "update": 600000000000
                            },
                            "schema_version": "1"
                        },
                        "tainted": false
                    },
                    "deposed": [],
                    "provider": "provider.aws"
                }
            },
            "depends_on": []
        },
        {
            "path": [
                "root",
                "vpc"
            ],
            "outputs": {
                "database_subnet_group": {
                    "sensitive": false,
                    "type": "string",
                    "value": ""
                },
                "database_subnets": {
                    "sensitive": false,
                    "type": "list",
                    "value": [
                        "subnet-8ee053e8",
                        "subnet-b5ba3afd",
                        "subnet-61d82a3b"
                    ]
                },
                "database_subnets_cidr_blocks": {
                    "sensitive": false,
                    "type": "list",
                    "value": [
                        "10.10.2.0/24",
                        "10.10.66.0/24",
                        "10.10.130.0/24"
                    ]
                },
                "default_network_acl_id": {
                    "sensitive": false,
                    "type": "string",
                    "value": "acl-b5917acc"
                },
                "default_route_table_id": {
                    "sensitive": false,
                    "type": "string",
                    "value": "rtb-b00193c9"
                },
                "default_security_group_id": {
                    "sensitive": false,
                    "type": "string",
                    "value": "sg-a4a4d4d9"
                },
                "default_vpc_cidr_block": {
                    "sensitive": false,
                    "type": "string",
                    "value": ""
                },
                "default_vpc_default_network_acl_id": {
                    "sensitive": false,
                    "type": "string",
                    "value": ""
                },
                "default_vpc_default_route_table_id": {
                    "sensitive": false,
                    "type": "string",
                    "value": ""
                },
                "default_vpc_default_security_group_id": {
                    "sensitive": false,
                    "type": "string",
                    "value": ""
                },
                "default_vpc_enable_dns_hostnames": {
                    "sensitive": false,
                    "type": "string",
                    "value": ""
                },
                "default_vpc_enable_dns_support": {
                    "sensitive": false,
                    "type": "string",
                    "value": ""
                },
                "default_vpc_id": {
                    "sensitive": false,
                    "type": "string",
                    "value": ""
                },
                "default_vpc_instance_tenancy": {
                    "sensitive": false,
                    "type": "string",
                    "value": ""
                },
                "default_vpc_main_route_table_id": {
                    "sensitive": false,
                    "type": "string",
                    "value": ""
                },
                "elasticache_subnet_group": {
                    "sensitive": false,
                    "type": "string",
                    "value": "tf-dockerized-vpc"
                },
                "elasticache_subnet_group_name": {
                    "sensitive": false,
                    "type": "string",
                    "value": "tf-dockerized-vpc"
                },
                "elasticache_subnets": {
                    "sensitive": false,
                    "type": "list",
                    "value": [
                        "subnet-4ed16228",
                        "subnet-60b73728",
                        "subnet-9bc230c1"
                    ]
                },
                "elasticache_subnets_cidr_blocks": {
                    "sensitive": false,
                    "type": "list",
                    "value": [
                        "10.10.3.0/24",
                        "10.10.67.0/24",
                        "10.10.131.0/24"
                    ]
                },
                "igw_id": {
                    "sensitive": false,
                    "type": "string",
                    "value": "igw-fe552f99"
                },
                "nat_ids": {
                    "sensitive": false,
                    "type": "list",
                    "value": [
                        "eipalloc-d63074eb",
                        "eipalloc-1d377320",
                        "eipalloc-6036725d"
                    ]
                },
                "nat_public_ips": {
                    "sensitive": false,
                    "type": "list",
                    "value": [
                        "52.16.100.90",
                        "34.253.5.189",
                        "34.247.208.239"
                    ]
                },
                "natgw_ids": {
                    "sensitive": false,
                    "type": "list",
                    "value": [
                        "nat-003578f501aff5acf",
                        "nat-01ac9a0b92d2ee3ee",
                        "nat-0b3d3788195eed0ed"
                    ]
                },
                "private_route_table_ids": {
                    "sensitive": false,
                    "type": "list",
                    "value": [
                        "rtb-f10b9988",
                        "rtb-0304967a",
                        "rtb-eb069492"
                    ]
                },
                "private_subnets": {
                    "sensitive": false,
                    "type": "list",
                    "value": [
                        "subnet-19ec5f7f",
                        "subnet-e7ae2eaf",
                        "subnet-72d52728"
                    ]
                },
                "private_subnets_cidr_blocks": {
                    "sensitive": false,
                    "type": "list",
                    "value": [
                        "10.10.0.0/24",
                        "10.10.64.0/24",
                        "10.10.128.0/24"
                    ]
                },
                "public_route_table_ids": {
                    "sensitive": false,
                    "type": "list",
                    "value": [
                        "rtb-be0f9dc7"
                    ]
                },
                "public_subnets": {
                    "sensitive": false,
                    "type": "list",
                    "value": [
                        "subnet-d2ea59b4",
                        "subnet-72b0303a",
                        "subnet-d5de2c8f"
                    ]
                },
                "public_subnets_cidr_blocks": {
                    "sensitive": false,
                    "type": "list",
                    "value": [
                        "10.10.1.0/24",
                        "10.10.65.0/24",
                        "10.10.129.0/24"
                    ]
                },
                "redshift_subnet_group": {
                    "sensitive": false,
                    "type": "string",
                    "value": "tf-dockerized-vpc"
                },
                "redshift_subnets": {
                    "sensitive": false,
                    "type": "list",
                    "value": [
                        "subnet-23e55645",
                        "subnet-3eb93976",
                        "subnet-70dc2e2a"
                    ]
                },
                "redshift_subnets_cidr_blocks": {
                    "sensitive": false,
                    "type": "list",
                    "value": [
                        "10.10.4.0/24",
                        "10.10.68.0/24",
                        "10.10.132.0/24"
                    ]
                },
                "vgw_id": {
                    "sensitive": false,
                    "type": "string",
                    "value": "vgw-cda997b9"
                },
                "vpc_cidr_block": {
                    "sensitive": false,
                    "type": "string",
                    "value": "10.10.0.0/16"
                },
                "vpc_enable_dns_hostnames": {
                    "sensitive": false,
                    "type": "string",
                    "value": "false"
                },
                "vpc_enable_dns_support": {
                    "sensitive": false,
                    "type": "string",
                    "value": "true"
                },
                "vpc_endpoint_dynamodb_id": {
                    "sensitive": false,
                    "type": "string",
                    "value": "vpce-bccc00d5"
                },
                "vpc_endpoint_dynamodb_pl_id": {
                    "sensitive": false,
                    "type": "string",
                    "value": "pl-6fa54006"
                },
                "vpc_endpoint_s3_id": {
                    "sensitive": false,
                    "type": "string",
                    "value": "vpce-77c5091e"
                },
                "vpc_endpoint_s3_pl_id": {
                    "sensitive": false,
                    "type": "string",
                    "value": "pl-6da54004"
                },
                "vpc_id": {
                    "sensitive": false,
                    "type": "string",
                    "value": "vpc-4a9def2c"
                },
                "vpc_instance_tenancy": {
                    "sensitive": false,
                    "type": "string",
                    "value": "default"
                },
                "vpc_main_route_table_id": {
                    "sensitive": false,
                    "type": "string",
                    "value": "rtb-b00193c9"
                }
            },
            "resources": {
                "aws_eip.nat.0": {
                    "type": "aws_eip",
                    "depends_on": [
                        "local.nat_gateway_count"
                    ],
                    "primary": {
                        "id": "eipalloc-d63074eb",
                        "attributes": {
                            "association_id": "eipassoc-17ef6feb",
                            "domain": "vpc",
                            "id": "eipalloc-d63074eb",
                            "instance": "",
                            "network_interface": "eni-cf56ceec",
                            "private_ip": "10.10.1.62",
                            "public_ip": "52.16.100.90",
                            "tags.%": "3",
                            "tags.Environment": "Pre-prod",
                            "tags.Name": "tf-dockerized-vpc-eu-west-1a",
                            "tags.Owner": "userA",
                            "vpc": "true"
                        },
                        "meta": {
                            "e2bfb730-ecaa-11e6-8f88-34363bc7c4c0": {
                                "delete": 180000000000,
                                "read": 900000000000,
                                "update": 300000000000
                            }
                        },
                        "tainted": false
                    },
                    "deposed": [],
                    "provider": "provider.aws"
                },
                "aws_eip.nat.1": {
                    "type": "aws_eip",
                    "depends_on": [
                        "local.nat_gateway_count"
                    ],
                    "primary": {
                        "id": "eipalloc-1d377320",
                        "attributes": {
                            "association_id": "eipassoc-b2a5117f",
                            "domain": "vpc",
                            "id": "eipalloc-1d377320",
                            "instance": "",
                            "network_interface": "eni-807244b5",
                            "private_ip": "10.10.65.204",
                            "public_ip": "34.253.5.189",
                            "tags.%": "3",
                            "tags.Environment": "Pre-prod",
                            "tags.Name": "tf-dockerized-vpc-eu-west-1b",
                            "tags.Owner": "userA",
                            "vpc": "true"
                        },
                        "meta": {
                            "e2bfb730-ecaa-11e6-8f88-34363bc7c4c0": {
                                "delete": 180000000000,
                                "read": 900000000000,
                                "update": 300000000000
                            }
                        },
                        "tainted": false
                    },
                    "deposed": [],
                    "provider": "provider.aws"
                },
                "aws_eip.nat.2": {
                    "type": "aws_eip",
                    "depends_on": [
                        "local.nat_gateway_count"
                    ],
                    "primary": {
                        "id": "eipalloc-6036725d",
                        "attributes": {
                            "association_id": "eipassoc-52b67488",
                            "domain": "vpc",
                            "id": "eipalloc-6036725d",
                            "instance": "",
                            "network_interface": "eni-111abf16",
                            "private_ip": "10.10.129.70",
                            "public_ip": "34.247.208.239",
                            "tags.%": "3",
                            "tags.Environment": "Pre-prod",
                            "tags.Name": "tf-dockerized-vpc-eu-west-1c",
                            "tags.Owner": "userA",
                            "vpc": "true"
                        },
                        "meta": {
                            "e2bfb730-ecaa-11e6-8f88-34363bc7c4c0": {
                                "delete": 180000000000,
                                "read": 900000000000,
                                "update": 300000000000
                            }
                        },
                        "tainted": false
                    },
                    "deposed": [],
                    "provider": "provider.aws"
                },
                "aws_elasticache_subnet_group.elasticache": {
                    "type": "aws_elasticache_subnet_group",
                    "depends_on": [
                        "aws_subnet.elasticache.*"
                    ],
                    "primary": {
                        "id": "tf-dockerized-vpc",
                        "attributes": {
                            "description": "ElastiCache subnet group for tf-dockerized-vpc",
                            "id": "tf-dockerized-vpc",
                            "name": "tf-dockerized-vpc",
                            "subnet_ids.#": "3",
                            "subnet_ids.1285381286": "subnet-4ed16228",
                            "subnet_ids.2797391228": "subnet-9bc230c1",
                            "subnet_ids.391756207": "subnet-60b73728"
                        },
                        "meta": {},
                        "tainted": false
                    },
                    "deposed": [],
                    "provider": "provider.aws"
                },
                "aws_internet_gateway.this": {
                    "type": "aws_internet_gateway",
                    "depends_on": [
                        "aws_vpc.this"
                    ],
                    "primary": {
                        "id": "igw-fe552f99",
                        "attributes": {
                            "id": "igw-fe552f99",
                            "tags.%": "3",
                            "tags.Environment": "Pre-prod",
                            "tags.Name": "tf-dockerized-vpc",
                            "tags.Owner": "userA",
                            "vpc_id": "vpc-4a9def2c"
                        },
                        "meta": {},
                        "tainted": false
                    },
                    "deposed": [],
                    "provider": "provider.aws"
                },
                "aws_nat_gateway.this.0": {
                    "type": "aws_nat_gateway",
                    "depends_on": [
                        "aws_internet_gateway.this",
                        "aws_subnet.public.*",
                        "local.nat_gateway_count",
                        "local.nat_gateway_ips"
                    ],
                    "primary": {
                        "id": "nat-003578f501aff5acf",
                        "attributes": {
                            "allocation_id": "eipalloc-d63074eb",
                            "id": "nat-003578f501aff5acf",
                            "network_interface_id": "eni-cf56ceec",
                            "private_ip": "10.10.1.62",
                            "public_ip": "52.16.100.90",
                            "subnet_id": "subnet-d2ea59b4",
                            "tags.%": "3",
                            "tags.Environment": "Pre-prod",
                            "tags.Name": "tf-dockerized-vpc-eu-west-1a",
                            "tags.Owner": "userA"
                        },
                        "meta": {},
                        "tainted": false
                    },
                    "deposed": [],
                    "provider": "provider.aws"
                },
                "aws_nat_gateway.this.1": {
                    "type": "aws_nat_gateway",
                    "depends_on": [
                        "aws_internet_gateway.this",
                        "aws_subnet.public.*",
                        "local.nat_gateway_count",
                        "local.nat_gateway_ips"
                    ],
                    "primary": {
                        "id": "nat-01ac9a0b92d2ee3ee",
                        "attributes": {
                            "allocation_id": "eipalloc-1d377320",
                            "id": "nat-01ac9a0b92d2ee3ee",
                            "network_interface_id": "eni-807244b5",
                            "private_ip": "10.10.65.204",
                            "public_ip": "34.253.5.189",
                            "subnet_id": "subnet-72b0303a",
                            "tags.%": "3",
                            "tags.Environment": "Pre-prod",
                            "tags.Name": "tf-dockerized-vpc-eu-west-1b",
                            "tags.Owner": "userA"
                        },
                        "meta": {},
                        "tainted": false
                    },
                    "deposed": [],
                    "provider": "provider.aws"
                },
                "aws_nat_gateway.this.2": {
                    "type": "aws_nat_gateway",
                    "depends_on": [
                        "aws_internet_gateway.this",
                        "aws_subnet.public.*",
                        "local.nat_gateway_count",
                        "local.nat_gateway_ips"
                    ],
                    "primary": {
                        "id": "nat-0b3d3788195eed0ed",
                        "attributes": {
                            "allocation_id": "eipalloc-6036725d",
                            "id": "nat-0b3d3788195eed0ed",
                            "network_interface_id": "eni-111abf16",
                            "private_ip": "10.10.129.70",
                            "public_ip": "34.247.208.239",
                            "subnet_id": "subnet-d5de2c8f",
                            "tags.%": "3",
                            "tags.Environment": "Pre-prod",
                            "tags.Name": "tf-dockerized-vpc-eu-west-1c",
                            "tags.Owner": "userA"
                        },
                        "meta": {},
                        "tainted": false
                    },
                    "deposed": [],
                    "provider": "provider.aws"
                },
                "aws_redshift_subnet_group.redshift": {
                    "type": "aws_redshift_subnet_group",
                    "depends_on": [
                        "aws_subnet.redshift.*"
                    ],
                    "primary": {
                        "id": "tf-dockerized-vpc",
                        "attributes": {
                            "description": "Redshift subnet group for tf-dockerized-vpc",
                            "id": "tf-dockerized-vpc",
                            "name": "tf-dockerized-vpc",
                            "subnet_ids.#": "3",
                            "subnet_ids.20265970": "subnet-3eb93976",
                            "subnet_ids.3380355264": "subnet-23e55645",
                            "subnet_ids.84559820": "subnet-70dc2e2a",
                            "tags.%": "3",
                            "tags.Environment": "Pre-prod",
                            "tags.Name": "tf-dockerized-vpc",
                            "tags.Owner": "userA"
                        },
                        "meta": {},
                        "tainted": false
                    },
                    "deposed": [],
                    "provider": "provider.aws"
                },
                "aws_route.private_nat_gateway.0": {
                    "type": "aws_route",
                    "depends_on": [
                        "aws_nat_gateway.this.*",
                        "aws_route_table.private.*",
                        "local.nat_gateway_count"
                    ],
                    "primary": {
                        "id": "r-rtb-f10b99881080289494",
                        "attributes": {
                            "destination_cidr_block": "0.0.0.0/0",
                            "destination_prefix_list_id": "",
                            "egress_only_gateway_id": "",
                            "gateway_id": "",
                            "id": "r-rtb-f10b99881080289494",
                            "instance_id": "",
                            "instance_owner_id": "",
                            "nat_gateway_id": "nat-003578f501aff5acf",
                            "network_interface_id": "",
                            "origin": "CreateRoute",
                            "route_table_id": "rtb-f10b9988",
                            "state": "active",
                            "vpc_peering_connection_id": ""
                        },
                        "meta": {
                            "e2bfb730-ecaa-11e6-8f88-34363bc7c4c0": {
                                "create": 300000000000,
                                "delete": 300000000000
                            }
                        },
                        "tainted": false
                    },
                    "deposed": [],
                    "provider": "provider.aws"
                },
                "aws_route.private_nat_gateway.1": {
                    "type": "aws_route",
                    "depends_on": [
                        "aws_nat_gateway.this.*",
                        "aws_route_table.private.*",
                        "local.nat_gateway_count"
                    ],
                    "primary": {
                        "id": "r-rtb-0304967a1080289494",
                        "attributes": {
                            "destination_cidr_block": "0.0.0.0/0",
                            "destination_prefix_list_id": "",
                            "egress_only_gateway_id": "",
                            "gateway_id": "",
                            "id": "r-rtb-0304967a1080289494",
                            "instance_id": "",
                            "instance_owner_id": "",
                            "nat_gateway_id": "nat-01ac9a0b92d2ee3ee",
                            "network_interface_id": "",
                            "origin": "CreateRoute",
                            "route_table_id": "rtb-0304967a",
                            "state": "active",
                            "vpc_peering_connection_id": ""
                        },
                        "meta": {
                            "e2bfb730-ecaa-11e6-8f88-34363bc7c4c0": {
                                "create": 300000000000,
                                "delete": 300000000000
                            }
                        },
                        "tainted": false
                    },
                    "deposed": [],
                    "provider": "provider.aws"
                },
                "aws_route.private_nat_gateway.2": {
                    "type": "aws_route",
                    "depends_on": [
                        "aws_nat_gateway.this.*",
                        "aws_route_table.private.*",
                        "local.nat_gateway_count"
                    ],
                    "primary": {
                        "id": "r-rtb-eb0694921080289494",
                        "attributes": {
                            "destination_cidr_block": "0.0.0.0/0",
                            "destination_prefix_list_id": "",
                            "egress_only_gateway_id": "",
                            "gateway_id": "",
                            "id": "r-rtb-eb0694921080289494",
                            "instance_id": "",
                            "instance_owner_id": "",
                            "nat_gateway_id": "nat-0b3d3788195eed0ed",
                            "network_interface_id": "",
                            "origin": "CreateRoute",
                            "route_table_id": "rtb-eb069492",
                            "state": "active",
                            "vpc_peering_connection_id": ""
                        },
                        "meta": {
                            "e2bfb730-ecaa-11e6-8f88-34363bc7c4c0": {
                                "create": 300000000000,
                                "delete": 300000000000
                            }
                        },
                        "tainted": false
                    },
                    "deposed": [],
                    "provider": "provider.aws"
                },
                "aws_route.public_internet_gateway": {
                    "type": "aws_route",
                    "depends_on": [
                        "aws_internet_gateway.this",
                        "aws_route_table.public"
                    ],
                    "primary": {
                        "id": "r-rtb-be0f9dc71080289494",
                        "attributes": {
                            "destination_cidr_block": "0.0.0.0/0",
                            "destination_prefix_list_id": "",
                            "egress_only_gateway_id": "",
                            "gateway_id": "igw-fe552f99",
                            "id": "r-rtb-be0f9dc71080289494",
                            "instance_id": "",
                            "instance_owner_id": "",
                            "nat_gateway_id": "",
                            "network_interface_id": "",
                            "origin": "CreateRoute",
                            "route_table_id": "rtb-be0f9dc7",
                            "state": "active",
                            "vpc_peering_connection_id": ""
                        },
                        "meta": {
                            "e2bfb730-ecaa-11e6-8f88-34363bc7c4c0": {
                                "create": 300000000000,
                                "delete": 300000000000
                            }
                        },
                        "tainted": false
                    },
                    "deposed": [],
                    "provider": "provider.aws"
                },
                "aws_route_table.private.0": {
                    "type": "aws_route_table",
                    "depends_on": [
                        "aws_vpc.this",
                        "local.max_subnet_length",
                        "local.nat_gateway_count"
                    ],
                    "primary": {
                        "id": "rtb-f10b9988",
                        "attributes": {
                            "id": "rtb-f10b9988",
                            "propagating_vgws.#": "0",
                            "route.#": "1",
                            "route.2385337914.cidr_block": "0.0.0.0/0",
                            "route.2385337914.egress_only_gateway_id": "",
                            "route.2385337914.gateway_id": "",
                            "route.2385337914.instance_id": "",
                            "route.2385337914.ipv6_cidr_block": "",
                            "route.2385337914.nat_gateway_id": "nat-003578f501aff5acf",
                            "route.2385337914.network_interface_id": "",
                            "route.2385337914.vpc_peering_connection_id": "",
                            "tags.%": "3",
                            "tags.Environment": "Pre-prod",
                            "tags.Name": "tf-dockerized-vpc-private-eu-west-1a",
                            "tags.Owner": "userA",
                            "vpc_id": "vpc-4a9def2c"
                        },
                        "meta": {},
                        "tainted": false
                    },
                    "deposed": [],
                    "provider": "provider.aws"
                },
                "aws_route_table.private.1": {
                    "type": "aws_route_table",
                    "depends_on": [
                        "aws_vpc.this",
                        "local.max_subnet_length",
                        "local.nat_gateway_count"
                    ],
                    "primary": {
                        "id": "rtb-0304967a",
                        "attributes": {
                            "id": "rtb-0304967a",
                            "propagating_vgws.#": "0",
                            "route.#": "1",
                            "route.3933928612.cidr_block": "0.0.0.0/0",
                            "route.3933928612.egress_only_gateway_id": "",
                            "route.3933928612.gateway_id": "",
                            "route.3933928612.instance_id": "",
                            "route.3933928612.ipv6_cidr_block": "",
                            "route.3933928612.nat_gateway_id": "nat-01ac9a0b92d2ee3ee",
                            "route.3933928612.network_interface_id": "",
                            "route.3933928612.vpc_peering_connection_id": "",
                            "tags.%": "3",
                            "tags.Environment": "Pre-prod",
                            "tags.Name": "tf-dockerized-vpc-private-eu-west-1b",
                            "tags.Owner": "userA",
                            "vpc_id": "vpc-4a9def2c"
                        },
                        "meta": {},
                        "tainted": false
                    },
                    "deposed": [],
                    "provider": "provider.aws"
                },
                "aws_route_table.private.2": {
                    "type": "aws_route_table",
                    "depends_on": [
                        "aws_vpc.this",
                        "local.max_subnet_length",
                        "local.nat_gateway_count"
                    ],
                    "primary": {
                        "id": "rtb-eb069492",
                        "attributes": {
                            "id": "rtb-eb069492",
                            "propagating_vgws.#": "0",
                            "route.#": "1",
                            "route.63274270.cidr_block": "0.0.0.0/0",
                            "route.63274270.egress_only_gateway_id": "",
                            "route.63274270.gateway_id": "",
                            "route.63274270.instance_id": "",
                            "route.63274270.ipv6_cidr_block": "",
                            "route.63274270.nat_gateway_id": "nat-0b3d3788195eed0ed",
                            "route.63274270.network_interface_id": "",
                            "route.63274270.vpc_peering_connection_id": "",
                            "tags.%": "3",
                            "tags.Environment": "Pre-prod",
                            "tags.Name": "tf-dockerized-vpc-private-eu-west-1c",
                            "tags.Owner": "userA",
                            "vpc_id": "vpc-4a9def2c"
                        },
                        "meta": {},
                        "tainted": false
                    },
                    "deposed": [],
                    "provider": "provider.aws"
                },
                "aws_route_table.public": {
                    "type": "aws_route_table",
                    "depends_on": [
                        "aws_vpc.this"
                    ],
                    "primary": {
                        "id": "rtb-be0f9dc7",
                        "attributes": {
                            "id": "rtb-be0f9dc7",
                            "propagating_vgws.#": "0",
                            "route.#": "1",
                            "route.3429051822.cidr_block": "0.0.0.0/0",
                            "route.3429051822.egress_only_gateway_id": "",
                            "route.3429051822.gateway_id": "igw-fe552f99",
                            "route.3429051822.instance_id": "",
                            "route.3429051822.ipv6_cidr_block": "",
                            "route.3429051822.nat_gateway_id": "",
                            "route.3429051822.network_interface_id": "",
                            "route.3429051822.vpc_peering_connection_id": "",
                            "tags.%": "3",
                            "tags.Environment": "Pre-prod",
                            "tags.Name": "tf-dockerized-vpc-public",
                            "tags.Owner": "userA",
                            "vpc_id": "vpc-4a9def2c"
                        },
                        "meta": {},
                        "tainted": false
                    },
                    "deposed": [],
                    "provider": "provider.aws"
                },
                "aws_route_table_association.database.0": {
                    "type": "aws_route_table_association",
                    "depends_on": [
                        "aws_route_table.private.*",
                        "aws_subnet.database.*"
                    ],
                    "primary": {
                        "id": "rtbassoc-10c7c568",
                        "attributes": {
                            "id": "rtbassoc-10c7c568",
                            "route_table_id": "rtb-f10b9988",
                            "subnet_id": "subnet-8ee053e8"
                        },
                        "meta": {},
                        "tainted": false
                    },
                    "deposed": [],
                    "provider": "provider.aws"
                },
                "aws_route_table_association.database.1": {
                    "type": "aws_route_table_association",
                    "depends_on": [
                        "aws_route_table.private.*",
                        "aws_subnet.database.*"
                    ],
                    "primary": {
                        "id": "rtbassoc-8ac3c1f2",
                        "attributes": {
                            "id": "rtbassoc-8ac3c1f2",
                            "route_table_id": "rtb-0304967a",
                            "subnet_id": "subnet-b5ba3afd"
                        },
                        "meta": {},
                        "tainted": false
                    },
                    "deposed": [],
                    "provider": "provider.aws"
                },
                "aws_route_table_association.database.2": {
                    "type": "aws_route_table_association",
                    "depends_on": [
                        "aws_route_table.private.*",
                        "aws_subnet.database.*"
                    ],
                    "primary": {
                        "id": "rtbassoc-6ec1c316",
                        "attributes": {
                            "id": "rtbassoc-6ec1c316",
                            "route_table_id": "rtb-eb069492",
                            "subnet_id": "subnet-61d82a3b"
                        },
                        "meta": {},
                        "tainted": false
                    },
                    "deposed": [],
                    "provider": "provider.aws"
                },
                "aws_route_table_association.elasticache.0": {
                    "type": "aws_route_table_association",
                    "depends_on": [
                        "aws_route_table.private.*",
                        "aws_subnet.elasticache.*"
                    ],
                    "primary": {
                        "id": "rtbassoc-ad3b39d5",
                        "attributes": {
                            "id": "rtbassoc-ad3b39d5",
                            "route_table_id": "rtb-f10b9988",
                            "subnet_id": "subnet-4ed16228"
                        },
                        "meta": {},
                        "tainted": false
                    },
                    "deposed": [],
                    "provider": "provider.aws"
                },
                "aws_route_table_association.elasticache.1": {
                    "type": "aws_route_table_association",
                    "depends_on": [
                        "aws_route_table.private.*",
                        "aws_subnet.elasticache.*"
                    ],
                    "primary": {
                        "id": "rtbassoc-d33d3fab",
                        "attributes": {
                            "id": "rtbassoc-d33d3fab",
                            "route_table_id": "rtb-0304967a",
                            "subnet_id": "subnet-60b73728"
                        },
                        "meta": {},
                        "tainted": false
                    },
                    "deposed": [],
                    "provider": "provider.aws"
                },
                "aws_route_table_association.elasticache.2": {
                    "type": "aws_route_table_association",
                    "depends_on": [
                        "aws_route_table.private.*",
                        "aws_subnet.elasticache.*"
                    ],
                    "primary": {
                        "id": "rtbassoc-ac3b39d4",
                        "attributes": {
                            "id": "rtbassoc-ac3b39d4",
                            "route_table_id": "rtb-eb069492",
                            "subnet_id": "subnet-9bc230c1"
                        },
                        "meta": {},
                        "tainted": false
                    },
                    "deposed": [],
                    "provider": "provider.aws"
                },
                "aws_route_table_association.private.0": {
                    "type": "aws_route_table_association",
                    "depends_on": [
                        "aws_route_table.private.*",
                        "aws_subnet.private.*"
                    ],
                    "primary": {
                        "id": "rtbassoc-e6c6c49e",
                        "attributes": {
                            "id": "rtbassoc-e6c6c49e",
                            "route_table_id": "rtb-f10b9988",
                            "subnet_id": "subnet-19ec5f7f"
                        },
                        "meta": {},
                        "tainted": false
                    },
                    "deposed": [],
                    "provider": "provider.aws"
                },
                "aws_route_table_association.private.1": {
                    "type": "aws_route_table_association",
                    "depends_on": [
                        "aws_route_table.private.*",
                        "aws_subnet.private.*"
                    ],
                    "primary": {
                        "id": "rtbassoc-7ec7c506",
                        "attributes": {
                            "id": "rtbassoc-7ec7c506",
                            "route_table_id": "rtb-0304967a",
                            "subnet_id": "subnet-e7ae2eaf"
                        },
                        "meta": {},
                        "tainted": false
                    },
                    "deposed": [],
                    "provider": "provider.aws"
                },
                "aws_route_table_association.private.2": {
                    "type": "aws_route_table_association",
                    "depends_on": [
                        "aws_route_table.private.*",
                        "aws_subnet.private.*"
                    ],
                    "primary": {
                        "id": "rtbassoc-b5c2c0cd",
                        "attributes": {
                            "id": "rtbassoc-b5c2c0cd",
                            "route_table_id": "rtb-eb069492",
                            "subnet_id": "subnet-72d52728"
                        },
                        "meta": {},
                        "tainted": false
                    },
                    "deposed": [],
                    "provider": "provider.aws"
                },
                "aws_route_table_association.public.0": {
                    "type": "aws_route_table_association",
                    "depends_on": [
                        "aws_route_table.public",
                        "aws_subnet.public.*"
                    ],
                    "primary": {
                        "id": "rtbassoc-323a384a",
                        "attributes": {
                            "id": "rtbassoc-323a384a",
                            "route_table_id": "rtb-be0f9dc7",
                            "subnet_id": "subnet-d2ea59b4"
                        },
                        "meta": {},
                        "tainted": false
                    },
                    "deposed": [],
                    "provider": "provider.aws"
                },
                "aws_route_table_association.public.1": {
                    "type": "aws_route_table_association",
                    "depends_on": [
                        "aws_route_table.public",
                        "aws_subnet.public.*"
                    ],
                    "primary": {
                        "id": "rtbassoc-bcc7c5c4",
                        "attributes": {
                            "id": "rtbassoc-bcc7c5c4",
                            "route_table_id": "rtb-be0f9dc7",
                            "subnet_id": "subnet-72b0303a"
                        },
                        "meta": {},
                        "tainted": false
                    },
                    "deposed": [],
                    "provider": "provider.aws"
                },
                "aws_route_table_association.public.2": {
                    "type": "aws_route_table_association",
                    "depends_on": [
                        "aws_route_table.public",
                        "aws_subnet.public.*"
                    ],
                    "primary": {
                        "id": "rtbassoc-d23d3faa",
                        "attributes": {
                            "id": "rtbassoc-d23d3faa",
                            "route_table_id": "rtb-be0f9dc7",
                            "subnet_id": "subnet-d5de2c8f"
                        },
                        "meta": {},
                        "tainted": false
                    },
                    "deposed": [],
                    "provider": "provider.aws"
                },
                "aws_route_table_association.redshift.0": {
                    "type": "aws_route_table_association",
                    "depends_on": [
                        "aws_route_table.private.*",
                        "aws_subnet.redshift.*"
                    ],
                    "primary": {
                        "id": "rtbassoc-6fc1c317",
                        "attributes": {
                            "id": "rtbassoc-6fc1c317",
                            "route_table_id": "rtb-f10b9988",
                            "subnet_id": "subnet-23e55645"
                        },
                        "meta": {},
                        "tainted": false
                    },
                    "deposed": [],
                    "provider": "provider.aws"
                },
                "aws_route_table_association.redshift.1": {
                    "type": "aws_route_table_association",
                    "depends_on": [
                        "aws_route_table.private.*",
                        "aws_subnet.redshift.*"
                    ],
                    "primary": {
                        "id": "rtbassoc-7fc7c507",
                        "attributes": {
                            "id": "rtbassoc-7fc7c507",
                            "route_table_id": "rtb-0304967a",
                            "subnet_id": "subnet-3eb93976"
                        },
                        "meta": {},
                        "tainted": false
                    },
                    "deposed": [],
                    "provider": "provider.aws"
                },
                "aws_route_table_association.redshift.2": {
                    "type": "aws_route_table_association",
                    "depends_on": [
                        "aws_route_table.private.*",
                        "aws_subnet.redshift.*"
                    ],
                    "primary": {
                        "id": "rtbassoc-fac1c382",
                        "attributes": {
                            "id": "rtbassoc-fac1c382",
                            "route_table_id": "rtb-eb069492",
                            "subnet_id": "subnet-70dc2e2a"
                        },
                        "meta": {},
                        "tainted": false
                    },
                    "deposed": [],
                    "provider": "provider.aws"
                },
                "aws_subnet.database.0": {
                    "type": "aws_subnet",
                    "depends_on": [
                        "aws_vpc.this"
                    ],
                    "primary": {
                        "id": "subnet-8ee053e8",
                        "attributes": {
                            "assign_ipv6_address_on_creation": "false",
                            "availability_zone": "eu-west-1a",
                            "cidr_block": "10.10.2.0/24",
                            "id": "subnet-8ee053e8",
                            "map_public_ip_on_launch": "false",
                            "tags.%": "3",
                            "tags.Environment": "Pre-prod",
                            "tags.Name": "tf-dockerized-vpc-db-eu-west-1a",
                            "tags.Owner": "userA",
                            "vpc_id": "vpc-4a9def2c"
                        },
                        "meta": {
                            "schema_version": "1"
                        },
                        "tainted": false
                    },
                    "deposed": [],
                    "provider": "provider.aws"
                },
                "aws_subnet.database.1": {
                    "type": "aws_subnet",
                    "depends_on": [
                        "aws_vpc.this"
                    ],
                    "primary": {
                        "id": "subnet-b5ba3afd",
                        "attributes": {
                            "assign_ipv6_address_on_creation": "false",
                            "availability_zone": "eu-west-1b",
                            "cidr_block": "10.10.66.0/24",
                            "id": "subnet-b5ba3afd",
                            "map_public_ip_on_launch": "false",
                            "tags.%": "3",
                            "tags.Environment": "Pre-prod",
                            "tags.Name": "tf-dockerized-vpc-db-eu-west-1b",
                            "tags.Owner": "userA",
                            "vpc_id": "vpc-4a9def2c"
                        },
                        "meta": {
                            "schema_version": "1"
                        },
                        "tainted": false
                    },
                    "deposed": [],
                    "provider": "provider.aws"
                },
                "aws_subnet.database.2": {
                    "type": "aws_subnet",
                    "depends_on": [
                        "aws_vpc.this"
                    ],
                    "primary": {
                        "id": "subnet-61d82a3b",
                        "attributes": {
                            "assign_ipv6_address_on_creation": "false",
                            "availability_zone": "eu-west-1c",
                            "cidr_block": "10.10.130.0/24",
                            "id": "subnet-61d82a3b",
                            "map_public_ip_on_launch": "false",
                            "tags.%": "3",
                            "tags.Environment": "Pre-prod",
                            "tags.Name": "tf-dockerized-vpc-db-eu-west-1c",
                            "tags.Owner": "userA",
                            "vpc_id": "vpc-4a9def2c"
                        },
                        "meta": {
                            "schema_version": "1"
                        },
                        "tainted": false
                    },
                    "deposed": [],
                    "provider": "provider.aws"
                },
                "aws_subnet.elasticache.0": {
                    "type": "aws_subnet",
                    "depends_on": [
                        "aws_vpc.this"
                    ],
                    "primary": {
                        "id": "subnet-4ed16228",
                        "attributes": {
                            "assign_ipv6_address_on_creation": "false",
                            "availability_zone": "eu-west-1a",
                            "cidr_block": "10.10.3.0/24",
                            "id": "subnet-4ed16228",
                            "map_public_ip_on_launch": "false",
                            "tags.%": "3",
                            "tags.Environment": "Pre-prod",
                            "tags.Name": "tf-dockerized-vpc-elasticache-eu-west-1a",
                            "tags.Owner": "userA",
                            "vpc_id": "vpc-4a9def2c"
                        },
                        "meta": {
                            "schema_version": "1"
                        },
                        "tainted": false
                    },
                    "deposed": [],
                    "provider": "provider.aws"
                },
                "aws_subnet.elasticache.1": {
                    "type": "aws_subnet",
                    "depends_on": [
                        "aws_vpc.this"
                    ],
                    "primary": {
                        "id": "subnet-60b73728",
                        "attributes": {
                            "assign_ipv6_address_on_creation": "false",
                            "availability_zone": "eu-west-1b",
                            "cidr_block": "10.10.67.0/24",
                            "id": "subnet-60b73728",
                            "map_public_ip_on_launch": "false",
                            "tags.%": "3",
                            "tags.Environment": "Pre-prod",
                            "tags.Name": "tf-dockerized-vpc-elasticache-eu-west-1b",
                            "tags.Owner": "userA",
                            "vpc_id": "vpc-4a9def2c"
                        },
                        "meta": {
                            "schema_version": "1"
                        },
                        "tainted": false
                    },
                    "deposed": [],
                    "provider": "provider.aws"
                },
                "aws_subnet.elasticache.2": {
                    "type": "aws_subnet",
                    "depends_on": [
                        "aws_vpc.this"
                    ],
                    "primary": {
                        "id": "subnet-9bc230c1",
                        "attributes": {
                            "assign_ipv6_address_on_creation": "false",
                            "availability_zone": "eu-west-1c",
                            "cidr_block": "10.10.131.0/24",
                            "id": "subnet-9bc230c1",
                            "map_public_ip_on_launch": "false",
                            "tags.%": "3",
                            "tags.Environment": "Pre-prod",
                            "tags.Name": "tf-dockerized-vpc-elasticache-eu-west-1c",
                            "tags.Owner": "userA",
                            "vpc_id": "vpc-4a9def2c"
                        },
                        "meta": {
                            "schema_version": "1"
                        },
                        "tainted": false
                    },
                    "deposed": [],
                    "provider": "provider.aws"
                },
                "aws_subnet.private.0": {
                    "type": "aws_subnet",
                    "depends_on": [
                        "aws_vpc.this"
                    ],
                    "primary": {
                        "id": "subnet-19ec5f7f",
                        "attributes": {
                            "assign_ipv6_address_on_creation": "false",
                            "availability_zone": "eu-west-1a",
                            "cidr_block": "10.10.0.0/24",
                            "id": "subnet-19ec5f7f",
                            "map_public_ip_on_launch": "false",
                            "tags.%": "3",
                            "tags.Environment": "Pre-prod",
                            "tags.Name": "tf-dockerized-vpc-private-eu-west-1a",
                            "tags.Owner": "userA",
                            "vpc_id": "vpc-4a9def2c"
                        },
                        "meta": {
                            "schema_version": "1"
                        },
                        "tainted": false
                    },
                    "deposed": [],
                    "provider": "provider.aws"
                },
                "aws_subnet.private.1": {
                    "type": "aws_subnet",
                    "depends_on": [
                        "aws_vpc.this"
                    ],
                    "primary": {
                        "id": "subnet-e7ae2eaf",
                        "attributes": {
                            "assign_ipv6_address_on_creation": "false",
                            "availability_zone": "eu-west-1b",
                            "cidr_block": "10.10.64.0/24",
                            "id": "subnet-e7ae2eaf",
                            "map_public_ip_on_launch": "false",
                            "tags.%": "3",
                            "tags.Environment": "Pre-prod",
                            "tags.Name": "tf-dockerized-vpc-private-eu-west-1b",
                            "tags.Owner": "userA",
                            "vpc_id": "vpc-4a9def2c"
                        },
                        "meta": {
                            "schema_version": "1"
                        },
                        "tainted": false
                    },
                    "deposed": [],
                    "provider": "provider.aws"
                },
                "aws_subnet.private.2": {
                    "type": "aws_subnet",
                    "depends_on": [
                        "aws_vpc.this"
                    ],
                    "primary": {
                        "id": "subnet-72d52728",
                        "attributes": {
                            "assign_ipv6_address_on_creation": "false",
                            "availability_zone": "eu-west-1c",
                            "cidr_block": "10.10.128.0/24",
                            "id": "subnet-72d52728",
                            "map_public_ip_on_launch": "false",
                            "tags.%": "3",
                            "tags.Environment": "Pre-prod",
                            "tags.Name": "tf-dockerized-vpc-private-eu-west-1c",
                            "tags.Owner": "userA",
                            "vpc_id": "vpc-4a9def2c"
                        },
                        "meta": {
                            "schema_version": "1"
                        },
                        "tainted": false
                    },
                    "deposed": [],
                    "provider": "provider.aws"
                },
                "aws_subnet.public.0": {
                    "type": "aws_subnet",
                    "depends_on": [
                        "aws_vpc.this"
                    ],
                    "primary": {
                        "id": "subnet-d2ea59b4",
                        "attributes": {
                            "assign_ipv6_address_on_creation": "false",
                            "availability_zone": "eu-west-1a",
                            "cidr_block": "10.10.1.0/24",
                            "id": "subnet-d2ea59b4",
                            "map_public_ip_on_launch": "true",
                            "tags.%": "3",
                            "tags.Environment": "Pre-prod",
                            "tags.Name": "tf-dockerized-vpc-public-eu-west-1a",
                            "tags.Owner": "userA",
                            "vpc_id": "vpc-4a9def2c"
                        },
                        "meta": {
                            "schema_version": "1"
                        },
                        "tainted": false
                    },
                    "deposed": [],
                    "provider": "provider.aws"
                },
                "aws_subnet.public.1": {
                    "type": "aws_subnet",
                    "depends_on": [
                        "aws_vpc.this"
                    ],
                    "primary": {
                        "id": "subnet-72b0303a",
                        "attributes": {
                            "assign_ipv6_address_on_creation": "false",
                            "availability_zone": "eu-west-1b",
                            "cidr_block": "10.10.65.0/24",
                            "id": "subnet-72b0303a",
                            "map_public_ip_on_launch": "true",
                            "tags.%": "3",
                            "tags.Environment": "Pre-prod",
                            "tags.Name": "tf-dockerized-vpc-public-eu-west-1b",
                            "tags.Owner": "userA",
                            "vpc_id": "vpc-4a9def2c"
                        },
                        "meta": {
                            "schema_version": "1"
                        },
                        "tainted": false
                    },
                    "deposed": [],
                    "provider": "provider.aws"
                },
                "aws_subnet.public.2": {
                    "type": "aws_subnet",
                    "depends_on": [
                        "aws_vpc.this"
                    ],
                    "primary": {
                        "id": "subnet-d5de2c8f",
                        "attributes": {
                            "assign_ipv6_address_on_creation": "false",
                            "availability_zone": "eu-west-1c",
                            "cidr_block": "10.10.129.0/24",
                            "id": "subnet-d5de2c8f",
                            "map_public_ip_on_launch": "true",
                            "tags.%": "3",
                            "tags.Environment": "Pre-prod",
                            "tags.Name": "tf-dockerized-vpc-public-eu-west-1c",
                            "tags.Owner": "userA",
                            "vpc_id": "vpc-4a9def2c"
                        },
                        "meta": {
                            "schema_version": "1"
                        },
                        "tainted": false
                    },
                    "deposed": [],
                    "provider": "provider.aws"
                },
                "aws_subnet.redshift.0": {
                    "type": "aws_subnet",
                    "depends_on": [
                        "aws_vpc.this"
                    ],
                    "primary": {
                        "id": "subnet-23e55645",
                        "attributes": {
                            "assign_ipv6_address_on_creation": "false",
                            "availability_zone": "eu-west-1a",
                            "cidr_block": "10.10.4.0/24",
                            "id": "subnet-23e55645",
                            "map_public_ip_on_launch": "false",
                            "tags.%": "3",
                            "tags.Environment": "Pre-prod",
                            "tags.Name": "tf-dockerized-vpc-redshift-eu-west-1a",
                            "tags.Owner": "userA",
                            "vpc_id": "vpc-4a9def2c"
                        },
                        "meta": {
                            "schema_version": "1"
                        },
                        "tainted": false
                    },
                    "deposed": [],
                    "provider": "provider.aws"
                },
                "aws_subnet.redshift.1": {
                    "type": "aws_subnet",
                    "depends_on": [
                        "aws_vpc.this"
                    ],
                    "primary": {
                        "id": "subnet-3eb93976",
                        "attributes": {
                            "assign_ipv6_address_on_creation": "false",
                            "availability_zone": "eu-west-1b",
                            "cidr_block": "10.10.68.0/24",
                            "id": "subnet-3eb93976",
                            "map_public_ip_on_launch": "false",
                            "tags.%": "3",
                            "tags.Environment": "Pre-prod",
                            "tags.Name": "tf-dockerized-vpc-redshift-eu-west-1b",
                            "tags.Owner": "userA",
                            "vpc_id": "vpc-4a9def2c"
                        },
                        "meta": {
                            "schema_version": "1"
                        },
                        "tainted": false
                    },
                    "deposed": [],
                    "provider": "provider.aws"
                },
                "aws_subnet.redshift.2": {
                    "type": "aws_subnet",
                    "depends_on": [
                        "aws_vpc.this"
                    ],
                    "primary": {
                        "id": "subnet-70dc2e2a",
                        "attributes": {
                            "assign_ipv6_address_on_creation": "false",
                            "availability_zone": "eu-west-1c",
                            "cidr_block": "10.10.132.0/24",
                            "id": "subnet-70dc2e2a",
                            "map_public_ip_on_launch": "false",
                            "tags.%": "3",
                            "tags.Environment": "Pre-prod",
                            "tags.Name": "tf-dockerized-vpc-redshift-eu-west-1c",
                            "tags.Owner": "userA",
                            "vpc_id": "vpc-4a9def2c"
                        },
                        "meta": {
                            "schema_version": "1"
                        },
                        "tainted": false
                    },
                    "deposed": [],
                    "provider": "provider.aws"
                },
                "aws_vpc.this": {
                    "type": "aws_vpc",
                    "depends_on": [],
                    "primary": {
                        "id": "vpc-4a9def2c",
                        "attributes": {
                            "assign_generated_ipv6_cidr_block": "false",
                            "cidr_block": "10.10.0.0/16",
                            "default_network_acl_id": "acl-b5917acc",
                            "default_route_table_id": "rtb-b00193c9",
                            "default_security_group_id": "sg-a4a4d4d9",
                            "dhcp_options_id": "dopt-2f02a249",
                            "enable_classiclink": "false",
                            "enable_classiclink_dns_support": "false",
                            "enable_dns_hostnames": "false",
                            "enable_dns_support": "true",
                            "id": "vpc-4a9def2c",
                            "instance_tenancy": "default",
                            "main_route_table_id": "rtb-b00193c9",
                            "tags.%": "3",
                            "tags.Environment": "Pre-prod",
                            "tags.Name": "tf-dockerized-vpc",
                            "tags.Owner": "userA"
                        },
                        "meta": {
                            "schema_version": "1"
                        },
                        "tainted": false
                    },
                    "deposed": [],
                    "provider": "provider.aws"
                },
                "aws_vpc_dhcp_options.this": {
                    "type": "aws_vpc_dhcp_options",
                    "depends_on": [],
                    "primary": {
                        "id": "dopt-2f02a249",
                        "attributes": {
                            "domain_name": "tf-dockerized-vpc",
                            "domain_name_servers.#": "2",
                            "domain_name_servers.0": "127.0.0.1",
                            "domain_name_servers.1": "10.10.0.2",
                            "id": "dopt-2f02a249",
                            "tags.%": "3",
                            "tags.Environment": "Pre-prod",
                            "tags.Name": "tf-dockerized-vpc",
                            "tags.Owner": "userA"
                        },
                        "meta": {},
                        "tainted": false
                    },
                    "deposed": [],
                    "provider": "provider.aws"
                },
                "aws_vpc_dhcp_options_association.this": {
                    "type": "aws_vpc_dhcp_options_association",
                    "depends_on": [
                        "aws_vpc.this",
                        "aws_vpc_dhcp_options.this"
                    ],
                    "primary": {
                        "id": "dopt-2f02a249-vpc-4a9def2c",
                        "attributes": {
                            "dhcp_options_id": "dopt-2f02a249",
                            "id": "dopt-2f02a249-vpc-4a9def2c",
                            "vpc_id": "vpc-4a9def2c"
                        },
                        "meta": {},
                        "tainted": false
                    },
                    "deposed": [],
                    "provider": "provider.aws"
                },
                "aws_vpc_endpoint.dynamodb": {
                    "type": "aws_vpc_endpoint",
                    "depends_on": [
                        "aws_vpc.this",
                        "data.aws_vpc_endpoint_service.dynamodb"
                    ],
                    "primary": {
                        "id": "vpce-bccc00d5",
                        "attributes": {
                            "cidr_blocks.#": "3",
                            "cidr_blocks.0": "52.94.5.0/24",
                            "cidr_blocks.1": "52.119.240.0/21",
                            "cidr_blocks.2": "52.94.24.0/23",
                            "dns_entry.#": "0",
                            "id": "vpce-bccc00d5",
                            "network_interface_ids.#": "0",
                            "policy": "{\"Statement\":[{\"Action\":\"*\",\"Effect\":\"Allow\",\"Principal\":\"*\",\"Resource\":\"*\"}],\"Version\":\"2008-10-17\"}",
                            "prefix_list_id": "pl-6fa54006",
                            "private_dns_enabled": "false",
                            "route_table_ids.#": "4",
                            "route_table_ids.1039073479": "rtb-f10b9988",
                            "route_table_ids.2648233481": "rtb-eb069492",
                            "route_table_ids.270099302": "rtb-0304967a",
                            "route_table_ids.908804532": "rtb-be0f9dc7",
                            "security_group_ids.#": "0",
                            "service_name": "com.amazonaws.eu-west-1.dynamodb",
                            "state": "available",
                            "subnet_ids.#": "0",
                            "vpc_endpoint_type": "Gateway",
                            "vpc_id": "vpc-4a9def2c"
                        },
                        "meta": {},
                        "tainted": false
                    },
                    "deposed": [],
                    "provider": "provider.aws"
                },
                "aws_vpc_endpoint.s3": {
                    "type": "aws_vpc_endpoint",
                    "depends_on": [
                        "aws_vpc.this",
                        "data.aws_vpc_endpoint_service.s3"
                    ],
                    "primary": {
                        "id": "vpce-77c5091e",
                        "attributes": {
                            "cidr_blocks.#": "2",
                            "cidr_blocks.0": "52.218.0.0/17",
                            "cidr_blocks.1": "54.231.128.0/19",
                            "dns_entry.#": "0",
                            "id": "vpce-77c5091e",
                            "network_interface_ids.#": "0",
                            "policy": "{\"Statement\":[{\"Action\":\"*\",\"Effect\":\"Allow\",\"Principal\":\"*\",\"Resource\":\"*\"}],\"Version\":\"2008-10-17\"}",
                            "prefix_list_id": "pl-6da54004",
                            "private_dns_enabled": "false",
                            "route_table_ids.#": "4",
                            "route_table_ids.1039073479": "rtb-f10b9988",
                            "route_table_ids.2648233481": "rtb-eb069492",
                            "route_table_ids.270099302": "rtb-0304967a",
                            "route_table_ids.908804532": "rtb-be0f9dc7",
                            "security_group_ids.#": "0",
                            "service_name": "com.amazonaws.eu-west-1.s3",
                            "state": "available",
                            "subnet_ids.#": "0",
                            "vpc_endpoint_type": "Gateway",
                            "vpc_id": "vpc-4a9def2c"
                        },
                        "meta": {},
                        "tainted": false
                    },
                    "deposed": [],
                    "provider": "provider.aws"
                },
                "aws_vpc_endpoint_route_table_association.private_dynamodb.0": {
                    "type": "aws_vpc_endpoint_route_table_association",
                    "depends_on": [
                        "aws_route_table.private.*",
                        "aws_vpc_endpoint.dynamodb",
                        "local.nat_gateway_count"
                    ],
                    "primary": {
                        "id": "a-vpce-bccc00d51039073479",
                        "attributes": {
                            "id": "a-vpce-bccc00d51039073479",
                            "route_table_id": "rtb-f10b9988",
                            "vpc_endpoint_id": "vpce-bccc00d5"
                        },
                        "meta": {},
                        "tainted": false
                    },
                    "deposed": [],
                    "provider": "provider.aws"
                },
                "aws_vpc_endpoint_route_table_association.private_dynamodb.1": {
                    "type": "aws_vpc_endpoint_route_table_association",
                    "depends_on": [
                        "aws_route_table.private.*",
                        "aws_vpc_endpoint.dynamodb",
                        "local.nat_gateway_count"
                    ],
                    "primary": {
                        "id": "a-vpce-bccc00d5270099302",
                        "attributes": {
                            "id": "a-vpce-bccc00d5270099302",
                            "route_table_id": "rtb-0304967a",
                            "vpc_endpoint_id": "vpce-bccc00d5"
                        },
                        "meta": {},
                        "tainted": false
                    },
                    "deposed": [],
                    "provider": "provider.aws"
                },
                "aws_vpc_endpoint_route_table_association.private_dynamodb.2": {
                    "type": "aws_vpc_endpoint_route_table_association",
                    "depends_on": [
                        "aws_route_table.private.*",
                        "aws_vpc_endpoint.dynamodb",
                        "local.nat_gateway_count"
                    ],
                    "primary": {
                        "id": "a-vpce-bccc00d52648233481",
                        "attributes": {
                            "id": "a-vpce-bccc00d52648233481",
                            "route_table_id": "rtb-eb069492",
                            "vpc_endpoint_id": "vpce-bccc00d5"
                        },
                        "meta": {},
                        "tainted": false
                    },
                    "deposed": [],
                    "provider": "provider.aws"
                },
                "aws_vpc_endpoint_route_table_association.private_s3.0": {
                    "type": "aws_vpc_endpoint_route_table_association",
                    "depends_on": [
                        "aws_route_table.private.*",
                        "aws_vpc_endpoint.s3",
                        "local.nat_gateway_count"
                    ],
                    "primary": {
                        "id": "a-vpce-77c5091e1039073479",
                        "attributes": {
                            "id": "a-vpce-77c5091e1039073479",
                            "route_table_id": "rtb-f10b9988",
                            "vpc_endpoint_id": "vpce-77c5091e"
                        },
                        "meta": {},
                        "tainted": false
                    },
                    "deposed": [],
                    "provider": "provider.aws"
                },
                "aws_vpc_endpoint_route_table_association.private_s3.1": {
                    "type": "aws_vpc_endpoint_route_table_association",
                    "depends_on": [
                        "aws_route_table.private.*",
                        "aws_vpc_endpoint.s3",
                        "local.nat_gateway_count"
                    ],
                    "primary": {
                        "id": "a-vpce-77c5091e270099302",
                        "attributes": {
                            "id": "a-vpce-77c5091e270099302",
                            "route_table_id": "rtb-0304967a",
                            "vpc_endpoint_id": "vpce-77c5091e"
                        },
                        "meta": {},
                        "tainted": false
                    },
                    "deposed": [],
                    "provider": "provider.aws"
                },
                "aws_vpc_endpoint_route_table_association.private_s3.2": {
                    "type": "aws_vpc_endpoint_route_table_association",
                    "depends_on": [
                        "aws_route_table.private.*",
                        "aws_vpc_endpoint.s3",
                        "local.nat_gateway_count"
                    ],
                    "primary": {
                        "id": "a-vpce-77c5091e2648233481",
                        "attributes": {
                            "id": "a-vpce-77c5091e2648233481",
                            "route_table_id": "rtb-eb069492",
                            "vpc_endpoint_id": "vpce-77c5091e"
                        },
                        "meta": {},
                        "tainted": false
                    },
                    "deposed": [],
                    "provider": "provider.aws"
                },
                "aws_vpc_endpoint_route_table_association.public_dynamodb": {
                    "type": "aws_vpc_endpoint_route_table_association",
                    "depends_on": [
                        "aws_route_table.public",
                        "aws_vpc_endpoint.dynamodb"
                    ],
                    "primary": {
                        "id": "a-vpce-bccc00d5908804532",
                        "attributes": {
                            "id": "a-vpce-bccc00d5908804532",
                            "route_table_id": "rtb-be0f9dc7",
                            "vpc_endpoint_id": "vpce-bccc00d5"
                        },
                        "meta": {},
                        "tainted": false
                    },
                    "deposed": [],
                    "provider": "provider.aws"
                },
                "aws_vpc_endpoint_route_table_association.public_s3": {
                    "type": "aws_vpc_endpoint_route_table_association",
                    "depends_on": [
                        "aws_route_table.public",
                        "aws_vpc_endpoint.s3"
                    ],
                    "primary": {
                        "id": "a-vpce-77c5091e908804532",
                        "attributes": {
                            "id": "a-vpce-77c5091e908804532",
                            "route_table_id": "rtb-be0f9dc7",
                            "vpc_endpoint_id": "vpce-77c5091e"
                        },
                        "meta": {},
                        "tainted": false
                    },
                    "deposed": [],
                    "provider": "provider.aws"
                },
                "aws_vpn_gateway.this": {
                    "type": "aws_vpn_gateway",
                    "depends_on": [
                        "aws_vpc.this"
                    ],
                    "primary": {
                        "id": "vgw-cda997b9",
                        "attributes": {
                            "amazon_side_asn": "9059",
                            "id": "vgw-cda997b9",
                            "tags.%": "3",
                            "tags.Environment": "Pre-prod",
                            "tags.Name": "tf-dockerized-vpc",
                            "tags.Owner": "userA",
                            "vpc_id": "vpc-4a9def2c"
                        },
                        "meta": {},
                        "tainted": false
                    },
                    "deposed": [],
                    "provider": "provider.aws"
                },
                "data.aws_vpc_endpoint_service.dynamodb": {
                    "type": "aws_vpc_endpoint_service",
                    "depends_on": [],
                    "primary": {
                        "id": "3674500381",
                        "attributes": {
                            "acceptance_required": "false",
                            "availability_zones.#": "3",
                            "availability_zones.1924028850": "eu-west-1b",
                            "availability_zones.3953592328": "eu-west-1a",
                            "availability_zones.94988580": "eu-west-1c",
                            "base_endpoint_dns_names.#": "1",
                            "base_endpoint_dns_names.641233172": "dynamodb.eu-west-1.amazonaws.com",
                            "id": "3674500381",
                            "owner": "amazon",
                            "private_dns_name": "",
                            "service": "dynamodb",
                            "service_name": "com.amazonaws.eu-west-1.dynamodb",
                            "service_type": "Gateway",
                            "vpc_endpoint_policy_supported": "true"
                        },
                        "meta": {},
                        "tainted": false
                    },
                    "deposed": [],
                    "provider": "provider.aws"
                },
                "data.aws_vpc_endpoint_service.s3": {
                    "type": "aws_vpc_endpoint_service",
                    "depends_on": [],
                    "primary": {
                        "id": "3917145344",
                        "attributes": {
                            "acceptance_required": "false",
                            "availability_zones.#": "3",
                            "availability_zones.1924028850": "eu-west-1b",
                            "availability_zones.3953592328": "eu-west-1a",
                            "availability_zones.94988580": "eu-west-1c",
                            "base_endpoint_dns_names.#": "1",
                            "base_endpoint_dns_names.3522864364": "s3.eu-west-1.amazonaws.com",
                            "id": "3917145344",
                            "owner": "amazon",
                            "private_dns_name": "",
                            "service": "s3",
                            "service_name": "com.amazonaws.eu-west-1.s3",
                            "service_type": "Gateway",
                            "vpc_endpoint_policy_supported": "true"
                        },
                        "meta": {},
                        "tainted": false
                    },
                    "deposed": [],
                    "provider": "provider.aws"
                }
            },
            "depends_on": []
        }
    ]
}
