{
    "version": 3,
    "terraform_version": "0.11.7",
    "serial": 14,
    "lineage": "d4fd166d-b21e-8693-bf0a-55a3858899f2",
    "modules": [
        {
            "path": [
                "root"
            ],
            "outputs": {
                "database_subnets": {
                    "sensitive": false,
                    "type": "list",
                    "value": [
                        "subnet-cc9829aa",
                        "subnet-e46debac"
                    ]
                },
                "elasticache_subnets": {
                    "sensitive": false,
                    "type": "list",
                    "value": [
                        "subnet-ef9a2b89",
                        "subnet-2a6aec62"
                    ]
                },
                "nat_public_ips": {
                    "sensitive": false,
                    "type": "list",
                    "value": [
                        "52.208.3.250",
                        "54.171.208.123"
                    ]
                },
                "private_subnets": {
                    "sensitive": false,
                    "type": "list",
                    "value": [
                        "subnet-c79f2ea1",
                        "subnet-306ee878"
                    ]
                },
                "public_subnets": {
                    "sensitive": false,
                    "type": "list",
                    "value": [
                        "subnet-0e9e2f68",
                        "subnet-e36debab"
                    ]
                },
                "redshift_subnets": {
                    "sensitive": false,
                    "type": "list",
                    "value": [
                        "subnet-13942575",
                        "subnet-3f6cea77"
                    ]
                },
                "vpc_id": {
                    "sensitive": false,
                    "type": "string",
                    "value": "vpc-807303e6"
                }
            },
            "resources": {
                "aws_eip.this": {
                    "type": "aws_eip",
                    "depends_on": [
                        "module.ec2"
                    ],
                    "primary": {
                        "id": "eipalloc-97572daa",
                        "attributes": {
                            "association_id": "eipassoc-f6d2530a",
                            "domain": "vpc",
                            "id": "eipalloc-97572daa",
                            "instance": "i-0bc06c7c5060f5a19",
                            "network_interface": "eni-b3cf4e90",
                            "private_ip": "10.10.0.224",
                            "public_ip": "52.208.113.224",
                            "tags.%": "0",
                            "vpc": "true"
                        },
                        "meta": {
                            "e2bfb730-ecaa-11e6-8f88-34363bc7c4c0": {
                                "delete": 180000000000,
                                "read": 900000000000,
                                "update": 300000000000
                            }
                        },
                        "tainted": false
                    },
                    "deposed": [],
                    "provider": "provider.aws"
                },
                "data.aws_ami.amazon_linux": {
                    "type": "aws_ami",
                    "depends_on": [],
                    "primary": {
                        "id": "ami-ca0135b3",
                        "attributes": {
                            "architecture": "x86_64",
                            "block_device_mappings.#": "1",
                            "block_device_mappings.340275815.device_name": "/dev/xvda",
                            "block_device_mappings.340275815.ebs.%": "6",
                            "block_device_mappings.340275815.ebs.delete_on_termination": "true",
                            "block_device_mappings.340275815.ebs.encrypted": "false",
                            "block_device_mappings.340275815.ebs.iops": "0",
                            "block_device_mappings.340275815.ebs.snapshot_id": "snap-09d3638ae7e8cb12c",
                            "block_device_mappings.340275815.ebs.volume_size": "8",
                            "block_device_mappings.340275815.ebs.volume_type": "gp2",
                            "block_device_mappings.340275815.no_device": "",
                            "block_device_mappings.340275815.virtual_name": "",
                            "creation_date": "2018-05-08T18:10:50.000Z",
                            "description": "Amazon Linux AMI 2018.03.0.20180508 x86_64 HVM GP2",
                            "filter.#": "2",
                            "filter.3169420402.name": "name",
                            "filter.3169420402.values.#": "1",
                            "filter.3169420402.values.0": "amzn-ami-hvm-*-x86_64-gp2",
                            "filter.574890044.name": "owner-alias",
                            "filter.574890044.values.#": "1",
                            "filter.574890044.values.0": "amazon",
                            "hypervisor": "xen",
                            "id": "ami-ca0135b3",
                            "image_id": "ami-ca0135b3",
                            "image_location": "amazon/amzn-ami-hvm-2018.03.0.20180508-x86_64-gp2",
                            "image_owner_alias": "amazon",
                            "image_type": "machine",
                            "most_recent": "true",
                            "name": "amzn-ami-hvm-2018.03.0.20180508-x86_64-gp2",
                            "owner_id": "137112412989",
                            "product_codes.#": "0",
                            "public": "true",
                            "root_device_name": "/dev/xvda",
                            "root_device_type": "ebs",
                            "root_snapshot_id": "snap-09d3638ae7e8cb12c",
                            "sriov_net_support": "simple",
                            "state": "available",
                            "state_reason.%": "2",
                            "state_reason.code": "UNSET",
                            "state_reason.message": "UNSET",
                            "tags.%": "0",
                            "virtualization_type": "hvm"
                        },
                        "meta": {},
                        "tainted": false
                    },
                    "deposed": [],
                    "provider": "provider.aws"
                }
            },
            "depends_on": []
        },
        {
            "path": [
                "root",
                "application_middleware"
            ],
            "outputs": {
                "this_security_group_description": {
                    "sensitive": false,
                    "type": "string",
                    "value": "Security group for appliction and middleware layers with ports open within VPC, and PostgreSQL publicly open"
                },
                "this_security_group_id": {
                    "sensitive": false,
                    "type": "string",
                    "value": "sg-84b1dcf9"
                },
                "this_security_group_name": {
                    "sensitive": false,
                    "type": "string",
                    "value": "application_middleware"
                },
                "this_security_group_owner_id": {
                    "sensitive": false,
                    "type": "string",
                    "value": "919783428286"
                },
                "this_security_group_vpc_id": {
                    "sensitive": false,
                    "type": "string",
                    "value": "vpc-807303e6"
                }
            },
            "resources": {
                "aws_security_group.this": {
                    "type": "aws_security_group",
                    "depends_on": [],
                    "primary": {
                        "id": "sg-84b1dcf9",
                        "attributes": {
                            "arn": "arn:aws:ec2:eu-west-1:919783428286:security-group/sg-84b1dcf9",
                            "description": "Security group for appliction and middleware layers with ports open within VPC, and PostgreSQL publicly open",
                            "egress.#": "0",
                            "id": "sg-84b1dcf9",
                            "ingress.#": "3",
                            "ingress.1365445748.cidr_blocks.#": "1",
                            "ingress.1365445748.cidr_blocks.0": "10.10.0.0/16",
                            "ingress.1365445748.description": "Ingress Rule",
                            "ingress.1365445748.from_port": "5432",
                            "ingress.1365445748.ipv6_cidr_blocks.#": "0",
                            "ingress.1365445748.protocol": "tcp",
                            "ingress.1365445748.security_groups.#": "0",
                            "ingress.1365445748.self": "false",
                            "ingress.1365445748.to_port": "5432",
                            "ingress.2074127813.cidr_blocks.#": "1",
                            "ingress.2074127813.cidr_blocks.0": "10.10.0.0/16",
                            "ingress.2074127813.description": "HTTPS",
                            "ingress.2074127813.from_port": "443",
                            "ingress.2074127813.ipv6_cidr_blocks.#": "0",
                            "ingress.2074127813.protocol": "tcp",
                            "ingress.2074127813.security_groups.#": "0",
                            "ingress.2074127813.self": "false",
                            "ingress.2074127813.to_port": "443",
                            "ingress.3973898054.cidr_blocks.#": "1",
                            "ingress.3973898054.cidr_blocks.0": "10.10.0.0/16",
                            "ingress.3973898054.description": "User-service ports",
                            "ingress.3973898054.from_port": "8080",
                            "ingress.3973898054.ipv6_cidr_blocks.#": "0",
                            "ingress.3973898054.protocol": "tcp",
                            "ingress.3973898054.security_groups.#": "0",
                            "ingress.3973898054.self": "false",
                            "ingress.3973898054.to_port": "8090",
                            "name": "application_middleware",
                            "owner_id": "919783428286",
                            "revoke_rules_on_delete": "false",
                            "tags.%": "1",
                            "tags.Name": "application_middleware",
                            "vpc_id": "vpc-807303e6"
                        },
                        "meta": {
                            "e2bfb730-ecaa-11e6-8f88-34363bc7c4c0": {
                                "create": 600000000000,
                                "delete": 600000000000
                            },
                            "schema_version": "1"
                        },
                        "tainted": false
                    },
                    "deposed": [],
                    "provider": "provider.aws"
                },
                "aws_security_group_rule.ingress_rules": {
                    "type": "aws_security_group_rule",
                    "depends_on": [
                        "aws_security_group.this"
                    ],
                    "primary": {
                        "id": "sgrule-999110790",
                        "attributes": {
                            "cidr_blocks.#": "1",
                            "cidr_blocks.0": "10.10.0.0/16",
                            "description": "HTTPS",
                            "from_port": "443",
                            "id": "sgrule-999110790",
                            "ipv6_cidr_blocks.#": "0",
                            "prefix_list_ids.#": "0",
                            "protocol": "tcp",
                            "security_group_id": "sg-84b1dcf9",
                            "self": "false",
                            "to_port": "443",
                            "type": "ingress"
                        },
                        "meta": {
                            "schema_version": "2"
                        },
                        "tainted": false
                    },
                    "deposed": [],
                    "provider": "provider.aws"
                },
                "aws_security_group_rule.ingress_with_cidr_blocks.0": {
                    "type": "aws_security_group_rule",
                    "depends_on": [
                        "aws_security_group.this"
                    ],
                    "primary": {
                        "id": "sgrule-1888451035",
                        "attributes": {
                            "cidr_blocks.#": "1",
                            "cidr_blocks.0": "10.10.0.0/16",
                            "description": "User-service ports",
                            "from_port": "8080",
                            "id": "sgrule-1888451035",
                            "ipv6_cidr_blocks.#": "0",
                            "prefix_list_ids.#": "0",
                            "protocol": "tcp",
                            "security_group_id": "sg-84b1dcf9",
                            "self": "false",
                            "to_port": "8090",
                            "type": "ingress"
                        },
                        "meta": {
                            "schema_version": "2"
                        },
                        "tainted": false
                    },
                    "deposed": [],
                    "provider": "provider.aws"
                },
                "aws_security_group_rule.ingress_with_cidr_blocks.1": {
                    "type": "aws_security_group_rule",
                    "depends_on": [
                        "aws_security_group.this"
                    ],
                    "primary": {
                        "id": "sgrule-299356701",
                        "attributes": {
                            "cidr_blocks.#": "1",
                            "cidr_blocks.0": "10.10.0.0/16",
                            "description": "Ingress Rule",
                            "from_port": "5432",
                            "id": "sgrule-299356701",
                            "ipv6_cidr_blocks.#": "0",
                            "prefix_list_ids.#": "0",
                            "protocol": "tcp",
                            "security_group_id": "sg-84b1dcf9",
                            "self": "false",
                            "to_port": "5432",
                            "type": "ingress"
                        },
                        "meta": {
                            "schema_version": "2"
                        },
                        "tainted": false
                    },
                    "deposed": [],
                    "provider": "provider.aws"
                }
            },
            "depends_on": []
        },
        {
            "path": [
                "root",
                "ec2"
            ],
            "outputs": {
                "availability_zone": {
                    "sensitive": false,
                    "type": "list",
                    "value": [
                        "eu-west-1a"
                    ]
                },
                "id": {
                    "sensitive": false,
                    "type": "list",
                    "value": [
                        "i-0bc06c7c5060f5a19"
                    ]
                },
                "key_name": {
                    "sensitive": false,
                    "type": "list",
                    "value": [
                        ""
                    ]
                },
                "network_interface_id": {
                    "sensitive": false,
                    "type": "list",
                    "value": [
                        "eni-b3cf4e90"
                    ]
                },
                "primary_network_interface_id": {
                    "sensitive": false,
                    "type": "list",
                    "value": [
                        "eni-b3cf4e90"
                    ]
                },
                "private_dns": {
                    "sensitive": false,
                    "type": "list",
                    "value": [
                        "ip-10-10-0-224.tf-dockerized-vpc"
                    ]
                },
                "private_ip": {
                    "sensitive": false,
                    "type": "list",
                    "value": [
                        "10.10.0.224"
                    ]
                },
                "public_dns": {
                    "sensitive": false,
                    "type": "list",
                    "value": [
                        ""
                    ]
                },
                "public_ip": {
                    "sensitive": false,
                    "type": "list",
                    "value": [
                        "34.242.16.45"
                    ]
                },
                "security_groups": {
                    "sensitive": false,
                    "type": "list",
                    "value": [
                        []
                    ]
                },
                "subnet_id": {
                    "sensitive": false,
                    "type": "list",
                    "value": [
                        "subnet-c79f2ea1"
                    ]
                },
                "tags": {
                    "sensitive": false,
                    "type": "list",
                    "value": [
                        {
                            "Name": "example"
                        }
                    ]
                },
                "vpc_security_group_ids": {
                    "sensitive": false,
                    "type": "list",
                    "value": [
                        [
                            "sg-84b1dcf9"
                        ]
                    ]
                }
            },
            "resources": {
                "aws_instance.this": {
                    "type": "aws_instance",
                    "depends_on": [],
                    "primary": {
                        "id": "i-0bc06c7c5060f5a19",
                        "attributes": {
                            "ami": "ami-ca0135b3",
                            "associate_public_ip_address": "true",
                            "availability_zone": "eu-west-1a",
                            "credit_specification.#": "1",
                            "credit_specification.0.cpu_credits": "standard",
                            "disable_api_termination": "false",
                            "ebs_block_device.#": "0",
                            "ebs_optimized": "false",
                            "ephemeral_block_device.#": "0",
                            "get_password_data": "false",
                            "iam_instance_profile": "",
                            "id": "i-0bc06c7c5060f5a19",
                            "instance_state": "running",
                            "instance_type": "t2.micro",
                            "ipv6_address_count": "0",
                            "ipv6_addresses.#": "0",
                            "key_name": "",
                            "monitoring": "false",
                            "network_interface.#": "0",
                            "network_interface_id": "eni-b3cf4e90",
                            "password_data": "",
                            "placement_group": "",
                            "primary_network_interface_id": "eni-b3cf4e90",
                            "private_dns": "ip-10-10-0-224.tf-dockerized-vpc",
                            "private_ip": "10.10.0.224",
                            "public_dns": "",
                            "public_ip": "34.242.16.45",
                            "root_block_device.#": "1",
                            "root_block_device.0.delete_on_termination": "true",
                            "root_block_device.0.iops": "100",
                            "root_block_device.0.volume_id": "vol-0ae06b5baf2bc4ae0",
                            "root_block_device.0.volume_size": "8",
                            "root_block_device.0.volume_type": "gp2",
                            "security_groups.#": "0",
                            "source_dest_check": "true",
                            "subnet_id": "subnet-c79f2ea1",
                            "tags.%": "1",
                            "tags.Name": "example",
                            "tenancy": "default",
                            "user_data": "da39a3ee5e6b4b0d3255bfef95601890afd80709",
                            "volume_tags.%": "0",
                            "vpc_security_group_ids.#": "1",
                            "vpc_security_group_ids.231495689": "sg-84b1dcf9"
                        },
                        "meta": {
                            "e2bfb730-ecaa-11e6-8f88-34363bc7c4c0": {
                                "create": 600000000000,
                                "delete": 1200000000000,
                                "update": 600000000000
                            },
                            "schema_version": "1"
                        },
                        "tainted": false
                    },
                    "deposed": [],
                    "provider": "provider.aws"
                }
            },
            "depends_on": []
        },
        {
            "path": [
                "root",
                "vpc"
            ],
            "outputs": {
                "database_subnet_group": {
                    "sensitive": false,
                    "type": "string",
                    "value": ""
                },
                "database_subnets": {
                    "sensitive": false,
                    "type": "list",
                    "value": [
                        "subnet-cc9829aa",
                        "subnet-e46debac"
                    ]
                },
                "database_subnets_cidr_blocks": {
                    "sensitive": false,
                    "type": "list",
                    "value": [
                        "10.10.2.0/24",
                        "10.10.66.0/24"
                    ]
                },
                "default_network_acl_id": {
                    "sensitive": false,
                    "type": "string",
                    "value": "acl-5ec02e27"
                },
                "default_route_table_id": {
                    "sensitive": false,
                    "type": "string",
                    "value": "rtb-c16effb8"
                },
                "default_security_group_id": {
                    "sensitive": false,
                    "type": "string",
                    "value": "sg-9f8ee3e2"
                },
                "default_vpc_cidr_block": {
                    "sensitive": false,
                    "type": "string",
                    "value": ""
                },
                "default_vpc_default_network_acl_id": {
                    "sensitive": false,
                    "type": "string",
                    "value": ""
                },
                "default_vpc_default_route_table_id": {
                    "sensitive": false,
                    "type": "string",
                    "value": ""
                },
                "default_vpc_default_security_group_id": {
                    "sensitive": false,
                    "type": "string",
                    "value": ""
                },
                "default_vpc_enable_dns_hostnames": {
                    "sensitive": false,
                    "type": "string",
                    "value": ""
                },
                "default_vpc_enable_dns_support": {
                    "sensitive": false,
                    "type": "string",
                    "value": ""
                },
                "default_vpc_id": {
                    "sensitive": false,
                    "type": "string",
                    "value": ""
                },
                "default_vpc_instance_tenancy": {
                    "sensitive": false,
                    "type": "string",
                    "value": ""
                },
                "default_vpc_main_route_table_id": {
                    "sensitive": false,
                    "type": "string",
                    "value": ""
                },
                "elasticache_subnet_group": {
                    "sensitive": false,
                    "type": "string",
                    "value": "tf-dockerized-vpc"
                },
                "elasticache_subnet_group_name": {
                    "sensitive": false,
                    "type": "string",
                    "value": "tf-dockerized-vpc"
                },
                "elasticache_subnets": {
                    "sensitive": false,
                    "type": "list",
                    "value": [
                        "subnet-ef9a2b89",
                        "subnet-2a6aec62"
                    ]
                },
                "elasticache_subnets_cidr_blocks": {
                    "sensitive": false,
                    "type": "list",
                    "value": [
                        "10.10.3.0/24",
                        "10.10.67.0/24"
                    ]
                },
                "igw_id": {
                    "sensitive": false,
                    "type": "string",
                    "value": "igw-93176cf4"
                },
                "nat_ids": {
                    "sensitive": false,
                    "type": "list",
                    "value": [
                        "eipalloc-37512b0a",
                        "eipalloc-9c572da1"
                    ]
                },
                "nat_public_ips": {
                    "sensitive": false,
                    "type": "list",
                    "value": [
                        "52.208.3.250",
                        "54.171.208.123"
                    ]
                },
                "natgw_ids": {
                    "sensitive": false,
                    "type": "list",
                    "value": [
                        "nat-0c98f6b4691aade96",
                        "nat-0f99f2fb5562d13eb"
                    ]
                },
                "private_route_table_ids": {
                    "sensitive": false,
                    "type": "list",
                    "value": [
                        "rtb-876dfcfe",
                        "rtb-d764f5ae"
                    ]
                },
                "private_subnets": {
                    "sensitive": false,
                    "type": "list",
                    "value": [
                        "subnet-c79f2ea1",
                        "subnet-306ee878"
                    ]
                },
                "private_subnets_cidr_blocks": {
                    "sensitive": false,
                    "type": "list",
                    "value": [
                        "10.10.0.0/24",
                        "10.10.64.0/24"
                    ]
                },
                "public_route_table_ids": {
                    "sensitive": false,
                    "type": "list",
                    "value": [
                        "rtb-f068f989"
                    ]
                },
                "public_subnets": {
                    "sensitive": false,
                    "type": "list",
                    "value": [
                        "subnet-0e9e2f68",
                        "subnet-e36debab"
                    ]
                },
                "public_subnets_cidr_blocks": {
                    "sensitive": false,
                    "type": "list",
                    "value": [
                        "10.10.1.0/24",
                        "10.10.65.0/24"
                    ]
                },
                "redshift_subnet_group": {
                    "sensitive": false,
                    "type": "string",
                    "value": "tf-dockerized-vpc"
                },
                "redshift_subnets": {
                    "sensitive": false,
                    "type": "list",
                    "value": [
                        "subnet-13942575",
                        "subnet-3f6cea77"
                    ]
                },
                "redshift_subnets_cidr_blocks": {
                    "sensitive": false,
                    "type": "list",
                    "value": [
                        "10.10.4.0/24",
                        "10.10.68.0/24"
                    ]
                },
                "vgw_id": {
                    "sensitive": false,
                    "type": "string",
                    "value": "vgw-92b48ae6"
                },
                "vpc_cidr_block": {
                    "sensitive": false,
                    "type": "string",
                    "value": "10.10.0.0/16"
                },
                "vpc_enable_dns_hostnames": {
                    "sensitive": false,
                    "type": "string",
                    "value": "false"
                },
                "vpc_enable_dns_support": {
                    "sensitive": false,
                    "type": "string",
                    "value": "true"
                },
                "vpc_endpoint_dynamodb_id": {
                    "sensitive": false,
                    "type": "string",
                    "value": "vpce-1ba76b72"
                },
                "vpc_endpoint_dynamodb_pl_id": {
                    "sensitive": false,
                    "type": "string",
                    "value": "pl-6fa54006"
                },
                "vpc_endpoint_s3_id": {
                    "sensitive": false,
                    "type": "string",
                    "value": "vpce-e0ab6789"
                },
                "vpc_endpoint_s3_pl_id": {
                    "sensitive": false,
                    "type": "string",
                    "value": "pl-6da54004"
                },
                "vpc_id": {
                    "sensitive": false,
                    "type": "string",
                    "value": "vpc-807303e6"
                },
                "vpc_instance_tenancy": {
                    "sensitive": false,
                    "type": "string",
                    "value": "default"
                },
                "vpc_main_route_table_id": {
                    "sensitive": false,
                    "type": "string",
                    "value": "rtb-c16effb8"
                }
            },
            "resources": {
                "aws_eip.nat.0": {
                    "type": "aws_eip",
                    "depends_on": [
                        "local.nat_gateway_count"
                    ],
                    "primary": {
                        "id": "eipalloc-37512b0a",
                        "attributes": {
                            "association_id": "eipassoc-d0d0512c",
                            "domain": "vpc",
                            "id": "eipalloc-37512b0a",
                            "instance": "",
                            "network_interface": "eni-fbcc4dd8",
                            "private_ip": "10.10.1.12",
                            "public_ip": "52.208.3.250",
                            "tags.%": "3",
                            "tags.Environment": "Pre-prod",
                            "tags.Name": "tf-dockerized-vpc-eu-west-1a",
                            "tags.Owner": "userA",
                            "vpc": "true"
                        },
                        "meta": {
                            "e2bfb730-ecaa-11e6-8f88-34363bc7c4c0": {
                                "delete": 180000000000,
                                "read": 900000000000,
                                "update": 300000000000
                            }
                        },
                        "tainted": false
                    },
                    "deposed": [],
                    "provider": "provider.aws"
                },
                "aws_eip.nat.1": {
                    "type": "aws_eip",
                    "depends_on": [
                        "local.nat_gateway_count"
                    ],
                    "primary": {
                        "id": "eipalloc-9c572da1",
                        "attributes": {
                            "association_id": "eipassoc-b213b97f",
                            "domain": "vpc",
                            "id": "eipalloc-9c572da1",
                            "instance": "",
                            "network_interface": "eni-3d5b0908",
                            "private_ip": "10.10.65.139",
                            "public_ip": "54.171.208.123",
                            "tags.%": "3",
                            "tags.Environment": "Pre-prod",
                            "tags.Name": "tf-dockerized-vpc-eu-west-1b",
                            "tags.Owner": "userA",
                            "vpc": "true"
                        },
                        "meta": {
                            "e2bfb730-ecaa-11e6-8f88-34363bc7c4c0": {
                                "delete": 180000000000,
                                "read": 900000000000,
                                "update": 300000000000
                            }
                        },
                        "tainted": false
                    },
                    "deposed": [],
                    "provider": "provider.aws"
                },
                "aws_elasticache_subnet_group.elasticache": {
                    "type": "aws_elasticache_subnet_group",
                    "depends_on": [
                        "aws_subnet.elasticache.*"
                    ],
                    "primary": {
                        "id": "tf-dockerized-vpc",
                        "attributes": {
                            "description": "ElastiCache subnet group for tf-dockerized-vpc",
                            "id": "tf-dockerized-vpc",
                            "name": "tf-dockerized-vpc",
                            "subnet_ids.#": "2",
                            "subnet_ids.46923898": "subnet-ef9a2b89",
                            "subnet_ids.932700116": "subnet-2a6aec62"
                        },
                        "meta": {},
                        "tainted": false
                    },
                    "deposed": [],
                    "provider": "provider.aws"
                },
                "aws_internet_gateway.this": {
                    "type": "aws_internet_gateway",
                    "depends_on": [
                        "aws_vpc.this"
                    ],
                    "primary": {
                        "id": "igw-93176cf4",
                        "attributes": {
                            "id": "igw-93176cf4",
                            "tags.%": "3",
                            "tags.Environment": "Pre-prod",
                            "tags.Name": "tf-dockerized-vpc",
                            "tags.Owner": "userA",
                            "vpc_id": "vpc-807303e6"
                        },
                        "meta": {},
                        "tainted": false
                    },
                    "deposed": [],
                    "provider": "provider.aws"
                },
                "aws_nat_gateway.this.0": {
                    "type": "aws_nat_gateway",
                    "depends_on": [
                        "aws_internet_gateway.this",
                        "aws_subnet.public.*",
                        "local.nat_gateway_count",
                        "local.nat_gateway_ips"
                    ],
                    "primary": {
                        "id": "nat-0c98f6b4691aade96",
                        "attributes": {
                            "allocation_id": "eipalloc-37512b0a",
                            "id": "nat-0c98f6b4691aade96",
                            "network_interface_id": "eni-fbcc4dd8",
                            "private_ip": "10.10.1.12",
                            "public_ip": "52.208.3.250",
                            "subnet_id": "subnet-0e9e2f68",
                            "tags.%": "3",
                            "tags.Environment": "Pre-prod",
                            "tags.Name": "tf-dockerized-vpc-eu-west-1a",
                            "tags.Owner": "userA"
                        },
                        "meta": {},
                        "tainted": false
                    },
                    "deposed": [],
                    "provider": "provider.aws"
                },
                "aws_nat_gateway.this.1": {
                    "type": "aws_nat_gateway",
                    "depends_on": [
                        "aws_internet_gateway.this",
                        "aws_subnet.public.*",
                        "local.nat_gateway_count",
                        "local.nat_gateway_ips"
                    ],
                    "primary": {
                        "id": "nat-0f99f2fb5562d13eb",
                        "attributes": {
                            "allocation_id": "eipalloc-9c572da1",
                            "id": "nat-0f99f2fb5562d13eb",
                            "network_interface_id": "eni-3d5b0908",
                            "private_ip": "10.10.65.139",
                            "public_ip": "54.171.208.123",
                            "subnet_id": "subnet-e36debab",
                            "tags.%": "3",
                            "tags.Environment": "Pre-prod",
                            "tags.Name": "tf-dockerized-vpc-eu-west-1b",
                            "tags.Owner": "userA"
                        },
                        "meta": {},
                        "tainted": false
                    },
                    "deposed": [],
                    "provider": "provider.aws"
                },
                "aws_redshift_subnet_group.redshift": {
                    "type": "aws_redshift_subnet_group",
                    "depends_on": [
                        "aws_subnet.redshift.*"
                    ],
                    "primary": {
                        "id": "tf-dockerized-vpc",
                        "attributes": {
                            "description": "Redshift subnet group for tf-dockerized-vpc",
                            "id": "tf-dockerized-vpc",
                            "name": "tf-dockerized-vpc",
                            "subnet_ids.#": "2",
                            "subnet_ids.3043169084": "subnet-13942575",
                            "subnet_ids.783262468": "subnet-3f6cea77",
                            "tags.%": "3",
                            "tags.Environment": "Pre-prod",
                            "tags.Name": "tf-dockerized-vpc",
                            "tags.Owner": "userA"
                        },
                        "meta": {},
                        "tainted": false
                    },
                    "deposed": [],
                    "provider": "provider.aws"
                },
                "aws_route.private_nat_gateway.0": {
                    "type": "aws_route",
                    "depends_on": [
                        "aws_nat_gateway.this.*",
                        "aws_route_table.private.*",
                        "local.nat_gateway_count"
                    ],
                    "primary": {
                        "id": "r-rtb-876dfcfe1080289494",
                        "attributes": {
                            "destination_cidr_block": "0.0.0.0/0",
                            "destination_prefix_list_id": "",
                            "egress_only_gateway_id": "",
                            "gateway_id": "",
                            "id": "r-rtb-876dfcfe1080289494",
                            "instance_id": "",
                            "instance_owner_id": "",
                            "nat_gateway_id": "nat-0c98f6b4691aade96",
                            "network_interface_id": "",
                            "origin": "CreateRoute",
                            "route_table_id": "rtb-876dfcfe",
                            "state": "active",
                            "vpc_peering_connection_id": ""
                        },
                        "meta": {
                            "e2bfb730-ecaa-11e6-8f88-34363bc7c4c0": {
                                "create": 300000000000,
                                "delete": 300000000000
                            }
                        },
                        "tainted": false
                    },
                    "deposed": [],
                    "provider": "provider.aws"
                },
                "aws_route.private_nat_gateway.1": {
                    "type": "aws_route",
                    "depends_on": [
                        "aws_nat_gateway.this.*",
                        "aws_route_table.private.*",
                        "local.nat_gateway_count"
                    ],
                    "primary": {
                        "id": "r-rtb-d764f5ae1080289494",
                        "attributes": {
                            "destination_cidr_block": "0.0.0.0/0",
                            "destination_prefix_list_id": "",
                            "egress_only_gateway_id": "",
                            "gateway_id": "",
                            "id": "r-rtb-d764f5ae1080289494",
                            "instance_id": "",
                            "instance_owner_id": "",
                            "nat_gateway_id": "nat-0f99f2fb5562d13eb",
                            "network_interface_id": "",
                            "origin": "CreateRoute",
                            "route_table_id": "rtb-d764f5ae",
                            "state": "active",
                            "vpc_peering_connection_id": ""
                        },
                        "meta": {
                            "e2bfb730-ecaa-11e6-8f88-34363bc7c4c0": {
                                "create": 300000000000,
                                "delete": 300000000000
                            }
                        },
                        "tainted": false
                    },
                    "deposed": [],
                    "provider": "provider.aws"
                },
                "aws_route.public_internet_gateway": {
                    "type": "aws_route",
                    "depends_on": [
                        "aws_internet_gateway.this",
                        "aws_route_table.public"
                    ],
                    "primary": {
                        "id": "r-rtb-f068f9891080289494",
                        "attributes": {
                            "destination_cidr_block": "0.0.0.0/0",
                            "destination_prefix_list_id": "",
                            "egress_only_gateway_id": "",
                            "gateway_id": "igw-93176cf4",
                            "id": "r-rtb-f068f9891080289494",
                            "instance_id": "",
                            "instance_owner_id": "",
                            "nat_gateway_id": "",
                            "network_interface_id": "",
                            "origin": "CreateRoute",
                            "route_table_id": "rtb-f068f989",
                            "state": "active",
                            "vpc_peering_connection_id": ""
                        },
                        "meta": {
                            "e2bfb730-ecaa-11e6-8f88-34363bc7c4c0": {
                                "create": 300000000000,
                                "delete": 300000000000
                            }
                        },
                        "tainted": false
                    },
                    "deposed": [],
                    "provider": "provider.aws"
                },
                "aws_route_table.private.0": {
                    "type": "aws_route_table",
                    "depends_on": [
                        "aws_vpc.this",
                        "local.max_subnet_length",
                        "local.nat_gateway_count"
                    ],
                    "primary": {
                        "id": "rtb-876dfcfe",
                        "attributes": {
                            "id": "rtb-876dfcfe",
                            "propagating_vgws.#": "0",
                            "route.#": "1",
                            "route.430022866.cidr_block": "0.0.0.0/0",
                            "route.430022866.egress_only_gateway_id": "",
                            "route.430022866.gateway_id": "",
                            "route.430022866.instance_id": "",
                            "route.430022866.ipv6_cidr_block": "",
                            "route.430022866.nat_gateway_id": "nat-0c98f6b4691aade96",
                            "route.430022866.network_interface_id": "",
                            "route.430022866.vpc_peering_connection_id": "",
                            "tags.%": "3",
                            "tags.Environment": "Pre-prod",
                            "tags.Name": "tf-dockerized-vpc-private-eu-west-1a",
                            "tags.Owner": "userA",
                            "vpc_id": "vpc-807303e6"
                        },
                        "meta": {},
                        "tainted": false
                    },
                    "deposed": [],
                    "provider": "provider.aws"
                },
                "aws_route_table.private.1": {
                    "type": "aws_route_table",
                    "depends_on": [
                        "aws_vpc.this",
                        "local.max_subnet_length",
                        "local.nat_gateway_count"
                    ],
                    "primary": {
                        "id": "rtb-d764f5ae",
                        "attributes": {
                            "id": "rtb-d764f5ae",
                            "propagating_vgws.#": "0",
                            "route.#": "1",
                            "route.350444451.cidr_block": "0.0.0.0/0",
                            "route.350444451.egress_only_gateway_id": "",
                            "route.350444451.gateway_id": "",
                            "route.350444451.instance_id": "",
                            "route.350444451.ipv6_cidr_block": "",
                            "route.350444451.nat_gateway_id": "nat-0f99f2fb5562d13eb",
                            "route.350444451.network_interface_id": "",
                            "route.350444451.vpc_peering_connection_id": "",
                            "tags.%": "3",
                            "tags.Environment": "Pre-prod",
                            "tags.Name": "tf-dockerized-vpc-private-eu-west-1b",
                            "tags.Owner": "userA",
                            "vpc_id": "vpc-807303e6"
                        },
                        "meta": {},
                        "tainted": false
                    },
                    "deposed": [],
                    "provider": "provider.aws"
                },
                "aws_route_table.public": {
                    "type": "aws_route_table",
                    "depends_on": [
                        "aws_vpc.this"
                    ],
                    "primary": {
                        "id": "rtb-f068f989",
                        "attributes": {
                            "id": "rtb-f068f989",
                            "propagating_vgws.#": "0",
                            "route.#": "1",
                            "route.3780402504.cidr_block": "0.0.0.0/0",
                            "route.3780402504.egress_only_gateway_id": "",
                            "route.3780402504.gateway_id": "igw-93176cf4",
                            "route.3780402504.instance_id": "",
                            "route.3780402504.ipv6_cidr_block": "",
                            "route.3780402504.nat_gateway_id": "",
                            "route.3780402504.network_interface_id": "",
                            "route.3780402504.vpc_peering_connection_id": "",
                            "tags.%": "3",
                            "tags.Environment": "Pre-prod",
                            "tags.Name": "tf-dockerized-vpc-public",
                            "tags.Owner": "userA",
                            "vpc_id": "vpc-807303e6"
                        },
                        "meta": {},
                        "tainted": false
                    },
                    "deposed": [],
                    "provider": "provider.aws"
                },
                "aws_route_table_association.database.0": {
                    "type": "aws_route_table_association",
                    "depends_on": [
                        "aws_route_table.private.*",
                        "aws_subnet.database.*"
                    ],
                    "primary": {
                        "id": "rtbassoc-38f9fe40",
                        "attributes": {
                            "id": "rtbassoc-38f9fe40",
                            "route_table_id": "rtb-876dfcfe",
                            "subnet_id": "subnet-cc9829aa"
                        },
                        "meta": {},
                        "tainted": false
                    },
                    "deposed": [],
                    "provider": "provider.aws"
                },
                "aws_route_table_association.database.1": {
                    "type": "aws_route_table_association",
                    "depends_on": [
                        "aws_route_table.private.*",
                        "aws_subnet.database.*"
                    ],
                    "primary": {
                        "id": "rtbassoc-a78087df",
                        "attributes": {
                            "id": "rtbassoc-a78087df",
                            "route_table_id": "rtb-d764f5ae",
                            "subnet_id": "subnet-e46debac"
                        },
                        "meta": {},
                        "tainted": false
                    },
                    "deposed": [],
                    "provider": "provider.aws"
                },
                "aws_route_table_association.elasticache.0": {
                    "type": "aws_route_table_association",
                    "depends_on": [
                        "aws_route_table.private.*",
                        "aws_subnet.elasticache.*"
                    ],
                    "primary": {
                        "id": "rtbassoc-4f8d8a37",
                        "attributes": {
                            "id": "rtbassoc-4f8d8a37",
                            "route_table_id": "rtb-876dfcfe",
                            "subnet_id": "subnet-ef9a2b89"
                        },
                        "meta": {},
                        "tainted": false
                    },
                    "deposed": [],
                    "provider": "provider.aws"
                },
                "aws_route_table_association.elasticache.1": {
                    "type": "aws_route_table_association",
                    "depends_on": [
                        "aws_route_table.private.*",
                        "aws_subnet.elasticache.*"
                    ],
                    "primary": {
                        "id": "rtbassoc-0480877c",
                        "attributes": {
                            "id": "rtbassoc-0480877c",
                            "route_table_id": "rtb-d764f5ae",
                            "subnet_id": "subnet-2a6aec62"
                        },
                        "meta": {},
                        "tainted": false
                    },
                    "deposed": [],
                    "provider": "provider.aws"
                },
                "aws_route_table_association.private.0": {
                    "type": "aws_route_table_association",
                    "depends_on": [
                        "aws_route_table.private.*",
                        "aws_subnet.private.*"
                    ],
                    "primary": {
                        "id": "rtbassoc-c48681bc",
                        "attributes": {
                            "id": "rtbassoc-c48681bc",
                            "route_table_id": "rtb-876dfcfe",
                            "subnet_id": "subnet-c79f2ea1"
                        },
                        "meta": {},
                        "tainted": false
                    },
                    "deposed": [],
                    "provider": "provider.aws"
                },
                "aws_route_table_association.private.1": {
                    "type": "aws_route_table_association",
                    "depends_on": [
                        "aws_route_table.private.*",
                        "aws_subnet.private.*"
                    ],
                    "primary": {
                        "id": "rtbassoc-f385828b",
                        "attributes": {
                            "id": "rtbassoc-f385828b",
                            "route_table_id": "rtb-d764f5ae",
                            "subnet_id": "subnet-306ee878"
                        },
                        "meta": {},
                        "tainted": false
                    },
                    "deposed": [],
                    "provider": "provider.aws"
                },
                "aws_route_table_association.public.0": {
                    "type": "aws_route_table_association",
                    "depends_on": [
                        "aws_route_table.public",
                        "aws_subnet.public.*"
                    ],
                    "primary": {
                        "id": "rtbassoc-7483840c",
                        "attributes": {
                            "id": "rtbassoc-7483840c",
                            "route_table_id": "rtb-f068f989",
                            "subnet_id": "subnet-0e9e2f68"
                        },
                        "meta": {},
                        "tainted": false
                    },
                    "deposed": [],
                    "provider": "provider.aws"
                },
                "aws_route_table_association.public.1": {
                    "type": "aws_route_table_association",
                    "depends_on": [
                        "aws_route_table.public",
                        "aws_subnet.public.*"
                    ],
                    "primary": {
                        "id": "rtbassoc-50858228",
                        "attributes": {
                            "id": "rtbassoc-50858228",
                            "route_table_id": "rtb-f068f989",
                            "subnet_id": "subnet-e36debab"
                        },
                        "meta": {},
                        "tainted": false
                    },
                    "deposed": [],
                    "provider": "provider.aws"
                },
                "aws_route_table_association.redshift.0": {
                    "type": "aws_route_table_association",
                    "depends_on": [
                        "aws_route_table.private.*",
                        "aws_subnet.redshift.*"
                    ],
                    "primary": {
                        "id": "rtbassoc-f687808e",
                        "attributes": {
                            "id": "rtbassoc-f687808e",
                            "route_table_id": "rtb-876dfcfe",
                            "subnet_id": "subnet-13942575"
                        },
                        "meta": {},
                        "tainted": false
                    },
                    "deposed": [],
                    "provider": "provider.aws"
                },
                "aws_route_table_association.redshift.1": {
                    "type": "aws_route_table_association",
                    "depends_on": [
                        "aws_route_table.private.*",
                        "aws_subnet.redshift.*"
                    ],
                    "primary": {
                        "id": "rtbassoc-a6f8ffde",
                        "attributes": {
                            "id": "rtbassoc-a6f8ffde",
                            "route_table_id": "rtb-d764f5ae",
                            "subnet_id": "subnet-3f6cea77"
                        },
                        "meta": {},
                        "tainted": false
                    },
                    "deposed": [],
                    "provider": "provider.aws"
                },
                "aws_subnet.database.0": {
                    "type": "aws_subnet",
                    "depends_on": [
                        "aws_vpc.this"
                    ],
                    "primary": {
                        "id": "subnet-cc9829aa",
                        "attributes": {
                            "assign_ipv6_address_on_creation": "false",
                            "availability_zone": "eu-west-1a",
                            "cidr_block": "10.10.2.0/24",
                            "id": "subnet-cc9829aa",
                            "map_public_ip_on_launch": "false",
                            "tags.%": "3",
                            "tags.Environment": "Pre-prod",
                            "tags.Name": "tf-dockerized-vpc-db-eu-west-1a",
                            "tags.Owner": "userA",
                            "vpc_id": "vpc-807303e6"
                        },
                        "meta": {
                            "schema_version": "1"
                        },
                        "tainted": false
                    },
                    "deposed": [],
                    "provider": "provider.aws"
                },
                "aws_subnet.database.1": {
                    "type": "aws_subnet",
                    "depends_on": [
                        "aws_vpc.this"
                    ],
                    "primary": {
                        "id": "subnet-e46debac",
                        "attributes": {
                            "assign_ipv6_address_on_creation": "false",
                            "availability_zone": "eu-west-1b",
                            "cidr_block": "10.10.66.0/24",
                            "id": "subnet-e46debac",
                            "map_public_ip_on_launch": "false",
                            "tags.%": "3",
                            "tags.Environment": "Pre-prod",
                            "tags.Name": "tf-dockerized-vpc-db-eu-west-1b",
                            "tags.Owner": "userA",
                            "vpc_id": "vpc-807303e6"
                        },
                        "meta": {
                            "schema_version": "1"
                        },
                        "tainted": false
                    },
                    "deposed": [],
                    "provider": "provider.aws"
                },
                "aws_subnet.elasticache.0": {
                    "type": "aws_subnet",
                    "depends_on": [
                        "aws_vpc.this"
                    ],
                    "primary": {
                        "id": "subnet-ef9a2b89",
                        "attributes": {
                            "assign_ipv6_address_on_creation": "false",
                            "availability_zone": "eu-west-1a",
                            "cidr_block": "10.10.3.0/24",
                            "id": "subnet-ef9a2b89",
                            "map_public_ip_on_launch": "false",
                            "tags.%": "3",
                            "tags.Environment": "Pre-prod",
                            "tags.Name": "tf-dockerized-vpc-elasticache-eu-west-1a",
                            "tags.Owner": "userA",
                            "vpc_id": "vpc-807303e6"
                        },
                        "meta": {
                            "schema_version": "1"
                        },
                        "tainted": false
                    },
                    "deposed": [],
                    "provider": "provider.aws"
                },
                "aws_subnet.elasticache.1": {
                    "type": "aws_subnet",
                    "depends_on": [
                        "aws_vpc.this"
                    ],
                    "primary": {
                        "id": "subnet-2a6aec62",
                        "attributes": {
                            "assign_ipv6_address_on_creation": "false",
                            "availability_zone": "eu-west-1b",
                            "cidr_block": "10.10.67.0/24",
                            "id": "subnet-2a6aec62",
                            "map_public_ip_on_launch": "false",
                            "tags.%": "3",
                            "tags.Environment": "Pre-prod",
                            "tags.Name": "tf-dockerized-vpc-elasticache-eu-west-1b",
                            "tags.Owner": "userA",
                            "vpc_id": "vpc-807303e6"
                        },
                        "meta": {
                            "schema_version": "1"
                        },
                        "tainted": false
                    },
                    "deposed": [],
                    "provider": "provider.aws"
                },
                "aws_subnet.private.0": {
                    "type": "aws_subnet",
                    "depends_on": [
                        "aws_vpc.this"
                    ],
                    "primary": {
                        "id": "subnet-c79f2ea1",
                        "attributes": {
                            "assign_ipv6_address_on_creation": "false",
                            "availability_zone": "eu-west-1a",
                            "cidr_block": "10.10.0.0/24",
                            "id": "subnet-c79f2ea1",
                            "map_public_ip_on_launch": "false",
                            "tags.%": "3",
                            "tags.Environment": "Pre-prod",
                            "tags.Name": "tf-dockerized-vpc-private-eu-west-1a",
                            "tags.Owner": "userA",
                            "vpc_id": "vpc-807303e6"
                        },
                        "meta": {
                            "schema_version": "1"
                        },
                        "tainted": false
                    },
                    "deposed": [],
                    "provider": "provider.aws"
                },
                "aws_subnet.private.1": {
                    "type": "aws_subnet",
                    "depends_on": [
                        "aws_vpc.this"
                    ],
                    "primary": {
                        "id": "subnet-306ee878",
                        "attributes": {
                            "assign_ipv6_address_on_creation": "false",
                            "availability_zone": "eu-west-1b",
                            "cidr_block": "10.10.64.0/24",
                            "id": "subnet-306ee878",
                            "map_public_ip_on_launch": "false",
                            "tags.%": "3",
                            "tags.Environment": "Pre-prod",
                            "tags.Name": "tf-dockerized-vpc-private-eu-west-1b",
                            "tags.Owner": "userA",
                            "vpc_id": "vpc-807303e6"
                        },
                        "meta": {
                            "schema_version": "1"
                        },
                        "tainted": false
                    },
                    "deposed": [],
                    "provider": "provider.aws"
                },
                "aws_subnet.public.0": {
                    "type": "aws_subnet",
                    "depends_on": [
                        "aws_vpc.this"
                    ],
                    "primary": {
                        "id": "subnet-0e9e2f68",
                        "attributes": {
                            "assign_ipv6_address_on_creation": "false",
                            "availability_zone": "eu-west-1a",
                            "cidr_block": "10.10.1.0/24",
                            "id": "subnet-0e9e2f68",
                            "map_public_ip_on_launch": "true",
                            "tags.%": "3",
                            "tags.Environment": "Pre-prod",
                            "tags.Name": "tf-dockerized-vpc-public-eu-west-1a",
                            "tags.Owner": "userA",
                            "vpc_id": "vpc-807303e6"
                        },
                        "meta": {
                            "schema_version": "1"
                        },
                        "tainted": false
                    },
                    "deposed": [],
                    "provider": "provider.aws"
                },
                "aws_subnet.public.1": {
                    "type": "aws_subnet",
                    "depends_on": [
                        "aws_vpc.this"
                    ],
                    "primary": {
                        "id": "subnet-e36debab",
                        "attributes": {
                            "assign_ipv6_address_on_creation": "false",
                            "availability_zone": "eu-west-1b",
                            "cidr_block": "10.10.65.0/24",
                            "id": "subnet-e36debab",
                            "map_public_ip_on_launch": "true",
                            "tags.%": "3",
                            "tags.Environment": "Pre-prod",
                            "tags.Name": "tf-dockerized-vpc-public-eu-west-1b",
                            "tags.Owner": "userA",
                            "vpc_id": "vpc-807303e6"
                        },
                        "meta": {
                            "schema_version": "1"
                        },
                        "tainted": false
                    },
                    "deposed": [],
                    "provider": "provider.aws"
                },
                "aws_subnet.redshift.0": {
                    "type": "aws_subnet",
                    "depends_on": [
                        "aws_vpc.this"
                    ],
                    "primary": {
                        "id": "subnet-13942575",
                        "attributes": {
                            "assign_ipv6_address_on_creation": "false",
                            "availability_zone": "eu-west-1a",
                            "cidr_block": "10.10.4.0/24",
                            "id": "subnet-13942575",
                            "map_public_ip_on_launch": "false",
                            "tags.%": "3",
                            "tags.Environment": "Pre-prod",
                            "tags.Name": "tf-dockerized-vpc-redshift-eu-west-1a",
                            "tags.Owner": "userA",
                            "vpc_id": "vpc-807303e6"
                        },
                        "meta": {
                            "schema_version": "1"
                        },
                        "tainted": false
                    },
                    "deposed": [],
                    "provider": "provider.aws"
                },
                "aws_subnet.redshift.1": {
                    "type": "aws_subnet",
                    "depends_on": [
                        "aws_vpc.this"
                    ],
                    "primary": {
                        "id": "subnet-3f6cea77",
                        "attributes": {
                            "assign_ipv6_address_on_creation": "false",
                            "availability_zone": "eu-west-1b",
                            "cidr_block": "10.10.68.0/24",
                            "id": "subnet-3f6cea77",
                            "map_public_ip_on_launch": "false",
                            "tags.%": "3",
                            "tags.Environment": "Pre-prod",
                            "tags.Name": "tf-dockerized-vpc-redshift-eu-west-1b",
                            "tags.Owner": "userA",
                            "vpc_id": "vpc-807303e6"
                        },
                        "meta": {
                            "schema_version": "1"
                        },
                        "tainted": false
                    },
                    "deposed": [],
                    "provider": "provider.aws"
                },
                "aws_vpc.this": {
                    "type": "aws_vpc",
                    "depends_on": [],
                    "primary": {
                        "id": "vpc-807303e6",
                        "attributes": {
                            "assign_generated_ipv6_cidr_block": "false",
                            "cidr_block": "10.10.0.0/16",
                            "default_network_acl_id": "acl-5ec02e27",
                            "default_route_table_id": "rtb-c16effb8",
                            "default_security_group_id": "sg-9f8ee3e2",
                            "dhcp_options_id": "dopt-4fde7829",
                            "enable_classiclink": "false",
                            "enable_classiclink_dns_support": "false",
                            "enable_dns_hostnames": "false",
                            "enable_dns_support": "true",
                            "id": "vpc-807303e6",
                            "instance_tenancy": "default",
                            "main_route_table_id": "rtb-c16effb8",
                            "tags.%": "3",
                            "tags.Environment": "Pre-prod",
                            "tags.Name": "tf-dockerized-vpc",
                            "tags.Owner": "userA"
                        },
                        "meta": {
                            "schema_version": "1"
                        },
                        "tainted": false
                    },
                    "deposed": [],
                    "provider": "provider.aws"
                },
                "aws_vpc_dhcp_options.this": {
                    "type": "aws_vpc_dhcp_options",
                    "depends_on": [],
                    "primary": {
                        "id": "dopt-4fde7829",
                        "attributes": {
                            "domain_name": "tf-dockerized-vpc",
                            "domain_name_servers.#": "2",
                            "domain_name_servers.0": "127.0.0.1",
                            "domain_name_servers.1": "10.10.0.2",
                            "id": "dopt-4fde7829",
                            "tags.%": "3",
                            "tags.Environment": "Pre-prod",
                            "tags.Name": "tf-dockerized-vpc",
                            "tags.Owner": "userA"
                        },
                        "meta": {},
                        "tainted": false
                    },
                    "deposed": [],
                    "provider": "provider.aws"
                },
                "aws_vpc_dhcp_options_association.this": {
                    "type": "aws_vpc_dhcp_options_association",
                    "depends_on": [
                        "aws_vpc.this",
                        "aws_vpc_dhcp_options.this"
                    ],
                    "primary": {
                        "id": "dopt-4fde7829-vpc-807303e6",
                        "attributes": {
                            "dhcp_options_id": "dopt-4fde7829",
                            "id": "dopt-4fde7829-vpc-807303e6",
                            "vpc_id": "vpc-807303e6"
                        },
                        "meta": {},
                        "tainted": false
                    },
                    "deposed": [],
                    "provider": "provider.aws"
                },
                "aws_vpc_endpoint.dynamodb": {
                    "type": "aws_vpc_endpoint",
                    "depends_on": [
                        "aws_vpc.this",
                        "data.aws_vpc_endpoint_service.dynamodb"
                    ],
                    "primary": {
                        "id": "vpce-1ba76b72",
                        "attributes": {
                            "cidr_blocks.#": "3",
                            "cidr_blocks.0": "52.94.5.0/24",
                            "cidr_blocks.1": "52.119.240.0/21",
                            "cidr_blocks.2": "52.94.24.0/23",
                            "dns_entry.#": "0",
                            "id": "vpce-1ba76b72",
                            "network_interface_ids.#": "0",
                            "policy": "{\"Statement\":[{\"Action\":\"*\",\"Effect\":\"Allow\",\"Principal\":\"*\",\"Resource\":\"*\"}],\"Version\":\"2008-10-17\"}",
                            "prefix_list_id": "pl-6fa54006",
                            "private_dns_enabled": "false",
                            "route_table_ids.#": "3",
                            "route_table_ids.2217552821": "rtb-876dfcfe",
                            "route_table_ids.2580006450": "rtb-d764f5ae",
                            "route_table_ids.3674935398": "rtb-f068f989",
                            "security_group_ids.#": "0",
                            "service_name": "com.amazonaws.eu-west-1.dynamodb",
                            "state": "available",
                            "subnet_ids.#": "0",
                            "vpc_endpoint_type": "Gateway",
                            "vpc_id": "vpc-807303e6"
                        },
                        "meta": {},
                        "tainted": false
                    },
                    "deposed": [],
                    "provider": "provider.aws"
                },
                "aws_vpc_endpoint.s3": {
                    "type": "aws_vpc_endpoint",
                    "depends_on": [
                        "aws_vpc.this",
                        "data.aws_vpc_endpoint_service.s3"
                    ],
                    "primary": {
                        "id": "vpce-e0ab6789",
                        "attributes": {
                            "cidr_blocks.#": "2",
                            "cidr_blocks.0": "52.218.0.0/17",
                            "cidr_blocks.1": "54.231.128.0/19",
                            "dns_entry.#": "0",
                            "id": "vpce-e0ab6789",
                            "network_interface_ids.#": "0",
                            "policy": "{\"Statement\":[{\"Action\":\"*\",\"Effect\":\"Allow\",\"Principal\":\"*\",\"Resource\":\"*\"}],\"Version\":\"2008-10-17\"}",
                            "prefix_list_id": "pl-6da54004",
                            "private_dns_enabled": "false",
                            "route_table_ids.#": "3",
                            "route_table_ids.2217552821": "rtb-876dfcfe",
                            "route_table_ids.2580006450": "rtb-d764f5ae",
                            "route_table_ids.3674935398": "rtb-f068f989",
                            "security_group_ids.#": "0",
                            "service_name": "com.amazonaws.eu-west-1.s3",
                            "state": "available",
                            "subnet_ids.#": "0",
                            "vpc_endpoint_type": "Gateway",
                            "vpc_id": "vpc-807303e6"
                        },
                        "meta": {},
                        "tainted": false
                    },
                    "deposed": [],
                    "provider": "provider.aws"
                },
                "aws_vpc_endpoint_route_table_association.private_dynamodb.0": {
                    "type": "aws_vpc_endpoint_route_table_association",
                    "depends_on": [
                        "aws_route_table.private.*",
                        "aws_vpc_endpoint.dynamodb",
                        "local.nat_gateway_count"
                    ],
                    "primary": {
                        "id": "a-vpce-1ba76b722217552821",
                        "attributes": {
                            "id": "a-vpce-1ba76b722217552821",
                            "route_table_id": "rtb-876dfcfe",
                            "vpc_endpoint_id": "vpce-1ba76b72"
                        },
                        "meta": {},
                        "tainted": false
                    },
                    "deposed": [],
                    "provider": "provider.aws"
                },
                "aws_vpc_endpoint_route_table_association.private_dynamodb.1": {
                    "type": "aws_vpc_endpoint_route_table_association",
                    "depends_on": [
                        "aws_route_table.private.*",
                        "aws_vpc_endpoint.dynamodb",
                        "local.nat_gateway_count"
                    ],
                    "primary": {
                        "id": "a-vpce-1ba76b722580006450",
                        "attributes": {
                            "id": "a-vpce-1ba76b722580006450",
                            "route_table_id": "rtb-d764f5ae",
                            "vpc_endpoint_id": "vpce-1ba76b72"
                        },
                        "meta": {},
                        "tainted": false
                    },
                    "deposed": [],
                    "provider": "provider.aws"
                },
                "aws_vpc_endpoint_route_table_association.private_s3.0": {
                    "type": "aws_vpc_endpoint_route_table_association",
                    "depends_on": [
                        "aws_route_table.private.*",
                        "aws_vpc_endpoint.s3",
                        "local.nat_gateway_count"
                    ],
                    "primary": {
                        "id": "a-vpce-e0ab67892217552821",
                        "attributes": {
                            "id": "a-vpce-e0ab67892217552821",
                            "route_table_id": "rtb-876dfcfe",
                            "vpc_endpoint_id": "vpce-e0ab6789"
                        },
                        "meta": {},
                        "tainted": false
                    },
                    "deposed": [],
                    "provider": "provider.aws"
                },
                "aws_vpc_endpoint_route_table_association.private_s3.1": {
                    "type": "aws_vpc_endpoint_route_table_association",
                    "depends_on": [
                        "aws_route_table.private.*",
                        "aws_vpc_endpoint.s3",
                        "local.nat_gateway_count"
                    ],
                    "primary": {
                        "id": "a-vpce-e0ab67892580006450",
                        "attributes": {
                            "id": "a-vpce-e0ab67892580006450",
                            "route_table_id": "rtb-d764f5ae",
                            "vpc_endpoint_id": "vpce-e0ab6789"
                        },
                        "meta": {},
                        "tainted": false
                    },
                    "deposed": [],
                    "provider": "provider.aws"
                },
                "aws_vpc_endpoint_route_table_association.public_dynamodb": {
                    "type": "aws_vpc_endpoint_route_table_association",
                    "depends_on": [
                        "aws_route_table.public",
                        "aws_vpc_endpoint.dynamodb"
                    ],
                    "primary": {
                        "id": "a-vpce-1ba76b723674935398",
                        "attributes": {
                            "id": "a-vpce-1ba76b723674935398",
                            "route_table_id": "rtb-f068f989",
                            "vpc_endpoint_id": "vpce-1ba76b72"
                        },
                        "meta": {},
                        "tainted": false
                    },
                    "deposed": [],
                    "provider": "provider.aws"
                },
                "aws_vpc_endpoint_route_table_association.public_s3": {
                    "type": "aws_vpc_endpoint_route_table_association",
                    "depends_on": [
                        "aws_route_table.public",
                        "aws_vpc_endpoint.s3"
                    ],
                    "primary": {
                        "id": "a-vpce-e0ab67893674935398",
                        "attributes": {
                            "id": "a-vpce-e0ab67893674935398",
                            "route_table_id": "rtb-f068f989",
                            "vpc_endpoint_id": "vpce-e0ab6789"
                        },
                        "meta": {},
                        "tainted": false
                    },
                    "deposed": [],
                    "provider": "provider.aws"
                },
                "aws_vpn_gateway.this": {
                    "type": "aws_vpn_gateway",
                    "depends_on": [
                        "aws_vpc.this"
                    ],
                    "primary": {
                        "id": "vgw-92b48ae6",
                        "attributes": {
                            "amazon_side_asn": "9059",
                            "id": "vgw-92b48ae6",
                            "tags.%": "3",
                            "tags.Environment": "Pre-prod",
                            "tags.Name": "tf-dockerized-vpc",
                            "tags.Owner": "userA",
                            "vpc_id": "vpc-807303e6"
                        },
                        "meta": {},
                        "tainted": false
                    },
                    "deposed": [],
                    "provider": "provider.aws"
                },
                "data.aws_vpc_endpoint_service.dynamodb": {
                    "type": "aws_vpc_endpoint_service",
                    "depends_on": [],
                    "primary": {
                        "id": "3674500381",
                        "attributes": {
                            "acceptance_required": "false",
                            "availability_zones.#": "3",
                            "availability_zones.1924028850": "eu-west-1b",
                            "availability_zones.3953592328": "eu-west-1a",
                            "availability_zones.94988580": "eu-west-1c",
                            "base_endpoint_dns_names.#": "1",
                            "base_endpoint_dns_names.641233172": "dynamodb.eu-west-1.amazonaws.com",
                            "id": "3674500381",
                            "owner": "amazon",
                            "private_dns_name": "",
                            "service": "dynamodb",
                            "service_name": "com.amazonaws.eu-west-1.dynamodb",
                            "service_type": "Gateway",
                            "vpc_endpoint_policy_supported": "true"
                        },
                        "meta": {},
                        "tainted": false
                    },
                    "deposed": [],
                    "provider": "provider.aws"
                },
                "data.aws_vpc_endpoint_service.s3": {
                    "type": "aws_vpc_endpoint_service",
                    "depends_on": [],
                    "primary": {
                        "id": "3917145344",
                        "attributes": {
                            "acceptance_required": "false",
                            "availability_zones.#": "3",
                            "availability_zones.1924028850": "eu-west-1b",
                            "availability_zones.3953592328": "eu-west-1a",
                            "availability_zones.94988580": "eu-west-1c",
                            "base_endpoint_dns_names.#": "1",
                            "base_endpoint_dns_names.3522864364": "s3.eu-west-1.amazonaws.com",
                            "id": "3917145344",
                            "owner": "amazon",
                            "private_dns_name": "",
                            "service": "s3",
                            "service_name": "com.amazonaws.eu-west-1.s3",
                            "service_type": "Gateway",
                            "vpc_endpoint_policy_supported": "true"
                        },
                        "meta": {},
                        "tainted": false
                    },
                    "deposed": [],
                    "provider": "provider.aws"
                }
            },
            "depends_on": []
        }
    ]
}
