{
    "version": 3,
    "terraform_version": "0.11.6",
    "serial": 19,
    "lineage": "49558fe3-e358-6cc3-adb0-43435f0881a4",
    "modules": [
        {
            "path": [
                "root"
            ],
            "outputs": {
                "database_subnets": {
                    "sensitive": false,
                    "type": "list",
                    "value": []
                },
                "elasticache_subnets": {
                    "sensitive": false,
                    "type": "list",
                    "value": []
                },
                "nat_public_ips": {
                    "sensitive": false,
                    "type": "list",
                    "value": []
                },
                "private_subnets": {
                    "sensitive": false,
                    "type": "list",
                    "value": [
                        "subnet-0a92346c",
                        "subnet-04f0474c",
                        "subnet-6161803b"
                    ]
                },
                "public_subnets": {
                    "sensitive": false,
                    "type": "list",
                    "value": []
                },
                "redshift_subnets": {
                    "sensitive": false,
                    "type": "list",
                    "value": []
                },
                "vpc_id": {
                    "sensitive": false,
                    "type": "string",
                    "value": "vpc-5239a034"
                }
            },
            "resources": {},
            "depends_on": []
        },
        {
            "path": [
                "root",
                "vpc"
            ],
            "outputs": {
                "database_subnet_group": {
                    "sensitive": false,
                    "type": "string",
                    "value": ""
                },
                "database_subnets": {
                    "sensitive": false,
                    "type": "list",
                    "value": []
                },
                "database_subnets_cidr_blocks": {
                    "sensitive": false,
                    "type": "list",
                    "value": []
                },
                "default_network_acl_id": {
                    "sensitive": false,
                    "type": "string",
                    "value": "acl-d8697cbe"
                },
                "default_route_table_id": {
                    "sensitive": false,
                    "type": "string",
                    "value": "rtb-92ed5eeb"
                },
                "default_security_group_id": {
                    "sensitive": false,
                    "type": "string",
                    "value": "sg-4ec13533"
                },
                "default_vpc_cidr_block": {
                    "sensitive": false,
                    "type": "string",
                    "value": ""
                },
                "default_vpc_default_network_acl_id": {
                    "sensitive": false,
                    "type": "string",
                    "value": ""
                },
                "default_vpc_default_route_table_id": {
                    "sensitive": false,
                    "type": "string",
                    "value": ""
                },
                "default_vpc_default_security_group_id": {
                    "sensitive": false,
                    "type": "string",
                    "value": ""
                },
                "default_vpc_enable_dns_hostnames": {
                    "sensitive": false,
                    "type": "string",
                    "value": ""
                },
                "default_vpc_enable_dns_support": {
                    "sensitive": false,
                    "type": "string",
                    "value": ""
                },
                "default_vpc_id": {
                    "sensitive": false,
                    "type": "string",
                    "value": ""
                },
                "default_vpc_instance_tenancy": {
                    "sensitive": false,
                    "type": "string",
                    "value": ""
                },
                "default_vpc_main_route_table_id": {
                    "sensitive": false,
                    "type": "string",
                    "value": ""
                },
                "elasticache_subnet_group": {
                    "sensitive": false,
                    "type": "string",
                    "value": ""
                },
                "elasticache_subnet_group_name": {
                    "sensitive": false,
                    "type": "string",
                    "value": ""
                },
                "elasticache_subnets": {
                    "sensitive": false,
                    "type": "list",
                    "value": []
                },
                "elasticache_subnets_cidr_blocks": {
                    "sensitive": false,
                    "type": "list",
                    "value": []
                },
                "igw_id": {
                    "sensitive": false,
                    "type": "string",
                    "value": ""
                },
                "nat_ids": {
                    "sensitive": false,
                    "type": "list",
                    "value": []
                },
                "nat_public_ips": {
                    "sensitive": false,
                    "type": "list",
                    "value": []
                },
                "natgw_ids": {
                    "sensitive": false,
                    "type": "list",
                    "value": []
                },
                "private_route_table_ids": {
                    "sensitive": false,
                    "type": "list",
                    "value": [
                        "rtb-d3d261aa",
                        "rtb-57ed5e2e",
                        "rtb-78d46701"
                    ]
                },
                "private_subnets": {
                    "sensitive": false,
                    "type": "list",
                    "value": [
                        "subnet-0a92346c",
                        "subnet-04f0474c",
                        "subnet-6161803b"
                    ]
                },
                "private_subnets_cidr_blocks": {
                    "sensitive": false,
                    "type": "list",
                    "value": [
                        "10.10.11.0/24",
                        "10.10.12.0/24",
                        "10.10.13.0/24"
                    ]
                },
                "public_route_table_ids": {
                    "sensitive": false,
                    "type": "list",
                    "value": []
                },
                "public_subnets": {
                    "sensitive": false,
                    "type": "list",
                    "value": []
                },
                "public_subnets_cidr_blocks": {
                    "sensitive": false,
                    "type": "list",
                    "value": []
                },
                "redshift_subnet_group": {
                    "sensitive": false,
                    "type": "string",
                    "value": ""
                },
                "redshift_subnets": {
                    "sensitive": false,
                    "type": "list",
                    "value": []
                },
                "redshift_subnets_cidr_blocks": {
                    "sensitive": false,
                    "type": "list",
                    "value": []
                },
                "vgw_id": {
                    "sensitive": false,
                    "type": "string",
                    "value": ""
                },
                "vpc_cidr_block": {
                    "sensitive": false,
                    "type": "string",
                    "value": "10.10.0.0/16"
                },
                "vpc_enable_dns_hostnames": {
                    "sensitive": false,
                    "type": "string",
                    "value": "false"
                },
                "vpc_enable_dns_support": {
                    "sensitive": false,
                    "type": "string",
                    "value": "true"
                },
                "vpc_endpoint_dynamodb_id": {
                    "sensitive": false,
                    "type": "string",
                    "value": ""
                },
                "vpc_endpoint_dynamodb_pl_id": {
                    "sensitive": false,
                    "type": "string",
                    "value": ""
                },
                "vpc_endpoint_s3_id": {
                    "sensitive": false,
                    "type": "string",
                    "value": ""
                },
                "vpc_endpoint_s3_pl_id": {
                    "sensitive": false,
                    "type": "string",
                    "value": ""
                },
                "vpc_id": {
                    "sensitive": false,
                    "type": "string",
                    "value": "vpc-5239a034"
                },
                "vpc_instance_tenancy": {
                    "sensitive": false,
                    "type": "string",
                    "value": "default"
                },
                "vpc_main_route_table_id": {
                    "sensitive": false,
                    "type": "string",
                    "value": "rtb-92ed5eeb"
                }
            },
            "resources": {
                "aws_route_table.private.0": {
                    "type": "aws_route_table",
                    "depends_on": [
                        "aws_vpc.this",
                        "local.max_subnet_length",
                        "local.nat_gateway_count"
                    ],
                    "primary": {
                        "id": "rtb-d3d261aa",
                        "attributes": {
                            "id": "rtb-d3d261aa",
                            "propagating_vgws.#": "0",
                            "route.#": "0",
                            "tags.%": "3",
                            "tags.Environment": "staging",
                            "tags.Name": "complete-example-private-eu-west-1a",
                            "tags.Owner": "user",
                            "vpc_id": "vpc-5239a034"
                        },
                        "meta": {},
                        "tainted": false
                    },
                    "deposed": [],
                    "provider": "provider.aws"
                },
                "aws_route_table.private.1": {
                    "type": "aws_route_table",
                    "depends_on": [
                        "aws_vpc.this",
                        "local.max_subnet_length",
                        "local.nat_gateway_count"
                    ],
                    "primary": {
                        "id": "rtb-57ed5e2e",
                        "attributes": {
                            "id": "rtb-57ed5e2e",
                            "propagating_vgws.#": "0",
                            "route.#": "0",
                            "tags.%": "3",
                            "tags.Environment": "staging",
                            "tags.Name": "complete-example-private-eu-west-1b",
                            "tags.Owner": "user",
                            "vpc_id": "vpc-5239a034"
                        },
                        "meta": {},
                        "tainted": false
                    },
                    "deposed": [],
                    "provider": "provider.aws"
                },
                "aws_route_table.private.2": {
                    "type": "aws_route_table",
                    "depends_on": [
                        "aws_vpc.this",
                        "local.max_subnet_length",
                        "local.nat_gateway_count"
                    ],
                    "primary": {
                        "id": "rtb-78d46701",
                        "attributes": {
                            "id": "rtb-78d46701",
                            "propagating_vgws.#": "0",
                            "route.#": "0",
                            "tags.%": "3",
                            "tags.Environment": "staging",
                            "tags.Name": "complete-example-private-eu-west-1c",
                            "tags.Owner": "user",
                            "vpc_id": "vpc-5239a034"
                        },
                        "meta": {},
                        "tainted": false
                    },
                    "deposed": [],
                    "provider": "provider.aws"
                },
                "aws_route_table_association.private.0": {
                    "type": "aws_route_table_association",
                    "depends_on": [
                        "aws_route_table.private.*",
                        "aws_subnet.private.*"
                    ],
                    "primary": {
                        "id": "rtbassoc-0f87d677",
                        "attributes": {
                            "id": "rtbassoc-0f87d677",
                            "route_table_id": "rtb-d3d261aa",
                            "subnet_id": "subnet-0a92346c"
                        },
                        "meta": {},
                        "tainted": false
                    },
                    "deposed": [],
                    "provider": "provider.aws"
                },
                "aws_route_table_association.private.1": {
                    "type": "aws_route_table_association",
                    "depends_on": [
                        "aws_route_table.private.*",
                        "aws_subnet.private.*"
                    ],
                    "primary": {
                        "id": "rtbassoc-13b3e26b",
                        "attributes": {
                            "id": "rtbassoc-13b3e26b",
                            "route_table_id": "rtb-57ed5e2e",
                            "subnet_id": "subnet-04f0474c"
                        },
                        "meta": {},
                        "tainted": false
                    },
                    "deposed": [],
                    "provider": "provider.aws"
                },
                "aws_route_table_association.private.2": {
                    "type": "aws_route_table_association",
                    "depends_on": [
                        "aws_route_table.private.*",
                        "aws_subnet.private.*"
                    ],
                    "primary": {
                        "id": "rtbassoc-e286d79a",
                        "attributes": {
                            "id": "rtbassoc-e286d79a",
                            "route_table_id": "rtb-78d46701",
                            "subnet_id": "subnet-6161803b"
                        },
                        "meta": {},
                        "tainted": false
                    },
                    "deposed": [],
                    "provider": "provider.aws"
                },
                "aws_subnet.private.0": {
                    "type": "aws_subnet",
                    "depends_on": [
                        "aws_vpc.this"
                    ],
                    "primary": {
                        "id": "subnet-0a92346c",
                        "attributes": {
                            "assign_ipv6_address_on_creation": "false",
                            "availability_zone": "eu-west-1a",
                            "cidr_block": "10.10.11.0/24",
                            "id": "subnet-0a92346c",
                            "map_public_ip_on_launch": "false",
                            "tags.%": "3",
                            "tags.Environment": "staging",
                            "tags.Name": "complete-example-private-eu-west-1a",
                            "tags.Owner": "user",
                            "vpc_id": "vpc-5239a034"
                        },
                        "meta": {
                            "schema_version": "1"
                        },
                        "tainted": false
                    },
                    "deposed": [],
                    "provider": "provider.aws"
                },
                "aws_subnet.private.1": {
                    "type": "aws_subnet",
                    "depends_on": [
                        "aws_vpc.this"
                    ],
                    "primary": {
                        "id": "subnet-04f0474c",
                        "attributes": {
                            "assign_ipv6_address_on_creation": "false",
                            "availability_zone": "eu-west-1b",
                            "cidr_block": "10.10.12.0/24",
                            "id": "subnet-04f0474c",
                            "map_public_ip_on_launch": "false",
                            "tags.%": "3",
                            "tags.Environment": "staging",
                            "tags.Name": "complete-example-private-eu-west-1b",
                            "tags.Owner": "user",
                            "vpc_id": "vpc-5239a034"
                        },
                        "meta": {
                            "schema_version": "1"
                        },
                        "tainted": false
                    },
                    "deposed": [],
                    "provider": "provider.aws"
                },
                "aws_subnet.private.2": {
                    "type": "aws_subnet",
                    "depends_on": [
                        "aws_vpc.this"
                    ],
                    "primary": {
                        "id": "subnet-6161803b",
                        "attributes": {
                            "assign_ipv6_address_on_creation": "false",
                            "availability_zone": "eu-west-1c",
                            "cidr_block": "10.10.13.0/24",
                            "id": "subnet-6161803b",
                            "map_public_ip_on_launch": "false",
                            "tags.%": "3",
                            "tags.Environment": "staging",
                            "tags.Name": "complete-example-private-eu-west-1c",
                            "tags.Owner": "user",
                            "vpc_id": "vpc-5239a034"
                        },
                        "meta": {
                            "schema_version": "1"
                        },
                        "tainted": false
                    },
                    "deposed": [],
                    "provider": "provider.aws"
                },
                "aws_vpc.this": {
                    "type": "aws_vpc",
                    "depends_on": [],
                    "primary": {
                        "id": "vpc-5239a034",
                        "attributes": {
                            "assign_generated_ipv6_cidr_block": "false",
                            "cidr_block": "10.10.0.0/16",
                            "default_network_acl_id": "acl-d8697cbe",
                            "default_route_table_id": "rtb-92ed5eeb",
                            "default_security_group_id": "sg-4ec13533",
                            "dhcp_options_id": "dopt-d05674b7",
                            "enable_classiclink": "false",
                            "enable_classiclink_dns_support": "false",
                            "enable_dns_hostnames": "false",
                            "enable_dns_support": "true",
                            "id": "vpc-5239a034",
                            "instance_tenancy": "default",
                            "main_route_table_id": "rtb-92ed5eeb",
                            "tags.%": "3",
                            "tags.Environment": "staging",
                            "tags.Name": "complete-example",
                            "tags.Owner": "user"
                        },
                        "meta": {
                            "schema_version": "1"
                        },
                        "tainted": false
                    },
                    "deposed": [],
                    "provider": "provider.aws"
                }
            },
            "depends_on": []
        }
    ]
}
