{
    "version": 3,
    "terraform_version": "0.11.7",
    "serial": 1,
    "lineage": "6812f9b7-c7f0-fab6-1dec-9daa7f2b8a7c",
    "modules": [
        {
            "path": [
                "root"
            ],
            "outputs": {
                "database_subnets": {
                    "sensitive": false,
                    "type": "list",
                    "value": [
                        "subnet-487dd52e",
                        "subnet-3a72cb72"
                    ]
                },
                "elasticache_subnets": {
                    "sensitive": false,
                    "type": "list",
                    "value": [
                        "subnet-2e79d148",
                        "subnet-437dc40b"
                    ]
                },
                "nat_public_ips": {
                    "sensitive": false,
                    "type": "list",
                    "value": [
                        "52.209.231.42",
                        "34.242.75.22"
                    ]
                },
                "private_subnets": {
                    "sensitive": false,
                    "type": "list",
                    "value": [
                        "subnet-5d73db3b",
                        "subnet-667bc22e"
                    ]
                },
                "public_subnets": {
                    "sensitive": false,
                    "type": "list",
                    "value": [
                        "subnet-2179d147",
                        "subnet-1579c05d"
                    ]
                },
                "redshift_subnets": {
                    "sensitive": false,
                    "type": "list",
                    "value": [
                        "subnet-697ad20f",
                        "subnet-7b7ec733"
                    ]
                },
                "vpc_id": {
                    "sensitive": false,
                    "type": "string",
                    "value": "vpc-cea8c6a8"
                }
            },
            "resources": {
                "aws_eip.this": {
                    "type": "aws_eip",
                    "depends_on": [
                        "module.ec2"
                    ],
                    "primary": {
                        "id": "eipalloc-3998ea04",
                        "attributes": {
                            "association_id": "eipassoc-f696522c",
                            "domain": "vpc",
                            "id": "eipalloc-3998ea04",
                            "instance": "i-097979776a7751e03",
                            "network_interface": "eni-ff0423fb",
                            "private_ip": "172.31.46.90",
                            "public_ip": "52.51.190.81",
                            "tags.%": "0",
                            "vpc": "true"
                        },
                        "meta": {
                            "e2bfb730-ecaa-11e6-8f88-34363bc7c4c0": {
                                "delete": 180000000000,
                                "read": 900000000000,
                                "update": 300000000000
                            }
                        },
                        "tainted": false
                    },
                    "deposed": [],
                    "provider": "provider.aws"
                },
                "data.aws_ami.amazon_linux": {
                    "type": "aws_ami",
                    "depends_on": [],
                    "primary": {
                        "id": "ami-9cbe9be5",
                        "attributes": {
                            "architecture": "x86_64",
                            "block_device_mappings.#": "1",
                            "block_device_mappings.340275815.device_name": "/dev/xvda",
                            "block_device_mappings.340275815.ebs.%": "6",
                            "block_device_mappings.340275815.ebs.delete_on_termination": "true",
                            "block_device_mappings.340275815.ebs.encrypted": "false",
                            "block_device_mappings.340275815.ebs.iops": "0",
                            "block_device_mappings.340275815.ebs.snapshot_id": "snap-03cb10efc0e42879e",
                            "block_device_mappings.340275815.ebs.volume_size": "8",
                            "block_device_mappings.340275815.ebs.volume_type": "gp2",
                            "block_device_mappings.340275815.no_device": "",
                            "block_device_mappings.340275815.virtual_name": "",
                            "creation_date": "2018-04-13T00:25:53.000Z",
                            "description": "Amazon Linux AMI 2018.03.0.20180412 x86_64 HVM GP2",
                            "filter.#": "2",
                            "filter.3169420402.name": "name",
                            "filter.3169420402.values.#": "1",
                            "filter.3169420402.values.0": "amzn-ami-hvm-*-x86_64-gp2",
                            "filter.574890044.name": "owner-alias",
                            "filter.574890044.values.#": "1",
                            "filter.574890044.values.0": "amazon",
                            "hypervisor": "xen",
                            "id": "ami-9cbe9be5",
                            "image_id": "ami-9cbe9be5",
                            "image_location": "amazon/amzn-ami-hvm-2018.03.0.20180412-x86_64-gp2",
                            "image_owner_alias": "amazon",
                            "image_type": "machine",
                            "most_recent": "true",
                            "name": "amzn-ami-hvm-2018.03.0.20180412-x86_64-gp2",
                            "owner_id": "137112412989",
                            "product_codes.#": "0",
                            "public": "true",
                            "root_device_name": "/dev/xvda",
                            "root_device_type": "ebs",
                            "root_snapshot_id": "snap-03cb10efc0e42879e",
                            "sriov_net_support": "simple",
                            "state": "available",
                            "state_reason.%": "2",
                            "state_reason.code": "UNSET",
                            "state_reason.message": "UNSET",
                            "tags.%": "0",
                            "virtualization_type": "hvm"
                        },
                        "meta": {},
                        "tainted": false
                    },
                    "deposed": [],
                    "provider": "provider.aws"
                },
                "data.aws_subnet_ids.all": {
                    "type": "aws_subnet_ids",
                    "depends_on": [
                        "data.aws_vpc.default"
                    ],
                    "primary": {
                        "id": "vpc-8644bee0",
                        "attributes": {
                            "id": "vpc-8644bee0",
                            "ids.#": "3",
                            "ids.1243398753": "subnet-b7e50dff",
                            "ids.3760144647": "subnet-c710f5a1",
                            "ids.611923179": "subnet-22597879",
                            "vpc_id": "vpc-8644bee0"
                        },
                        "meta": {},
                        "tainted": false
                    },
                    "deposed": [],
                    "provider": "provider.aws"
                },
                "data.aws_vpc.default": {
                    "type": "aws_vpc",
                    "depends_on": [],
                    "primary": {
                        "id": "vpc-8644bee0",
                        "attributes": {
                            "cidr_block": "172.31.0.0/16",
                            "default": "true",
                            "dhcp_options_id": "dopt-d05674b7",
                            "enable_dns_hostnames": "true",
                            "enable_dns_support": "true",
                            "id": "vpc-8644bee0",
                            "instance_tenancy": "default",
                            "state": "available",
                            "tags.%": "0"
                        },
                        "meta": {},
                        "tainted": false
                    },
                    "deposed": [],
                    "provider": "provider.aws"
                }
            },
            "depends_on": []
        },
        {
            "path": [
                "root",
                "ec2"
            ],
            "outputs": {
                "availability_zone": {
                    "sensitive": false,
                    "type": "list",
                    "value": [
                        "eu-west-1c"
                    ]
                },
                "id": {
                    "sensitive": false,
                    "type": "list",
                    "value": [
                        "i-097979776a7751e03"
                    ]
                },
                "key_name": {
                    "sensitive": false,
                    "type": "list",
                    "value": [
                        ""
                    ]
                },
                "network_interface_id": {
                    "sensitive": false,
                    "type": "list",
                    "value": [
                        "eni-ff0423fb"
                    ]
                },
                "primary_network_interface_id": {
                    "sensitive": false,
                    "type": "list",
                    "value": [
                        "eni-ff0423fb"
                    ]
                },
                "private_dns": {
                    "sensitive": false,
                    "type": "list",
                    "value": [
                        "ip-172-31-46-90.eu-west-1.compute.internal"
                    ]
                },
                "private_ip": {
                    "sensitive": false,
                    "type": "list",
                    "value": [
                        "172.31.46.90"
                    ]
                },
                "public_dns": {
                    "sensitive": false,
                    "type": "list",
                    "value": [
                        "ec2-54-194-198-94.eu-west-1.compute.amazonaws.com"
                    ]
                },
                "public_ip": {
                    "sensitive": false,
                    "type": "list",
                    "value": [
                        "54.194.198.94"
                    ]
                },
                "security_groups": {
                    "sensitive": false,
                    "type": "list",
                    "value": [
                        [
                            "user-service"
                        ]
                    ]
                },
                "subnet_id": {
                    "sensitive": false,
                    "type": "list",
                    "value": [
                        "subnet-22597879"
                    ]
                },
                "tags": {
                    "sensitive": false,
                    "type": "list",
                    "value": [
                        {
                            "Environment": "staging",
                            "Name": "example",
                            "Owner": "user"
                        }
                    ]
                },
                "vpc_security_group_ids": {
                    "sensitive": false,
                    "type": "list",
                    "value": [
                        [
                            "sg-5144f62c"
                        ]
                    ]
                }
            },
            "resources": {
                "aws_instance.this": {
                    "type": "aws_instance",
                    "depends_on": [],
                    "primary": {
                        "id": "i-097979776a7751e03",
                        "attributes": {
                            "ami": "ami-9cbe9be5",
                            "associate_public_ip_address": "true",
                            "availability_zone": "eu-west-1c",
                            "credit_specification.#": "1",
                            "credit_specification.0.cpu_credits": "standard",
                            "disable_api_termination": "false",
                            "ebs_block_device.#": "0",
                            "ebs_optimized": "false",
                            "ephemeral_block_device.#": "0",
                            "get_password_data": "false",
                            "iam_instance_profile": "",
                            "id": "i-097979776a7751e03",
                            "instance_state": "running",
                            "instance_type": "t2.micro",
                            "ipv6_address_count": "0",
                            "ipv6_addresses.#": "0",
                            "key_name": "",
                            "monitoring": "false",
                            "network_interface.#": "0",
                            "network_interface_id": "eni-ff0423fb",
                            "password_data": "",
                            "placement_group": "",
                            "primary_network_interface_id": "eni-ff0423fb",
                            "private_dns": "ip-172-31-46-90.eu-west-1.compute.internal",
                            "private_ip": "172.31.46.90",
                            "public_dns": "ec2-54-194-198-94.eu-west-1.compute.amazonaws.com",
                            "public_ip": "54.194.198.94",
                            "root_block_device.#": "1",
                            "root_block_device.0.delete_on_termination": "true",
                            "root_block_device.0.iops": "100",
                            "root_block_device.0.volume_id": "vol-0f64a8082ec19380c",
                            "root_block_device.0.volume_size": "8",
                            "root_block_device.0.volume_type": "gp2",
                            "security_groups.#": "1",
                            "security_groups.1474630197": "user-service",
                            "source_dest_check": "true",
                            "subnet_id": "subnet-22597879",
                            "tags.%": "3",
                            "tags.Environment": "staging",
                            "tags.Name": "example",
                            "tags.Owner": "user",
                            "tenancy": "default",
                            "user_data": "da39a3ee5e6b4b0d3255bfef95601890afd80709",
                            "volume_tags.%": "0",
                            "vpc_security_group_ids.#": "1",
                            "vpc_security_group_ids.1137771151": "sg-5144f62c"
                        },
                        "meta": {
                            "e2bfb730-ecaa-11e6-8f88-34363bc7c4c0": {
                                "create": 600000000000,
                                "delete": 1200000000000,
                                "update": 600000000000
                            },
                            "schema_version": "1"
                        },
                        "tainted": false
                    },
                    "deposed": [],
                    "provider": "provider.aws"
                }
            },
            "depends_on": []
        },
        {
            "path": [
                "root",
                "security_group"
            ],
            "outputs": {
                "this_security_group_description": {
                    "sensitive": false,
                    "type": "string",
                    "value": "Security group for user-service with custom ports open within VPC, and PostgreSQL publicly open"
                },
                "this_security_group_id": {
                    "sensitive": false,
                    "type": "string",
                    "value": "sg-5144f62c"
                },
                "this_security_group_name": {
                    "sensitive": false,
                    "type": "string",
                    "value": "user-service"
                },
                "this_security_group_owner_id": {
                    "sensitive": false,
                    "type": "string",
                    "value": "919783428286"
                },
                "this_security_group_vpc_id": {
                    "sensitive": false,
                    "type": "string",
                    "value": "vpc-8644bee0"
                }
            },
            "resources": {
                "aws_security_group.this": {
                    "type": "aws_security_group",
                    "depends_on": [],
                    "primary": {
                        "id": "sg-5144f62c",
                        "attributes": {
                            "arn": "arn:aws:ec2:eu-west-1:919783428286:security-group/sg-5144f62c",
                            "description": "Security group for user-service with custom ports open within VPC, and PostgreSQL publicly open",
                            "egress.#": "0",
                            "id": "sg-5144f62c",
                            "ingress.#": "0",
                            "name": "user-service",
                            "owner_id": "919783428286",
                            "revoke_rules_on_delete": "false",
                            "tags.%": "1",
                            "tags.Name": "user-service",
                            "vpc_id": "vpc-8644bee0"
                        },
                        "meta": {
                            "e2bfb730-ecaa-11e6-8f88-34363bc7c4c0": {
                                "create": 600000000000,
                                "delete": 600000000000
                            },
                            "schema_version": "1"
                        },
                        "tainted": false
                    },
                    "deposed": [],
                    "provider": "provider.aws"
                },
                "aws_security_group_rule.ingress_rules": {
                    "type": "aws_security_group_rule",
                    "depends_on": [
                        "aws_security_group.this"
                    ],
                    "primary": {
                        "id": "sgrule-1060044093",
                        "attributes": {
                            "cidr_blocks.#": "1",
                            "cidr_blocks.0": "10.10.0.0/16",
                            "description": "HTTPS",
                            "from_port": "443",
                            "id": "sgrule-1060044093",
                            "protocol": "tcp",
                            "security_group_id": "sg-5144f62c",
                            "self": "false",
                            "to_port": "443",
                            "type": "ingress"
                        },
                        "meta": {
                            "schema_version": "2"
                        },
                        "tainted": false
                    },
                    "deposed": [],
                    "provider": "provider.aws"
                },
                "aws_security_group_rule.ingress_with_cidr_blocks.0": {
                    "type": "aws_security_group_rule",
                    "depends_on": [
                        "aws_security_group.this"
                    ],
                    "primary": {
                        "id": "sgrule-2628795444",
                        "attributes": {
                            "cidr_blocks.#": "1",
                            "cidr_blocks.0": "10.10.0.0/16",
                            "description": "User-service ports",
                            "from_port": "8080",
                            "id": "sgrule-2628795444",
                            "protocol": "tcp",
                            "security_group_id": "sg-5144f62c",
                            "self": "false",
                            "to_port": "8090",
                            "type": "ingress"
                        },
                        "meta": {
                            "schema_version": "2"
                        },
                        "tainted": false
                    },
                    "deposed": [],
                    "provider": "provider.aws"
                },
                "aws_security_group_rule.ingress_with_cidr_blocks.1": {
                    "type": "aws_security_group_rule",
                    "depends_on": [
                        "aws_security_group.this"
                    ],
                    "primary": {
                        "id": "sgrule-1518265208",
                        "attributes": {
                            "cidr_blocks.#": "1",
                            "cidr_blocks.0": "0.0.0.0/0",
                            "description": "Ingress Rule",
                            "from_port": "5432",
                            "id": "sgrule-1518265208",
                            "protocol": "tcp",
                            "security_group_id": "sg-5144f62c",
                            "self": "false",
                            "to_port": "5432",
                            "type": "ingress"
                        },
                        "meta": {
                            "schema_version": "2"
                        },
                        "tainted": false
                    },
                    "deposed": [],
                    "provider": "provider.aws"
                }
            },
            "depends_on": []
        },
        {
            "path": [
                "root",
                "vpc"
            ],
            "outputs": {
                "database_subnet_group": {
                    "sensitive": false,
                    "type": "string",
                    "value": ""
                },
                "database_subnets": {
                    "sensitive": false,
                    "type": "list",
                    "value": [
                        "subnet-487dd52e",
                        "subnet-3a72cb72"
                    ]
                },
                "database_subnets_cidr_blocks": {
                    "sensitive": false,
                    "type": "list",
                    "value": [
                        "10.10.21.0/24",
                        "10.10.22.0/24"
                    ]
                },
                "default_network_acl_id": {
                    "sensitive": false,
                    "type": "string",
                    "value": "acl-c230d5bb"
                },
                "default_route_table_id": {
                    "sensitive": false,
                    "type": "string",
                    "value": "rtb-8f64e9f6"
                },
                "default_security_group_id": {
                    "sensitive": false,
                    "type": "string",
                    "value": "sg-24338159"
                },
                "default_vpc_cidr_block": {
                    "sensitive": false,
                    "type": "string",
                    "value": ""
                },
                "default_vpc_default_network_acl_id": {
                    "sensitive": false,
                    "type": "string",
                    "value": ""
                },
                "default_vpc_default_route_table_id": {
                    "sensitive": false,
                    "type": "string",
                    "value": ""
                },
                "default_vpc_default_security_group_id": {
                    "sensitive": false,
                    "type": "string",
                    "value": ""
                },
                "default_vpc_enable_dns_hostnames": {
                    "sensitive": false,
                    "type": "string",
                    "value": ""
                },
                "default_vpc_enable_dns_support": {
                    "sensitive": false,
                    "type": "string",
                    "value": ""
                },
                "default_vpc_id": {
                    "sensitive": false,
                    "type": "string",
                    "value": ""
                },
                "default_vpc_instance_tenancy": {
                    "sensitive": false,
                    "type": "string",
                    "value": ""
                },
                "default_vpc_main_route_table_id": {
                    "sensitive": false,
                    "type": "string",
                    "value": ""
                },
                "elasticache_subnet_group": {
                    "sensitive": false,
                    "type": "string",
                    "value": "complete-example"
                },
                "elasticache_subnet_group_name": {
                    "sensitive": false,
                    "type": "string",
                    "value": "complete-example"
                },
                "elasticache_subnets": {
                    "sensitive": false,
                    "type": "list",
                    "value": [
                        "subnet-2e79d148",
                        "subnet-437dc40b"
                    ]
                },
                "elasticache_subnets_cidr_blocks": {
                    "sensitive": false,
                    "type": "list",
                    "value": [
                        "10.10.31.0/24",
                        "10.10.32.0/24"
                    ]
                },
                "igw_id": {
                    "sensitive": false,
                    "type": "string",
                    "value": "igw-a47408c3"
                },
                "nat_ids": {
                    "sensitive": false,
                    "type": "list",
                    "value": [
                        "eipalloc-3d98ea00",
                        "eipalloc-4895e775"
                    ]
                },
                "nat_public_ips": {
                    "sensitive": false,
                    "type": "list",
                    "value": [
                        "52.209.231.42",
                        "34.242.75.22"
                    ]
                },
                "natgw_ids": {
                    "sensitive": false,
                    "type": "list",
                    "value": [
                        "nat-0b5812ffb593da4f2",
                        "nat-07e061f9175073f32"
                    ]
                },
                "private_route_table_ids": {
                    "sensitive": false,
                    "type": "list",
                    "value": [
                        "rtb-b862efc1",
                        "rtb-6e7df017"
                    ]
                },
                "private_subnets": {
                    "sensitive": false,
                    "type": "list",
                    "value": [
                        "subnet-5d73db3b",
                        "subnet-667bc22e"
                    ]
                },
                "private_subnets_cidr_blocks": {
                    "sensitive": false,
                    "type": "list",
                    "value": [
                        "10.10.1.0/24",
                        "10.10.2.0/24"
                    ]
                },
                "public_route_table_ids": {
                    "sensitive": false,
                    "type": "list",
                    "value": [
                        "rtb-d06ae7a9"
                    ]
                },
                "public_subnets": {
                    "sensitive": false,
                    "type": "list",
                    "value": [
                        "subnet-2179d147",
                        "subnet-1579c05d"
                    ]
                },
                "public_subnets_cidr_blocks": {
                    "sensitive": false,
                    "type": "list",
                    "value": [
                        "10.10.11.0/24",
                        "10.10.12.0/24"
                    ]
                },
                "redshift_subnet_group": {
                    "sensitive": false,
                    "type": "string",
                    "value": "complete-example"
                },
                "redshift_subnets": {
                    "sensitive": false,
                    "type": "list",
                    "value": [
                        "subnet-697ad20f",
                        "subnet-7b7ec733"
                    ]
                },
                "redshift_subnets_cidr_blocks": {
                    "sensitive": false,
                    "type": "list",
                    "value": [
                        "10.10.41.0/24",
                        "10.10.42.0/24"
                    ]
                },
                "vgw_id": {
                    "sensitive": false,
                    "type": "string",
                    "value": "vgw-a3033dd7"
                },
                "vpc_cidr_block": {
                    "sensitive": false,
                    "type": "string",
                    "value": "10.10.0.0/16"
                },
                "vpc_enable_dns_hostnames": {
                    "sensitive": false,
                    "type": "string",
                    "value": "false"
                },
                "vpc_enable_dns_support": {
                    "sensitive": false,
                    "type": "string",
                    "value": "true"
                },
                "vpc_endpoint_dynamodb_id": {
                    "sensitive": false,
                    "type": "string",
                    "value": "vpce-ab5994c2"
                },
                "vpc_endpoint_dynamodb_pl_id": {
                    "sensitive": false,
                    "type": "string",
                    "value": "pl-6fa54006"
                },
                "vpc_endpoint_s3_id": {
                    "sensitive": false,
                    "type": "string",
                    "value": "vpce-40589529"
                },
                "vpc_endpoint_s3_pl_id": {
                    "sensitive": false,
                    "type": "string",
                    "value": "pl-6da54004"
                },
                "vpc_id": {
                    "sensitive": false,
                    "type": "string",
                    "value": "vpc-cea8c6a8"
                },
                "vpc_instance_tenancy": {
                    "sensitive": false,
                    "type": "string",
                    "value": "default"
                },
                "vpc_main_route_table_id": {
                    "sensitive": false,
                    "type": "string",
                    "value": "rtb-8f64e9f6"
                }
            },
            "resources": {
                "aws_eip.nat.0": {
                    "type": "aws_eip",
                    "depends_on": [
                        "local.nat_gateway_count"
                    ],
                    "primary": {
                        "id": "eipalloc-3d98ea00",
                        "attributes": {
                            "association_id": "",
                            "domain": "vpc",
                            "id": "eipalloc-3d98ea00",
                            "instance": "",
                            "network_interface": "",
                            "private_ip": "",
                            "public_ip": "52.209.231.42",
                            "tags.%": "3",
                            "tags.Environment": "staging",
                            "tags.Name": "complete-example-eu-west-1a",
                            "tags.Owner": "user",
                            "vpc": "true"
                        },
                        "meta": {
                            "e2bfb730-ecaa-11e6-8f88-34363bc7c4c0": {
                                "delete": 180000000000,
                                "read": 900000000000,
                                "update": 300000000000
                            }
                        },
                        "tainted": false
                    },
                    "deposed": [],
                    "provider": "provider.aws"
                },
                "aws_eip.nat.1": {
                    "type": "aws_eip",
                    "depends_on": [
                        "local.nat_gateway_count"
                    ],
                    "primary": {
                        "id": "eipalloc-4895e775",
                        "attributes": {
                            "association_id": "",
                            "domain": "vpc",
                            "id": "eipalloc-4895e775",
                            "instance": "",
                            "network_interface": "",
                            "private_ip": "",
                            "public_ip": "34.242.75.22",
                            "tags.%": "3",
                            "tags.Environment": "staging",
                            "tags.Name": "complete-example-eu-west-1b",
                            "tags.Owner": "user",
                            "vpc": "true"
                        },
                        "meta": {
                            "e2bfb730-ecaa-11e6-8f88-34363bc7c4c0": {
                                "delete": 180000000000,
                                "read": 900000000000,
                                "update": 300000000000
                            }
                        },
                        "tainted": false
                    },
                    "deposed": [],
                    "provider": "provider.aws"
                },
                "aws_elasticache_subnet_group.elasticache": {
                    "type": "aws_elasticache_subnet_group",
                    "depends_on": [
                        "aws_subnet.elasticache.*"
                    ],
                    "primary": {
                        "id": "complete-example",
                        "attributes": {
                            "description": "ElastiCache subnet group for complete-example",
                            "id": "complete-example",
                            "name": "complete-example",
                            "subnet_ids.#": "2",
                            "subnet_ids.92322383": "subnet-2e79d148",
                            "subnet_ids.933749635": "subnet-437dc40b"
                        },
                        "meta": {},
                        "tainted": false
                    },
                    "deposed": [],
                    "provider": "provider.aws"
                },
                "aws_internet_gateway.this": {
                    "type": "aws_internet_gateway",
                    "depends_on": [
                        "aws_vpc.this"
                    ],
                    "primary": {
                        "id": "igw-a47408c3",
                        "attributes": {
                            "id": "igw-a47408c3",
                            "tags.%": "3",
                            "tags.Environment": "staging",
                            "tags.Name": "complete-example",
                            "tags.Owner": "user",
                            "vpc_id": "vpc-cea8c6a8"
                        },
                        "meta": {},
                        "tainted": false
                    },
                    "deposed": [],
                    "provider": "provider.aws"
                },
                "aws_nat_gateway.this.0": {
                    "type": "aws_nat_gateway",
                    "depends_on": [
                        "aws_internet_gateway.this",
                        "aws_subnet.public.*",
                        "local.nat_gateway_count",
                        "local.nat_gateway_ips"
                    ],
                    "primary": {
                        "id": "nat-0b5812ffb593da4f2",
                        "attributes": {
                            "allocation_id": "eipalloc-3d98ea00",
                            "id": "nat-0b5812ffb593da4f2",
                            "network_interface_id": "eni-f3be58d0",
                            "private_ip": "10.10.11.150",
                            "public_ip": "52.209.231.42",
                            "subnet_id": "subnet-2179d147",
                            "tags.%": "3",
                            "tags.Environment": "staging",
                            "tags.Name": "complete-example-eu-west-1a",
                            "tags.Owner": "user"
                        },
                        "meta": {},
                        "tainted": false
                    },
                    "deposed": [],
                    "provider": "provider.aws"
                },
                "aws_nat_gateway.this.1": {
                    "type": "aws_nat_gateway",
                    "depends_on": [
                        "aws_internet_gateway.this",
                        "aws_subnet.public.*",
                        "local.nat_gateway_count",
                        "local.nat_gateway_ips"
                    ],
                    "primary": {
                        "id": "nat-07e061f9175073f32",
                        "attributes": {
                            "allocation_id": "eipalloc-4895e775",
                            "id": "nat-07e061f9175073f32",
                            "network_interface_id": "eni-184de32d",
                            "private_ip": "10.10.12.251",
                            "public_ip": "34.242.75.22",
                            "subnet_id": "subnet-1579c05d",
                            "tags.%": "3",
                            "tags.Environment": "staging",
                            "tags.Name": "complete-example-eu-west-1b",
                            "tags.Owner": "user"
                        },
                        "meta": {},
                        "tainted": false
                    },
                    "deposed": [],
                    "provider": "provider.aws"
                },
                "aws_redshift_subnet_group.redshift": {
                    "type": "aws_redshift_subnet_group",
                    "depends_on": [
                        "aws_subnet.redshift.*"
                    ],
                    "primary": {
                        "id": "complete-example",
                        "attributes": {
                            "description": "Redshift subnet group for complete-example",
                            "id": "complete-example",
                            "name": "complete-example",
                            "subnet_ids.#": "2",
                            "subnet_ids.2267395282": "subnet-697ad20f",
                            "subnet_ids.887989035": "subnet-7b7ec733",
                            "tags.%": "3",
                            "tags.Environment": "staging",
                            "tags.Name": "complete-example",
                            "tags.Owner": "user"
                        },
                        "meta": {},
                        "tainted": false
                    },
                    "deposed": [],
                    "provider": "provider.aws"
                },
                "aws_route.private_nat_gateway.0": {
                    "type": "aws_route",
                    "depends_on": [
                        "aws_nat_gateway.this.*",
                        "aws_route_table.private.*",
                        "local.nat_gateway_count"
                    ],
                    "primary": {
                        "id": "r-rtb-b862efc11080289494",
                        "attributes": {
                            "destination_cidr_block": "0.0.0.0/0",
                            "destination_prefix_list_id": "",
                            "egress_only_gateway_id": "",
                            "gateway_id": "",
                            "id": "r-rtb-b862efc11080289494",
                            "instance_id": "",
                            "instance_owner_id": "",
                            "nat_gateway_id": "nat-0b5812ffb593da4f2",
                            "network_interface_id": "",
                            "origin": "CreateRoute",
                            "route_table_id": "rtb-b862efc1",
                            "state": "active",
                            "vpc_peering_connection_id": ""
                        },
                        "meta": {
                            "e2bfb730-ecaa-11e6-8f88-34363bc7c4c0": {
                                "create": 300000000000,
                                "delete": 300000000000
                            }
                        },
                        "tainted": false
                    },
                    "deposed": [],
                    "provider": "provider.aws"
                },
                "aws_route.private_nat_gateway.1": {
                    "type": "aws_route",
                    "depends_on": [
                        "aws_nat_gateway.this.*",
                        "aws_route_table.private.*",
                        "local.nat_gateway_count"
                    ],
                    "primary": {
                        "id": "r-rtb-6e7df0171080289494",
                        "attributes": {
                            "destination_cidr_block": "0.0.0.0/0",
                            "destination_prefix_list_id": "",
                            "egress_only_gateway_id": "",
                            "gateway_id": "",
                            "id": "r-rtb-6e7df0171080289494",
                            "instance_id": "",
                            "instance_owner_id": "",
                            "nat_gateway_id": "nat-07e061f9175073f32",
                            "network_interface_id": "",
                            "origin": "CreateRoute",
                            "route_table_id": "rtb-6e7df017",
                            "state": "active",
                            "vpc_peering_connection_id": ""
                        },
                        "meta": {
                            "e2bfb730-ecaa-11e6-8f88-34363bc7c4c0": {
                                "create": 300000000000,
                                "delete": 300000000000
                            }
                        },
                        "tainted": false
                    },
                    "deposed": [],
                    "provider": "provider.aws"
                },
                "aws_route.public_internet_gateway": {
                    "type": "aws_route",
                    "depends_on": [
                        "aws_internet_gateway.this",
                        "aws_route_table.public"
                    ],
                    "primary": {
                        "id": "r-rtb-d06ae7a91080289494",
                        "attributes": {
                            "destination_cidr_block": "0.0.0.0/0",
                            "destination_prefix_list_id": "",
                            "egress_only_gateway_id": "",
                            "gateway_id": "igw-a47408c3",
                            "id": "r-rtb-d06ae7a91080289494",
                            "instance_id": "",
                            "instance_owner_id": "",
                            "nat_gateway_id": "",
                            "network_interface_id": "",
                            "origin": "CreateRoute",
                            "route_table_id": "rtb-d06ae7a9",
                            "state": "active",
                            "vpc_peering_connection_id": ""
                        },
                        "meta": {
                            "e2bfb730-ecaa-11e6-8f88-34363bc7c4c0": {
                                "create": 300000000000,
                                "delete": 300000000000
                            }
                        },
                        "tainted": false
                    },
                    "deposed": [],
                    "provider": "provider.aws"
                },
                "aws_route_table.private.0": {
                    "type": "aws_route_table",
                    "depends_on": [
                        "aws_vpc.this",
                        "local.max_subnet_length",
                        "local.nat_gateway_count"
                    ],
                    "primary": {
                        "id": "rtb-b862efc1",
                        "attributes": {
                            "id": "rtb-b862efc1",
                            "propagating_vgws.#": "0",
                            "route.#": "0",
                            "tags.%": "3",
                            "tags.Environment": "staging",
                            "tags.Name": "complete-example-private-eu-west-1a",
                            "tags.Owner": "user",
                            "vpc_id": "vpc-cea8c6a8"
                        },
                        "meta": {},
                        "tainted": false
                    },
                    "deposed": [],
                    "provider": "provider.aws"
                },
                "aws_route_table.private.1": {
                    "type": "aws_route_table",
                    "depends_on": [
                        "aws_vpc.this",
                        "local.max_subnet_length",
                        "local.nat_gateway_count"
                    ],
                    "primary": {
                        "id": "rtb-6e7df017",
                        "attributes": {
                            "id": "rtb-6e7df017",
                            "propagating_vgws.#": "0",
                            "route.#": "0",
                            "tags.%": "3",
                            "tags.Environment": "staging",
                            "tags.Name": "complete-example-private-eu-west-1b",
                            "tags.Owner": "user",
                            "vpc_id": "vpc-cea8c6a8"
                        },
                        "meta": {},
                        "tainted": false
                    },
                    "deposed": [],
                    "provider": "provider.aws"
                },
                "aws_route_table.public": {
                    "type": "aws_route_table",
                    "depends_on": [
                        "aws_vpc.this"
                    ],
                    "primary": {
                        "id": "rtb-d06ae7a9",
                        "attributes": {
                            "id": "rtb-d06ae7a9",
                            "propagating_vgws.#": "0",
                            "route.#": "0",
                            "tags.%": "3",
                            "tags.Environment": "staging",
                            "tags.Name": "complete-example-public",
                            "tags.Owner": "user",
                            "vpc_id": "vpc-cea8c6a8"
                        },
                        "meta": {},
                        "tainted": false
                    },
                    "deposed": [],
                    "provider": "provider.aws"
                },
                "aws_route_table_association.database.0": {
                    "type": "aws_route_table_association",
                    "depends_on": [
                        "aws_route_table.private.*",
                        "aws_subnet.database.*"
                    ],
                    "primary": {
                        "id": "rtbassoc-6d370215",
                        "attributes": {
                            "id": "rtbassoc-6d370215",
                            "route_table_id": "rtb-b862efc1",
                            "subnet_id": "subnet-487dd52e"
                        },
                        "meta": {},
                        "tainted": false
                    },
                    "deposed": [],
                    "provider": "provider.aws"
                },
                "aws_route_table_association.database.1": {
                    "type": "aws_route_table_association",
                    "depends_on": [
                        "aws_route_table.private.*",
                        "aws_subnet.database.*"
                    ],
                    "primary": {
                        "id": "rtbassoc-0630057e",
                        "attributes": {
                            "id": "rtbassoc-0630057e",
                            "route_table_id": "rtb-6e7df017",
                            "subnet_id": "subnet-3a72cb72"
                        },
                        "meta": {},
                        "tainted": false
                    },
                    "deposed": [],
                    "provider": "provider.aws"
                },
                "aws_route_table_association.elasticache.0": {
                    "type": "aws_route_table_association",
                    "depends_on": [
                        "aws_route_table.private.*",
                        "aws_subnet.elasticache.*"
                    ],
                    "primary": {
                        "id": "rtbassoc-0a437672",
                        "attributes": {
                            "id": "rtbassoc-0a437672",
                            "route_table_id": "rtb-b862efc1",
                            "subnet_id": "subnet-2e79d148"
                        },
                        "meta": {},
                        "tainted": false
                    },
                    "deposed": [],
                    "provider": "provider.aws"
                },
                "aws_route_table_association.elasticache.1": {
                    "type": "aws_route_table_association",
                    "depends_on": [
                        "aws_route_table.private.*",
                        "aws_subnet.elasticache.*"
                    ],
                    "primary": {
                        "id": "rtbassoc-8d3603f5",
                        "attributes": {
                            "id": "rtbassoc-8d3603f5",
                            "route_table_id": "rtb-6e7df017",
                            "subnet_id": "subnet-437dc40b"
                        },
                        "meta": {},
                        "tainted": false
                    },
                    "deposed": [],
                    "provider": "provider.aws"
                },
                "aws_route_table_association.private.0": {
                    "type": "aws_route_table_association",
                    "depends_on": [
                        "aws_route_table.private.*",
                        "aws_subnet.private.*"
                    ],
                    "primary": {
                        "id": "rtbassoc-38330640",
                        "attributes": {
                            "id": "rtbassoc-38330640",
                            "route_table_id": "rtb-b862efc1",
                            "subnet_id": "subnet-5d73db3b"
                        },
                        "meta": {},
                        "tainted": false
                    },
                    "deposed": [],
                    "provider": "provider.aws"
                },
                "aws_route_table_association.private.1": {
                    "type": "aws_route_table_association",
                    "depends_on": [
                        "aws_route_table.private.*",
                        "aws_subnet.private.*"
                    ],
                    "primary": {
                        "id": "rtbassoc-184d7860",
                        "attributes": {
                            "id": "rtbassoc-184d7860",
                            "route_table_id": "rtb-6e7df017",
                            "subnet_id": "subnet-667bc22e"
                        },
                        "meta": {},
                        "tainted": false
                    },
                    "deposed": [],
                    "provider": "provider.aws"
                },
                "aws_route_table_association.public.0": {
                    "type": "aws_route_table_association",
                    "depends_on": [
                        "aws_route_table.public",
                        "aws_subnet.public.*"
                    ],
                    "primary": {
                        "id": "rtbassoc-dc3306a4",
                        "attributes": {
                            "id": "rtbassoc-dc3306a4",
                            "route_table_id": "rtb-d06ae7a9",
                            "subnet_id": "subnet-2179d147"
                        },
                        "meta": {},
                        "tainted": false
                    },
                    "deposed": [],
                    "provider": "provider.aws"
                },
                "aws_route_table_association.public.1": {
                    "type": "aws_route_table_association",
                    "depends_on": [
                        "aws_route_table.public",
                        "aws_subnet.public.*"
                    ],
                    "primary": {
                        "id": "rtbassoc-f635008e",
                        "attributes": {
                            "id": "rtbassoc-f635008e",
                            "route_table_id": "rtb-d06ae7a9",
                            "subnet_id": "subnet-1579c05d"
                        },
                        "meta": {},
                        "tainted": false
                    },
                    "deposed": [],
                    "provider": "provider.aws"
                },
                "aws_route_table_association.redshift.0": {
                    "type": "aws_route_table_association",
                    "depends_on": [
                        "aws_route_table.private.*",
                        "aws_subnet.redshift.*"
                    ],
                    "primary": {
                        "id": "rtbassoc-7e4a7f06",
                        "attributes": {
                            "id": "rtbassoc-7e4a7f06",
                            "route_table_id": "rtb-b862efc1",
                            "subnet_id": "subnet-697ad20f"
                        },
                        "meta": {},
                        "tainted": false
                    },
                    "deposed": [],
                    "provider": "provider.aws"
                },
                "aws_route_table_association.redshift.1": {
                    "type": "aws_route_table_association",
                    "depends_on": [
                        "aws_route_table.private.*",
                        "aws_subnet.redshift.*"
                    ],
                    "primary": {
                        "id": "rtbassoc-0b487d73",
                        "attributes": {
                            "id": "rtbassoc-0b487d73",
                            "route_table_id": "rtb-6e7df017",
                            "subnet_id": "subnet-7b7ec733"
                        },
                        "meta": {},
                        "tainted": false
                    },
                    "deposed": [],
                    "provider": "provider.aws"
                },
                "aws_subnet.database.0": {
                    "type": "aws_subnet",
                    "depends_on": [
                        "aws_vpc.this"
                    ],
                    "primary": {
                        "id": "subnet-487dd52e",
                        "attributes": {
                            "assign_ipv6_address_on_creation": "false",
                            "availability_zone": "eu-west-1a",
                            "cidr_block": "10.10.21.0/24",
                            "id": "subnet-487dd52e",
                            "map_public_ip_on_launch": "false",
                            "tags.%": "3",
                            "tags.Environment": "staging",
                            "tags.Name": "complete-example-db-eu-west-1a",
                            "tags.Owner": "user",
                            "vpc_id": "vpc-cea8c6a8"
                        },
                        "meta": {
                            "schema_version": "1"
                        },
                        "tainted": false
                    },
                    "deposed": [],
                    "provider": "provider.aws"
                },
                "aws_subnet.database.1": {
                    "type": "aws_subnet",
                    "depends_on": [
                        "aws_vpc.this"
                    ],
                    "primary": {
                        "id": "subnet-3a72cb72",
                        "attributes": {
                            "assign_ipv6_address_on_creation": "false",
                            "availability_zone": "eu-west-1b",
                            "cidr_block": "10.10.22.0/24",
                            "id": "subnet-3a72cb72",
                            "map_public_ip_on_launch": "false",
                            "tags.%": "3",
                            "tags.Environment": "staging",
                            "tags.Name": "complete-example-db-eu-west-1b",
                            "tags.Owner": "user",
                            "vpc_id": "vpc-cea8c6a8"
                        },
                        "meta": {
                            "schema_version": "1"
                        },
                        "tainted": false
                    },
                    "deposed": [],
                    "provider": "provider.aws"
                },
                "aws_subnet.elasticache.0": {
                    "type": "aws_subnet",
                    "depends_on": [
                        "aws_vpc.this"
                    ],
                    "primary": {
                        "id": "subnet-2e79d148",
                        "attributes": {
                            "assign_ipv6_address_on_creation": "false",
                            "availability_zone": "eu-west-1a",
                            "cidr_block": "10.10.31.0/24",
                            "id": "subnet-2e79d148",
                            "map_public_ip_on_launch": "false",
                            "tags.%": "3",
                            "tags.Environment": "staging",
                            "tags.Name": "complete-example-elasticache-eu-west-1a",
                            "tags.Owner": "user",
                            "vpc_id": "vpc-cea8c6a8"
                        },
                        "meta": {
                            "schema_version": "1"
                        },
                        "tainted": false
                    },
                    "deposed": [],
                    "provider": "provider.aws"
                },
                "aws_subnet.elasticache.1": {
                    "type": "aws_subnet",
                    "depends_on": [
                        "aws_vpc.this"
                    ],
                    "primary": {
                        "id": "subnet-437dc40b",
                        "attributes": {
                            "assign_ipv6_address_on_creation": "false",
                            "availability_zone": "eu-west-1b",
                            "cidr_block": "10.10.32.0/24",
                            "id": "subnet-437dc40b",
                            "map_public_ip_on_launch": "false",
                            "tags.%": "3",
                            "tags.Environment": "staging",
                            "tags.Name": "complete-example-elasticache-eu-west-1b",
                            "tags.Owner": "user",
                            "vpc_id": "vpc-cea8c6a8"
                        },
                        "meta": {
                            "schema_version": "1"
                        },
                        "tainted": false
                    },
                    "deposed": [],
                    "provider": "provider.aws"
                },
                "aws_subnet.private.0": {
                    "type": "aws_subnet",
                    "depends_on": [
                        "aws_vpc.this"
                    ],
                    "primary": {
                        "id": "subnet-5d73db3b",
                        "attributes": {
                            "assign_ipv6_address_on_creation": "false",
                            "availability_zone": "eu-west-1a",
                            "cidr_block": "10.10.1.0/24",
                            "id": "subnet-5d73db3b",
                            "map_public_ip_on_launch": "false",
                            "tags.%": "3",
                            "tags.Environment": "staging",
                            "tags.Name": "complete-example-private-eu-west-1a",
                            "tags.Owner": "user",
                            "vpc_id": "vpc-cea8c6a8"
                        },
                        "meta": {
                            "schema_version": "1"
                        },
                        "tainted": false
                    },
                    "deposed": [],
                    "provider": "provider.aws"
                },
                "aws_subnet.private.1": {
                    "type": "aws_subnet",
                    "depends_on": [
                        "aws_vpc.this"
                    ],
                    "primary": {
                        "id": "subnet-667bc22e",
                        "attributes": {
                            "assign_ipv6_address_on_creation": "false",
                            "availability_zone": "eu-west-1b",
                            "cidr_block": "10.10.2.0/24",
                            "id": "subnet-667bc22e",
                            "map_public_ip_on_launch": "false",
                            "tags.%": "3",
                            "tags.Environment": "staging",
                            "tags.Name": "complete-example-private-eu-west-1b",
                            "tags.Owner": "user",
                            "vpc_id": "vpc-cea8c6a8"
                        },
                        "meta": {
                            "schema_version": "1"
                        },
                        "tainted": false
                    },
                    "deposed": [],
                    "provider": "provider.aws"
                },
                "aws_subnet.public.0": {
                    "type": "aws_subnet",
                    "depends_on": [
                        "aws_vpc.this"
                    ],
                    "primary": {
                        "id": "subnet-2179d147",
                        "attributes": {
                            "assign_ipv6_address_on_creation": "false",
                            "availability_zone": "eu-west-1a",
                            "cidr_block": "10.10.11.0/24",
                            "id": "subnet-2179d147",
                            "map_public_ip_on_launch": "true",
                            "tags.%": "3",
                            "tags.Environment": "staging",
                            "tags.Name": "complete-example-public-eu-west-1a",
                            "tags.Owner": "user",
                            "vpc_id": "vpc-cea8c6a8"
                        },
                        "meta": {
                            "schema_version": "1"
                        },
                        "tainted": false
                    },
                    "deposed": [],
                    "provider": "provider.aws"
                },
                "aws_subnet.public.1": {
                    "type": "aws_subnet",
                    "depends_on": [
                        "aws_vpc.this"
                    ],
                    "primary": {
                        "id": "subnet-1579c05d",
                        "attributes": {
                            "assign_ipv6_address_on_creation": "false",
                            "availability_zone": "eu-west-1b",
                            "cidr_block": "10.10.12.0/24",
                            "id": "subnet-1579c05d",
                            "map_public_ip_on_launch": "true",
                            "tags.%": "3",
                            "tags.Environment": "staging",
                            "tags.Name": "complete-example-public-eu-west-1b",
                            "tags.Owner": "user",
                            "vpc_id": "vpc-cea8c6a8"
                        },
                        "meta": {
                            "schema_version": "1"
                        },
                        "tainted": false
                    },
                    "deposed": [],
                    "provider": "provider.aws"
                },
                "aws_subnet.redshift.0": {
                    "type": "aws_subnet",
                    "depends_on": [
                        "aws_vpc.this"
                    ],
                    "primary": {
                        "id": "subnet-697ad20f",
                        "attributes": {
                            "assign_ipv6_address_on_creation": "false",
                            "availability_zone": "eu-west-1a",
                            "cidr_block": "10.10.41.0/24",
                            "id": "subnet-697ad20f",
                            "map_public_ip_on_launch": "false",
                            "tags.%": "3",
                            "tags.Environment": "staging",
                            "tags.Name": "complete-example-redshift-eu-west-1a",
                            "tags.Owner": "user",
                            "vpc_id": "vpc-cea8c6a8"
                        },
                        "meta": {
                            "schema_version": "1"
                        },
                        "tainted": false
                    },
                    "deposed": [],
                    "provider": "provider.aws"
                },
                "aws_subnet.redshift.1": {
                    "type": "aws_subnet",
                    "depends_on": [
                        "aws_vpc.this"
                    ],
                    "primary": {
                        "id": "subnet-7b7ec733",
                        "attributes": {
                            "assign_ipv6_address_on_creation": "false",
                            "availability_zone": "eu-west-1b",
                            "cidr_block": "10.10.42.0/24",
                            "id": "subnet-7b7ec733",
                            "map_public_ip_on_launch": "false",
                            "tags.%": "3",
                            "tags.Environment": "staging",
                            "tags.Name": "complete-example-redshift-eu-west-1b",
                            "tags.Owner": "user",
                            "vpc_id": "vpc-cea8c6a8"
                        },
                        "meta": {
                            "schema_version": "1"
                        },
                        "tainted": false
                    },
                    "deposed": [],
                    "provider": "provider.aws"
                },
                "aws_vpc.this": {
                    "type": "aws_vpc",
                    "depends_on": [],
                    "primary": {
                        "id": "vpc-cea8c6a8",
                        "attributes": {
                            "assign_generated_ipv6_cidr_block": "false",
                            "cidr_block": "10.10.0.0/16",
                            "default_network_acl_id": "acl-c230d5bb",
                            "default_route_table_id": "rtb-8f64e9f6",
                            "default_security_group_id": "sg-24338159",
                            "dhcp_options_id": "dopt-d05674b7",
                            "enable_classiclink": "false",
                            "enable_classiclink_dns_support": "false",
                            "enable_dns_hostnames": "false",
                            "enable_dns_support": "true",
                            "id": "vpc-cea8c6a8",
                            "instance_tenancy": "default",
                            "main_route_table_id": "rtb-8f64e9f6",
                            "tags.%": "3",
                            "tags.Environment": "staging",
                            "tags.Name": "complete-example",
                            "tags.Owner": "user"
                        },
                        "meta": {
                            "schema_version": "1"
                        },
                        "tainted": false
                    },
                    "deposed": [],
                    "provider": "provider.aws"
                },
                "aws_vpc_dhcp_options.this": {
                    "type": "aws_vpc_dhcp_options",
                    "depends_on": [],
                    "primary": {
                        "id": "dopt-b25885d4",
                        "attributes": {
                            "domain_name": "service.consul",
                            "domain_name_servers.#": "2",
                            "domain_name_servers.0": "127.0.0.1",
                            "domain_name_servers.1": "10.10.0.2",
                            "id": "dopt-b25885d4",
                            "tags.%": "3",
                            "tags.Environment": "staging",
                            "tags.Name": "complete-example",
                            "tags.Owner": "user"
                        },
                        "meta": {},
                        "tainted": false
                    },
                    "deposed": [],
                    "provider": "provider.aws"
                },
                "aws_vpc_dhcp_options_association.this": {
                    "type": "aws_vpc_dhcp_options_association",
                    "depends_on": [
                        "aws_vpc.this",
                        "aws_vpc_dhcp_options.this"
                    ],
                    "primary": {
                        "id": "dopt-b25885d4-vpc-cea8c6a8",
                        "attributes": {
                            "dhcp_options_id": "dopt-b25885d4",
                            "id": "dopt-b25885d4-vpc-cea8c6a8",
                            "vpc_id": "vpc-cea8c6a8"
                        },
                        "meta": {},
                        "tainted": false
                    },
                    "deposed": [],
                    "provider": "provider.aws"
                },
                "aws_vpc_endpoint.dynamodb": {
                    "type": "aws_vpc_endpoint",
                    "depends_on": [
                        "aws_vpc.this",
                        "data.aws_vpc_endpoint_service.dynamodb"
                    ],
                    "primary": {
                        "id": "vpce-ab5994c2",
                        "attributes": {
                            "cidr_blocks.#": "3",
                            "cidr_blocks.0": "52.94.5.0/24",
                            "cidr_blocks.1": "52.119.240.0/21",
                            "cidr_blocks.2": "52.94.24.0/23",
                            "dns_entry.#": "0",
                            "id": "vpce-ab5994c2",
                            "network_interface_ids.#": "0",
                            "policy": "{\"Statement\":[{\"Action\":\"*\",\"Effect\":\"Allow\",\"Principal\":\"*\",\"Resource\":\"*\"}],\"Version\":\"2008-10-17\"}",
                            "prefix_list_id": "pl-6fa54006",
                            "private_dns_enabled": "false",
                            "route_table_ids.#": "0",
                            "security_group_ids.#": "0",
                            "service_name": "com.amazonaws.eu-west-1.dynamodb",
                            "state": "available",
                            "subnet_ids.#": "0",
                            "vpc_endpoint_type": "Gateway",
                            "vpc_id": "vpc-cea8c6a8"
                        },
                        "meta": {},
                        "tainted": false
                    },
                    "deposed": [],
                    "provider": "provider.aws"
                },
                "aws_vpc_endpoint.s3": {
                    "type": "aws_vpc_endpoint",
                    "depends_on": [
                        "aws_vpc.this",
                        "data.aws_vpc_endpoint_service.s3"
                    ],
                    "primary": {
                        "id": "vpce-40589529",
                        "attributes": {
                            "cidr_blocks.#": "2",
                            "cidr_blocks.0": "52.218.0.0/17",
                            "cidr_blocks.1": "54.231.128.0/19",
                            "dns_entry.#": "0",
                            "id": "vpce-40589529",
                            "network_interface_ids.#": "0",
                            "policy": "{\"Statement\":[{\"Action\":\"*\",\"Effect\":\"Allow\",\"Principal\":\"*\",\"Resource\":\"*\"}],\"Version\":\"2008-10-17\"}",
                            "prefix_list_id": "pl-6da54004",
                            "private_dns_enabled": "false",
                            "route_table_ids.#": "0",
                            "security_group_ids.#": "0",
                            "service_name": "com.amazonaws.eu-west-1.s3",
                            "state": "available",
                            "subnet_ids.#": "0",
                            "vpc_endpoint_type": "Gateway",
                            "vpc_id": "vpc-cea8c6a8"
                        },
                        "meta": {},
                        "tainted": false
                    },
                    "deposed": [],
                    "provider": "provider.aws"
                },
                "aws_vpc_endpoint_route_table_association.private_dynamodb.0": {
                    "type": "aws_vpc_endpoint_route_table_association",
                    "depends_on": [
                        "aws_route_table.private.*",
                        "aws_vpc_endpoint.dynamodb",
                        "local.nat_gateway_count"
                    ],
                    "primary": {
                        "id": "a-vpce-ab5994c281756820",
                        "attributes": {
                            "id": "a-vpce-ab5994c281756820",
                            "route_table_id": "rtb-b862efc1",
                            "vpc_endpoint_id": "vpce-ab5994c2"
                        },
                        "meta": {},
                        "tainted": false
                    },
                    "deposed": [],
                    "provider": "provider.aws"
                },
                "aws_vpc_endpoint_route_table_association.private_dynamodb.1": {
                    "type": "aws_vpc_endpoint_route_table_association",
                    "depends_on": [
                        "aws_route_table.private.*",
                        "aws_vpc_endpoint.dynamodb",
                        "local.nat_gateway_count"
                    ],
                    "primary": {
                        "id": "a-vpce-ab5994c24040456478",
                        "attributes": {
                            "id": "a-vpce-ab5994c24040456478",
                            "route_table_id": "rtb-6e7df017",
                            "vpc_endpoint_id": "vpce-ab5994c2"
                        },
                        "meta": {},
                        "tainted": false
                    },
                    "deposed": [],
                    "provider": "provider.aws"
                },
                "aws_vpc_endpoint_route_table_association.private_s3.0": {
                    "type": "aws_vpc_endpoint_route_table_association",
                    "depends_on": [
                        "aws_route_table.private.*",
                        "aws_vpc_endpoint.s3",
                        "local.nat_gateway_count"
                    ],
                    "primary": {
                        "id": "a-vpce-4058952981756820",
                        "attributes": {
                            "id": "a-vpce-4058952981756820",
                            "route_table_id": "rtb-b862efc1",
                            "vpc_endpoint_id": "vpce-40589529"
                        },
                        "meta": {},
                        "tainted": false
                    },
                    "deposed": [],
                    "provider": "provider.aws"
                },
                "aws_vpc_endpoint_route_table_association.private_s3.1": {
                    "type": "aws_vpc_endpoint_route_table_association",
                    "depends_on": [
                        "aws_route_table.private.*",
                        "aws_vpc_endpoint.s3",
                        "local.nat_gateway_count"
                    ],
                    "primary": {
                        "id": "a-vpce-405895294040456478",
                        "attributes": {
                            "id": "a-vpce-405895294040456478",
                            "route_table_id": "rtb-6e7df017",
                            "vpc_endpoint_id": "vpce-40589529"
                        },
                        "meta": {},
                        "tainted": false
                    },
                    "deposed": [],
                    "provider": "provider.aws"
                },
                "aws_vpc_endpoint_route_table_association.public_dynamodb": {
                    "type": "aws_vpc_endpoint_route_table_association",
                    "depends_on": [
                        "aws_route_table.public",
                        "aws_vpc_endpoint.dynamodb"
                    ],
                    "primary": {
                        "id": "a-vpce-ab5994c23749699160",
                        "attributes": {
                            "id": "a-vpce-ab5994c23749699160",
                            "route_table_id": "rtb-d06ae7a9",
                            "vpc_endpoint_id": "vpce-ab5994c2"
                        },
                        "meta": {},
                        "tainted": false
                    },
                    "deposed": [],
                    "provider": "provider.aws"
                },
                "aws_vpc_endpoint_route_table_association.public_s3": {
                    "type": "aws_vpc_endpoint_route_table_association",
                    "depends_on": [
                        "aws_route_table.public",
                        "aws_vpc_endpoint.s3"
                    ],
                    "primary": {
                        "id": "a-vpce-405895293749699160",
                        "attributes": {
                            "id": "a-vpce-405895293749699160",
                            "route_table_id": "rtb-d06ae7a9",
                            "vpc_endpoint_id": "vpce-40589529"
                        },
                        "meta": {},
                        "tainted": false
                    },
                    "deposed": [],
                    "provider": "provider.aws"
                },
                "aws_vpn_gateway.this": {
                    "type": "aws_vpn_gateway",
                    "depends_on": [
                        "aws_vpc.this"
                    ],
                    "primary": {
                        "id": "vgw-a3033dd7",
                        "attributes": {
                            "amazon_side_asn": "9059",
                            "id": "vgw-a3033dd7",
                            "tags.%": "3",
                            "tags.Environment": "staging",
                            "tags.Name": "complete-example",
                            "tags.Owner": "user",
                            "vpc_id": "vpc-cea8c6a8"
                        },
                        "meta": {},
                        "tainted": false
                    },
                    "deposed": [],
                    "provider": "provider.aws"
                },
                "data.aws_vpc_endpoint_service.dynamodb": {
                    "type": "aws_vpc_endpoint_service",
                    "depends_on": [],
                    "primary": {
                        "id": "3674500381",
                        "attributes": {
                            "acceptance_required": "false",
                            "availability_zones.#": "3",
                            "availability_zones.1924028850": "eu-west-1b",
                            "availability_zones.3953592328": "eu-west-1a",
                            "availability_zones.94988580": "eu-west-1c",
                            "base_endpoint_dns_names.#": "1",
                            "base_endpoint_dns_names.641233172": "dynamodb.eu-west-1.amazonaws.com",
                            "id": "3674500381",
                            "owner": "amazon",
                            "private_dns_name": "",
                            "service": "dynamodb",
                            "service_name": "com.amazonaws.eu-west-1.dynamodb",
                            "service_type": "Gateway",
                            "vpc_endpoint_policy_supported": "true"
                        },
                        "meta": {},
                        "tainted": false
                    },
                    "deposed": [],
                    "provider": "provider.aws"
                },
                "data.aws_vpc_endpoint_service.s3": {
                    "type": "aws_vpc_endpoint_service",
                    "depends_on": [],
                    "primary": {
                        "id": "3917145344",
                        "attributes": {
                            "acceptance_required": "false",
                            "availability_zones.#": "3",
                            "availability_zones.1924028850": "eu-west-1b",
                            "availability_zones.3953592328": "eu-west-1a",
                            "availability_zones.94988580": "eu-west-1c",
                            "base_endpoint_dns_names.#": "1",
                            "base_endpoint_dns_names.3522864364": "s3.eu-west-1.amazonaws.com",
                            "id": "3917145344",
                            "owner": "amazon",
                            "private_dns_name": "",
                            "service": "s3",
                            "service_name": "com.amazonaws.eu-west-1.s3",
                            "service_type": "Gateway",
                            "vpc_endpoint_policy_supported": "true"
                        },
                        "meta": {},
                        "tainted": false
                    },
                    "deposed": [],
                    "provider": "provider.aws"
                }
            },
            "depends_on": []
        },
        {
            "path": [
                "root",
                "vpc2"
            ],
            "outputs": {
                "database_subnet_group": {
                    "sensitive": false,
                    "type": "string",
                    "value": ""
                },
                "database_subnets": {
                    "sensitive": false,
                    "type": "list",
                    "value": [
                        "subnet-2d36dd77"
                    ]
                },
                "database_subnets_cidr_blocks": {
                    "sensitive": false,
                    "type": "list",
                    "value": [
                        "10.20.21.0/24"
                    ]
                },
                "default_network_acl_id": {
                    "sensitive": false,
                    "type": "string",
                    "value": "acl-5a33d623"
                },
                "default_route_table_id": {
                    "sensitive": false,
                    "type": "string",
                    "value": "rtb-fd78f584"
                },
                "default_security_group_id": {
                    "sensitive": false,
                    "type": "string",
                    "value": "sg-c545f7b8"
                },
                "default_vpc_cidr_block": {
                    "sensitive": false,
                    "type": "string",
                    "value": ""
                },
                "default_vpc_default_network_acl_id": {
                    "sensitive": false,
                    "type": "string",
                    "value": ""
                },
                "default_vpc_default_route_table_id": {
                    "sensitive": false,
                    "type": "string",
                    "value": ""
                },
                "default_vpc_default_security_group_id": {
                    "sensitive": false,
                    "type": "string",
                    "value": ""
                },
                "default_vpc_enable_dns_hostnames": {
                    "sensitive": false,
                    "type": "string",
                    "value": ""
                },
                "default_vpc_enable_dns_support": {
                    "sensitive": false,
                    "type": "string",
                    "value": ""
                },
                "default_vpc_id": {
                    "sensitive": false,
                    "type": "string",
                    "value": ""
                },
                "default_vpc_instance_tenancy": {
                    "sensitive": false,
                    "type": "string",
                    "value": ""
                },
                "default_vpc_main_route_table_id": {
                    "sensitive": false,
                    "type": "string",
                    "value": ""
                },
                "elasticache_subnet_group": {
                    "sensitive": false,
                    "type": "string",
                    "value": "complete-example2"
                },
                "elasticache_subnet_group_name": {
                    "sensitive": false,
                    "type": "string",
                    "value": "complete-example2"
                },
                "elasticache_subnets": {
                    "sensitive": false,
                    "type": "list",
                    "value": [
                        "subnet-6832d932"
                    ]
                },
                "elasticache_subnets_cidr_blocks": {
                    "sensitive": false,
                    "type": "list",
                    "value": [
                        "10.20.31.0/24"
                    ]
                },
                "igw_id": {
                    "sensitive": false,
                    "type": "string",
                    "value": "igw-e6691581"
                },
                "nat_ids": {
                    "sensitive": false,
                    "type": "list",
                    "value": [
                        "eipalloc-3c95e701"
                    ]
                },
                "nat_public_ips": {
                    "sensitive": false,
                    "type": "list",
                    "value": [
                        "34.247.9.105"
                    ]
                },
                "natgw_ids": {
                    "sensitive": false,
                    "type": "list",
                    "value": [
                        "nat-032611b58b71c099c"
                    ]
                },
                "private_route_table_ids": {
                    "sensitive": false,
                    "type": "list",
                    "value": [
                        "rtb-437cf13a"
                    ]
                },
                "private_subnets": {
                    "sensitive": false,
                    "type": "list",
                    "value": [
                        "subnet-7908e323"
                    ]
                },
                "private_subnets_cidr_blocks": {
                    "sensitive": false,
                    "type": "list",
                    "value": [
                        "10.20.1.0/24"
                    ]
                },
                "public_route_table_ids": {
                    "sensitive": false,
                    "type": "list",
                    "value": [
                        "rtb-2f79f456"
                    ]
                },
                "public_subnets": {
                    "sensitive": false,
                    "type": "list",
                    "value": [
                        "subnet-630ae139"
                    ]
                },
                "public_subnets_cidr_blocks": {
                    "sensitive": false,
                    "type": "list",
                    "value": [
                        "10.20.11.0/24"
                    ]
                },
                "redshift_subnet_group": {
                    "sensitive": false,
                    "type": "string",
                    "value": "complete-example2"
                },
                "redshift_subnets": {
                    "sensitive": false,
                    "type": "list",
                    "value": [
                        "subnet-8430dbde"
                    ]
                },
                "redshift_subnets_cidr_blocks": {
                    "sensitive": false,
                    "type": "list",
                    "value": [
                        "10.20.41.0/24"
                    ]
                },
                "vgw_id": {
                    "sensitive": false,
                    "type": "string",
                    "value": "vgw-a2033dd6"
                },
                "vpc_cidr_block": {
                    "sensitive": false,
                    "type": "string",
                    "value": "10.20.0.0/16"
                },
                "vpc_enable_dns_hostnames": {
                    "sensitive": false,
                    "type": "string",
                    "value": "false"
                },
                "vpc_enable_dns_support": {
                    "sensitive": false,
                    "type": "string",
                    "value": "true"
                },
                "vpc_endpoint_dynamodb_id": {
                    "sensitive": false,
                    "type": "string",
                    "value": "vpce-465e932f"
                },
                "vpc_endpoint_dynamodb_pl_id": {
                    "sensitive": false,
                    "type": "string",
                    "value": "pl-6fa54006"
                },
                "vpc_endpoint_s3_id": {
                    "sensitive": false,
                    "type": "string",
                    "value": "vpce-ea549983"
                },
                "vpc_endpoint_s3_pl_id": {
                    "sensitive": false,
                    "type": "string",
                    "value": "pl-6da54004"
                },
                "vpc_id": {
                    "sensitive": false,
                    "type": "string",
                    "value": "vpc-a2aac4c4"
                },
                "vpc_instance_tenancy": {
                    "sensitive": false,
                    "type": "string",
                    "value": "default"
                },
                "vpc_main_route_table_id": {
                    "sensitive": false,
                    "type": "string",
                    "value": "rtb-fd78f584"
                }
            },
            "resources": {
                "aws_eip.nat": {
                    "type": "aws_eip",
                    "depends_on": [
                        "local.nat_gateway_count"
                    ],
                    "primary": {
                        "id": "eipalloc-3c95e701",
                        "attributes": {
                            "association_id": "",
                            "domain": "vpc",
                            "id": "eipalloc-3c95e701",
                            "instance": "",
                            "network_interface": "",
                            "private_ip": "",
                            "public_ip": "34.247.9.105",
                            "tags.%": "3",
                            "tags.Environment": "staging",
                            "tags.Name": "complete-example2-eu-west-1c",
                            "tags.Owner": "user",
                            "vpc": "true"
                        },
                        "meta": {
                            "e2bfb730-ecaa-11e6-8f88-34363bc7c4c0": {
                                "delete": 180000000000,
                                "read": 900000000000,
                                "update": 300000000000
                            }
                        },
                        "tainted": false
                    },
                    "deposed": [],
                    "provider": "provider.aws"
                },
                "aws_elasticache_subnet_group.elasticache": {
                    "type": "aws_elasticache_subnet_group",
                    "depends_on": [
                        "aws_subnet.elasticache.*"
                    ],
                    "primary": {
                        "id": "complete-example2",
                        "attributes": {
                            "description": "ElastiCache subnet group for complete-example2",
                            "id": "complete-example2",
                            "name": "complete-example2",
                            "subnet_ids.#": "1",
                            "subnet_ids.2383307172": "subnet-6832d932"
                        },
                        "meta": {},
                        "tainted": false
                    },
                    "deposed": [],
                    "provider": "provider.aws"
                },
                "aws_internet_gateway.this2": {
                    "type": "aws_internet_gateway",
                    "depends_on": [
                        "aws_vpc.this2"
                    ],
                    "primary": {
                        "id": "igw-e6691581",
                        "attributes": {
                            "id": "igw-e6691581",
                            "tags.%": "3",
                            "tags.Environment": "staging",
                            "tags.Name": "complete-example2",
                            "tags.Owner": "user",
                            "vpc_id": "vpc-a2aac4c4"
                        },
                        "meta": {},
                        "tainted": false
                    },
                    "deposed": [],
                    "provider": "provider.aws"
                },
                "aws_nat_gateway.this2": {
                    "type": "aws_nat_gateway",
                    "depends_on": [
                        "aws_internet_gateway.this2",
                        "aws_subnet.public.*",
                        "local.nat_gateway_count",
                        "local.nat_gateway_ips"
                    ],
                    "primary": {
                        "id": "nat-032611b58b71c099c",
                        "attributes": {
                            "allocation_id": "eipalloc-3c95e701",
                            "id": "nat-032611b58b71c099c",
                            "network_interface_id": "eni-bd0522b9",
                            "private_ip": "10.20.11.212",
                            "public_ip": "34.247.9.105",
                            "subnet_id": "subnet-630ae139",
                            "tags.%": "3",
                            "tags.Environment": "staging",
                            "tags.Name": "complete-example2-eu-west-1c",
                            "tags.Owner": "user"
                        },
                        "meta": {},
                        "tainted": false
                    },
                    "deposed": [],
                    "provider": "provider.aws"
                },
                "aws_redshift_subnet_group.redshift": {
                    "type": "aws_redshift_subnet_group",
                    "depends_on": [
                        "aws_subnet.redshift.*"
                    ],
                    "primary": {
                        "id": "complete-example2",
                        "attributes": {
                            "description": "Redshift subnet group for complete-example2",
                            "id": "complete-example2",
                            "name": "complete-example2",
                            "subnet_ids.#": "1",
                            "subnet_ids.1190691863": "subnet-8430dbde",
                            "tags.%": "3",
                            "tags.Environment": "staging",
                            "tags.Name": "complete-example2",
                            "tags.Owner": "user"
                        },
                        "meta": {},
                        "tainted": false
                    },
                    "deposed": [],
                    "provider": "provider.aws"
                },
                "aws_route.private_nat_gateway": {
                    "type": "aws_route",
                    "depends_on": [
                        "aws_nat_gateway.this2.*",
                        "aws_route_table.private.*",
                        "local.nat_gateway_count"
                    ],
                    "primary": {
                        "id": "r-rtb-437cf13a1080289494",
                        "attributes": {
                            "destination_cidr_block": "0.0.0.0/0",
                            "destination_prefix_list_id": "",
                            "egress_only_gateway_id": "",
                            "gateway_id": "",
                            "id": "r-rtb-437cf13a1080289494",
                            "instance_id": "",
                            "instance_owner_id": "",
                            "nat_gateway_id": "nat-032611b58b71c099c",
                            "network_interface_id": "",
                            "origin": "CreateRoute",
                            "route_table_id": "rtb-437cf13a",
                            "state": "active",
                            "vpc_peering_connection_id": ""
                        },
                        "meta": {
                            "e2bfb730-ecaa-11e6-8f88-34363bc7c4c0": {
                                "create": 300000000000,
                                "delete": 300000000000
                            }
                        },
                        "tainted": false
                    },
                    "deposed": [],
                    "provider": "provider.aws"
                },
                "aws_route.public_internet_gateway": {
                    "type": "aws_route",
                    "depends_on": [
                        "aws_internet_gateway.this2",
                        "aws_route_table.public"
                    ],
                    "primary": {
                        "id": "r-rtb-2f79f4561080289494",
                        "attributes": {
                            "destination_cidr_block": "0.0.0.0/0",
                            "destination_prefix_list_id": "",
                            "egress_only_gateway_id": "",
                            "gateway_id": "igw-e6691581",
                            "id": "r-rtb-2f79f4561080289494",
                            "instance_id": "",
                            "instance_owner_id": "",
                            "nat_gateway_id": "",
                            "network_interface_id": "",
                            "origin": "CreateRoute",
                            "route_table_id": "rtb-2f79f456",
                            "state": "active",
                            "vpc_peering_connection_id": ""
                        },
                        "meta": {
                            "e2bfb730-ecaa-11e6-8f88-34363bc7c4c0": {
                                "create": 300000000000,
                                "delete": 300000000000
                            }
                        },
                        "tainted": false
                    },
                    "deposed": [],
                    "provider": "provider.aws"
                },
                "aws_route_table.private": {
                    "type": "aws_route_table",
                    "depends_on": [
                        "aws_vpc.this2",
                        "local.max_subnet_length",
                        "local.nat_gateway_count"
                    ],
                    "primary": {
                        "id": "rtb-437cf13a",
                        "attributes": {
                            "id": "rtb-437cf13a",
                            "propagating_vgws.#": "0",
                            "route.#": "0",
                            "tags.%": "3",
                            "tags.Environment": "staging",
                            "tags.Name": "complete-example2-private-eu-west-1c",
                            "tags.Owner": "user",
                            "vpc_id": "vpc-a2aac4c4"
                        },
                        "meta": {},
                        "tainted": false
                    },
                    "deposed": [],
                    "provider": "provider.aws"
                },
                "aws_route_table.public": {
                    "type": "aws_route_table",
                    "depends_on": [
                        "aws_vpc.this2"
                    ],
                    "primary": {
                        "id": "rtb-2f79f456",
                        "attributes": {
                            "id": "rtb-2f79f456",
                            "propagating_vgws.#": "0",
                            "route.#": "0",
                            "tags.%": "3",
                            "tags.Environment": "staging",
                            "tags.Name": "complete-example2-public",
                            "tags.Owner": "user",
                            "vpc_id": "vpc-a2aac4c4"
                        },
                        "meta": {},
                        "tainted": false
                    },
                    "deposed": [],
                    "provider": "provider.aws"
                },
                "aws_route_table_association.database": {
                    "type": "aws_route_table_association",
                    "depends_on": [
                        "aws_route_table.private.*",
                        "aws_subnet.database.*"
                    ],
                    "primary": {
                        "id": "rtbassoc-5e350026",
                        "attributes": {
                            "id": "rtbassoc-5e350026",
                            "route_table_id": "rtb-437cf13a",
                            "subnet_id": "subnet-2d36dd77"
                        },
                        "meta": {},
                        "tainted": false
                    },
                    "deposed": [],
                    "provider": "provider.aws"
                },
                "aws_route_table_association.elasticache": {
                    "type": "aws_route_table_association",
                    "depends_on": [
                        "aws_route_table.private.*",
                        "aws_subnet.elasticache.*"
                    ],
                    "primary": {
                        "id": "rtbassoc-464b7e3e",
                        "attributes": {
                            "id": "rtbassoc-464b7e3e",
                            "route_table_id": "rtb-437cf13a",
                            "subnet_id": "subnet-6832d932"
                        },
                        "meta": {},
                        "tainted": false
                    },
                    "deposed": [],
                    "provider": "provider.aws"
                },
                "aws_route_table_association.private": {
                    "type": "aws_route_table_association",
                    "depends_on": [
                        "aws_route_table.private.*",
                        "aws_subnet.private.*"
                    ],
                    "primary": {
                        "id": "rtbassoc-2c4f7a54",
                        "attributes": {
                            "id": "rtbassoc-2c4f7a54",
                            "route_table_id": "rtb-437cf13a",
                            "subnet_id": "subnet-7908e323"
                        },
                        "meta": {},
                        "tainted": false
                    },
                    "deposed": [],
                    "provider": "provider.aws"
                },
                "aws_route_table_association.public": {
                    "type": "aws_route_table_association",
                    "depends_on": [
                        "aws_route_table.public",
                        "aws_subnet.public.*"
                    ],
                    "primary": {
                        "id": "rtbassoc-2231045a",
                        "attributes": {
                            "id": "rtbassoc-2231045a",
                            "route_table_id": "rtb-2f79f456",
                            "subnet_id": "subnet-630ae139"
                        },
                        "meta": {},
                        "tainted": false
                    },
                    "deposed": [],
                    "provider": "provider.aws"
                },
                "aws_route_table_association.redshift": {
                    "type": "aws_route_table_association",
                    "depends_on": [
                        "aws_route_table.private.*",
                        "aws_subnet.redshift.*"
                    ],
                    "primary": {
                        "id": "rtbassoc-d0497ca8",
                        "attributes": {
                            "id": "rtbassoc-d0497ca8",
                            "route_table_id": "rtb-437cf13a",
                            "subnet_id": "subnet-8430dbde"
                        },
                        "meta": {},
                        "tainted": false
                    },
                    "deposed": [],
                    "provider": "provider.aws"
                },
                "aws_subnet.database": {
                    "type": "aws_subnet",
                    "depends_on": [
                        "aws_vpc.this2"
                    ],
                    "primary": {
                        "id": "subnet-2d36dd77",
                        "attributes": {
                            "assign_ipv6_address_on_creation": "false",
                            "availability_zone": "eu-west-1c",
                            "cidr_block": "10.20.21.0/24",
                            "id": "subnet-2d36dd77",
                            "map_public_ip_on_launch": "false",
                            "tags.%": "3",
                            "tags.Environment": "staging",
                            "tags.Name": "complete-example2-db-eu-west-1c",
                            "tags.Owner": "user",
                            "vpc_id": "vpc-a2aac4c4"
                        },
                        "meta": {
                            "schema_version": "1"
                        },
                        "tainted": false
                    },
                    "deposed": [],
                    "provider": "provider.aws"
                },
                "aws_subnet.elasticache": {
                    "type": "aws_subnet",
                    "depends_on": [
                        "aws_vpc.this2"
                    ],
                    "primary": {
                        "id": "subnet-6832d932",
                        "attributes": {
                            "assign_ipv6_address_on_creation": "false",
                            "availability_zone": "eu-west-1c",
                            "cidr_block": "10.20.31.0/24",
                            "id": "subnet-6832d932",
                            "map_public_ip_on_launch": "false",
                            "tags.%": "3",
                            "tags.Environment": "staging",
                            "tags.Name": "complete-example2-elasticache-eu-west-1c",
                            "tags.Owner": "user",
                            "vpc_id": "vpc-a2aac4c4"
                        },
                        "meta": {
                            "schema_version": "1"
                        },
                        "tainted": false
                    },
                    "deposed": [],
                    "provider": "provider.aws"
                },
                "aws_subnet.private": {
                    "type": "aws_subnet",
                    "depends_on": [
                        "aws_vpc.this2"
                    ],
                    "primary": {
                        "id": "subnet-7908e323",
                        "attributes": {
                            "assign_ipv6_address_on_creation": "false",
                            "availability_zone": "eu-west-1c",
                            "cidr_block": "10.20.1.0/24",
                            "id": "subnet-7908e323",
                            "map_public_ip_on_launch": "false",
                            "tags.%": "3",
                            "tags.Environment": "staging",
                            "tags.Name": "complete-example2-private-eu-west-1c",
                            "tags.Owner": "user",
                            "vpc_id": "vpc-a2aac4c4"
                        },
                        "meta": {
                            "schema_version": "1"
                        },
                        "tainted": false
                    },
                    "deposed": [],
                    "provider": "provider.aws"
                },
                "aws_subnet.public": {
                    "type": "aws_subnet",
                    "depends_on": [
                        "aws_vpc.this2"
                    ],
                    "primary": {
                        "id": "subnet-630ae139",
                        "attributes": {
                            "assign_ipv6_address_on_creation": "false",
                            "availability_zone": "eu-west-1c",
                            "cidr_block": "10.20.11.0/24",
                            "id": "subnet-630ae139",
                            "map_public_ip_on_launch": "true",
                            "tags.%": "3",
                            "tags.Environment": "staging",
                            "tags.Name": "complete-example2-public-eu-west-1c",
                            "tags.Owner": "user",
                            "vpc_id": "vpc-a2aac4c4"
                        },
                        "meta": {
                            "schema_version": "1"
                        },
                        "tainted": false
                    },
                    "deposed": [],
                    "provider": "provider.aws"
                },
                "aws_subnet.redshift": {
                    "type": "aws_subnet",
                    "depends_on": [
                        "aws_vpc.this2"
                    ],
                    "primary": {
                        "id": "subnet-8430dbde",
                        "attributes": {
                            "assign_ipv6_address_on_creation": "false",
                            "availability_zone": "eu-west-1c",
                            "cidr_block": "10.20.41.0/24",
                            "id": "subnet-8430dbde",
                            "map_public_ip_on_launch": "false",
                            "tags.%": "3",
                            "tags.Environment": "staging",
                            "tags.Name": "complete-example2-redshift-eu-west-1c",
                            "tags.Owner": "user",
                            "vpc_id": "vpc-a2aac4c4"
                        },
                        "meta": {
                            "schema_version": "1"
                        },
                        "tainted": false
                    },
                    "deposed": [],
                    "provider": "provider.aws"
                },
                "aws_vpc.this2": {
                    "type": "aws_vpc",
                    "depends_on": [],
                    "primary": {
                        "id": "vpc-a2aac4c4",
                        "attributes": {
                            "assign_generated_ipv6_cidr_block": "false",
                            "cidr_block": "10.20.0.0/16",
                            "default_network_acl_id": "acl-5a33d623",
                            "default_route_table_id": "rtb-fd78f584",
                            "default_security_group_id": "sg-c545f7b8",
                            "dhcp_options_id": "dopt-d05674b7",
                            "enable_classiclink": "false",
                            "enable_classiclink_dns_support": "false",
                            "enable_dns_hostnames": "false",
                            "enable_dns_support": "true",
                            "id": "vpc-a2aac4c4",
                            "instance_tenancy": "default",
                            "main_route_table_id": "rtb-fd78f584",
                            "tags.%": "3",
                            "tags.Environment": "staging",
                            "tags.Name": "complete-example2",
                            "tags.Owner": "user"
                        },
                        "meta": {
                            "schema_version": "1"
                        },
                        "tainted": false
                    },
                    "deposed": [],
                    "provider": "provider.aws"
                },
                "aws_vpc_dhcp_options.this2": {
                    "type": "aws_vpc_dhcp_options",
                    "depends_on": [],
                    "primary": {
                        "id": "dopt-1921fc7f",
                        "attributes": {
                            "domain_name": "service.consul",
                            "domain_name_servers.#": "2",
                            "domain_name_servers.0": "127.0.0.1",
                            "domain_name_servers.1": "10.20.0.2",
                            "id": "dopt-1921fc7f",
                            "tags.%": "3",
                            "tags.Environment": "staging",
                            "tags.Name": "complete-example2",
                            "tags.Owner": "user"
                        },
                        "meta": {},
                        "tainted": false
                    },
                    "deposed": [],
                    "provider": "provider.aws"
                },
                "aws_vpc_dhcp_options_association.this2": {
                    "type": "aws_vpc_dhcp_options_association",
                    "depends_on": [
                        "aws_vpc.this2",
                        "aws_vpc_dhcp_options.this2"
                    ],
                    "primary": {
                        "id": "dopt-1921fc7f-vpc-a2aac4c4",
                        "attributes": {
                            "dhcp_options_id": "dopt-1921fc7f",
                            "id": "dopt-1921fc7f-vpc-a2aac4c4",
                            "vpc_id": "vpc-a2aac4c4"
                        },
                        "meta": {},
                        "tainted": false
                    },
                    "deposed": [],
                    "provider": "provider.aws"
                },
                "aws_vpc_endpoint.dynamodb": {
                    "type": "aws_vpc_endpoint",
                    "depends_on": [
                        "aws_vpc.this2",
                        "data.aws_vpc_endpoint_service.dynamodb"
                    ],
                    "primary": {
                        "id": "vpce-465e932f",
                        "attributes": {
                            "cidr_blocks.#": "3",
                            "cidr_blocks.0": "52.94.5.0/24",
                            "cidr_blocks.1": "52.119.240.0/21",
                            "cidr_blocks.2": "52.94.24.0/23",
                            "dns_entry.#": "0",
                            "id": "vpce-465e932f",
                            "network_interface_ids.#": "0",
                            "policy": "{\"Statement\":[{\"Action\":\"*\",\"Effect\":\"Allow\",\"Principal\":\"*\",\"Resource\":\"*\"}],\"Version\":\"2008-10-17\"}",
                            "prefix_list_id": "pl-6fa54006",
                            "private_dns_enabled": "false",
                            "route_table_ids.#": "0",
                            "security_group_ids.#": "0",
                            "service_name": "com.amazonaws.eu-west-1.dynamodb",
                            "state": "available",
                            "subnet_ids.#": "0",
                            "vpc_endpoint_type": "Gateway",
                            "vpc_id": "vpc-a2aac4c4"
                        },
                        "meta": {},
                        "tainted": false
                    },
                    "deposed": [],
                    "provider": "provider.aws"
                },
                "aws_vpc_endpoint.s3": {
                    "type": "aws_vpc_endpoint",
                    "depends_on": [
                        "aws_vpc.this2",
                        "data.aws_vpc_endpoint_service.s3"
                    ],
                    "primary": {
                        "id": "vpce-ea549983",
                        "attributes": {
                            "cidr_blocks.#": "2",
                            "cidr_blocks.0": "52.218.0.0/17",
                            "cidr_blocks.1": "54.231.128.0/19",
                            "dns_entry.#": "0",
                            "id": "vpce-ea549983",
                            "network_interface_ids.#": "0",
                            "policy": "{\"Statement\":[{\"Action\":\"*\",\"Effect\":\"Allow\",\"Principal\":\"*\",\"Resource\":\"*\"}],\"Version\":\"2008-10-17\"}",
                            "prefix_list_id": "pl-6da54004",
                            "private_dns_enabled": "false",
                            "route_table_ids.#": "0",
                            "security_group_ids.#": "0",
                            "service_name": "com.amazonaws.eu-west-1.s3",
                            "state": "available",
                            "subnet_ids.#": "0",
                            "vpc_endpoint_type": "Gateway",
                            "vpc_id": "vpc-a2aac4c4"
                        },
                        "meta": {},
                        "tainted": false
                    },
                    "deposed": [],
                    "provider": "provider.aws"
                },
                "aws_vpc_endpoint_route_table_association.private_dynamodb": {
                    "type": "aws_vpc_endpoint_route_table_association",
                    "depends_on": [
                        "aws_route_table.private.*",
                        "aws_vpc_endpoint.dynamodb",
                        "local.nat_gateway_count"
                    ],
                    "primary": {
                        "id": "a-vpce-465e932f4045963914",
                        "attributes": {
                            "id": "a-vpce-465e932f4045963914",
                            "route_table_id": "rtb-437cf13a",
                            "vpc_endpoint_id": "vpce-465e932f"
                        },
                        "meta": {},
                        "tainted": false
                    },
                    "deposed": [],
                    "provider": "provider.aws"
                },
                "aws_vpc_endpoint_route_table_association.private_s3": {
                    "type": "aws_vpc_endpoint_route_table_association",
                    "depends_on": [
                        "aws_route_table.private.*",
                        "aws_vpc_endpoint.s3",
                        "local.nat_gateway_count"
                    ],
                    "primary": {
                        "id": "a-vpce-ea5499834045963914",
                        "attributes": {
                            "id": "a-vpce-ea5499834045963914",
                            "route_table_id": "rtb-437cf13a",
                            "vpc_endpoint_id": "vpce-ea549983"
                        },
                        "meta": {},
                        "tainted": false
                    },
                    "deposed": [],
                    "provider": "provider.aws"
                },
                "aws_vpc_endpoint_route_table_association.public_dynamodb": {
                    "type": "aws_vpc_endpoint_route_table_association",
                    "depends_on": [
                        "aws_route_table.public",
                        "aws_vpc_endpoint.dynamodb"
                    ],
                    "primary": {
                        "id": "a-vpce-465e932f2442607437",
                        "attributes": {
                            "id": "a-vpce-465e932f2442607437",
                            "route_table_id": "rtb-2f79f456",
                            "vpc_endpoint_id": "vpce-465e932f"
                        },
                        "meta": {},
                        "tainted": false
                    },
                    "deposed": [],
                    "provider": "provider.aws"
                },
                "aws_vpc_endpoint_route_table_association.public_s3": {
                    "type": "aws_vpc_endpoint_route_table_association",
                    "depends_on": [
                        "aws_route_table.public",
                        "aws_vpc_endpoint.s3"
                    ],
                    "primary": {
                        "id": "a-vpce-ea5499832442607437",
                        "attributes": {
                            "id": "a-vpce-ea5499832442607437",
                            "route_table_id": "rtb-2f79f456",
                            "vpc_endpoint_id": "vpce-ea549983"
                        },
                        "meta": {},
                        "tainted": false
                    },
                    "deposed": [],
                    "provider": "provider.aws"
                },
                "aws_vpn_gateway.this2": {
                    "type": "aws_vpn_gateway",
                    "depends_on": [
                        "aws_vpc.this2"
                    ],
                    "primary": {
                        "id": "vgw-a2033dd6",
                        "attributes": {
                            "amazon_side_asn": "9059",
                            "id": "vgw-a2033dd6",
                            "tags.%": "3",
                            "tags.Environment": "staging",
                            "tags.Name": "complete-example2",
                            "tags.Owner": "user",
                            "vpc_id": "vpc-a2aac4c4"
                        },
                        "meta": {},
                        "tainted": false
                    },
                    "deposed": [],
                    "provider": "provider.aws"
                },
                "data.aws_vpc_endpoint_service.dynamodb": {
                    "type": "aws_vpc_endpoint_service",
                    "depends_on": [],
                    "primary": {
                        "id": "3674500381",
                        "attributes": {
                            "acceptance_required": "false",
                            "availability_zones.#": "3",
                            "availability_zones.1924028850": "eu-west-1b",
                            "availability_zones.3953592328": "eu-west-1a",
                            "availability_zones.94988580": "eu-west-1c",
                            "base_endpoint_dns_names.#": "1",
                            "base_endpoint_dns_names.641233172": "dynamodb.eu-west-1.amazonaws.com",
                            "id": "3674500381",
                            "owner": "amazon",
                            "private_dns_name": "",
                            "service": "dynamodb",
                            "service_name": "com.amazonaws.eu-west-1.dynamodb",
                            "service_type": "Gateway",
                            "vpc_endpoint_policy_supported": "true"
                        },
                        "meta": {},
                        "tainted": false
                    },
                    "deposed": [],
                    "provider": "provider.aws"
                },
                "data.aws_vpc_endpoint_service.s3": {
                    "type": "aws_vpc_endpoint_service",
                    "depends_on": [],
                    "primary": {
                        "id": "3917145344",
                        "attributes": {
                            "acceptance_required": "false",
                            "availability_zones.#": "3",
                            "availability_zones.1924028850": "eu-west-1b",
                            "availability_zones.3953592328": "eu-west-1a",
                            "availability_zones.94988580": "eu-west-1c",
                            "base_endpoint_dns_names.#": "1",
                            "base_endpoint_dns_names.3522864364": "s3.eu-west-1.amazonaws.com",
                            "id": "3917145344",
                            "owner": "amazon",
                            "private_dns_name": "",
                            "service": "s3",
                            "service_name": "com.amazonaws.eu-west-1.s3",
                            "service_type": "Gateway",
                            "vpc_endpoint_policy_supported": "true"
                        },
                        "meta": {},
                        "tainted": false
                    },
                    "deposed": [],
                    "provider": "provider.aws"
                }
            },
            "depends_on": []
        }
    ]
}
